
Microsoft Visual Studio Solution File, Format Version 12.00
# Visual Studio 14
VisualStudioVersion = 14.0.25420.1
MinimumVisualStudioVersion = 10.0.40219.1
Project("{FAE04EC0-301F-11D3-BF4B-00C04F79EFBC}") = "CustomRendererEntry.Droid", "CustomRendererEntry\CustomRendererEntry.Droid\CustomRendererEntry.Droid.csproj", "{FB997704-50F9-498B-90BD-1AD4C5EF0736}"
EndProject
Project("{FAE04EC0-301F-11D3-BF4B-00C04F79EFBC}") = "CustomRendererEntry.iOS", "CustomRendererEntry\CustomRendererEntry.iOS\CustomRendererEntry.iOS.csproj", "{43512DCA-28C1-4080-9B14-A9E0EA86395E}"
EndProject
Project("{FAE04EC0-301F-11D3-BF4B-00C04F79EFBC}") = "CustomRendererEntry.WinPhone", "CustomRendererEntry\CustomRendererEntry.WinPhone\CustomRendererEntry.WinPhone.csproj", "{2567F304-EAC8-4961-83A3-4FCC07BCBE32}"
EndProject
Project("{FAE04EC0-301F-11D3-BF4B-00C04F79EFBC}") = "CustomRendererEntry.Windows", "CustomRendererEntry\CustomRendererEntry.Windows\CustomRendererEntry.Windows.csproj", "{44DC2C9D-815E-44C0-9863-4A1CAD30591F}"
EndProject
Project("{FAE04EC0-301F-11D3-BF4B-00C04F79EFBC}") = "CustomRendererEntry", "CustomRendererEntry\CustomRendererEntry\CustomRendererEntry.csproj", "{4E7100B8-5347-4ECF-A3E1-681C682AE6C4}"
EndProject
Global
	GlobalSection(SolutionConfigurationPlatforms) = preSolution
		Ad-Hoc|Any CPU = Ad-Hoc|Any CPU
		Ad-Hoc|ARM = Ad-Hoc|ARM
		Ad-Hoc|iPhone = Ad-Hoc|iPhone
		Ad-Hoc|iPhoneSimulator = Ad-Hoc|iPhoneSimulator
		Ad-Hoc|x64 = Ad-Hoc|x64
		Ad-Hoc|x86 = Ad-Hoc|x86
		AppStore|Any CPU = AppStore|Any CPU
		AppStore|ARM = AppStore|ARM
		AppStore|iPhone = AppStore|iPhone
		AppStore|iPhoneSimulator = AppStore|iPhoneSimulator
		AppStore|x64 = AppStore|x64
		AppStore|x86 = AppStore|x86
		Debug|Any CPU = Debug|Any CPU
		Debug|ARM = Debug|ARM
		Debug|iPhone = Debug|iPhone
		Debug|iPhoneSimulator = Debug|iPhoneSimulator
		Debug|x64 = Debug|x64
		Debug|x86 = Debug|x86
		Release|Any CPU = Release|Any CPU
		Release|ARM = Release|ARM
		Release|iPhone = Release|iPhone
		Release|iPhoneSimulator = Release|iPhoneSimulator
		Release|x64 = Release|x64
		Release|x86 = Release|x86
	EndGlobalSection
	GlobalSection(ProjectConfigurationPlatforms) = postSolution
		{FB997704-50F9-498B-90BD-1AD4C5EF0736}.Ad-Hoc|Any CPU.ActiveCfg = Release|Any CPU
		{FB997704-50F9-498B-90BD-1AD4C5EF0736}.Ad-Hoc|Any CPU.Build.0 = Release|Any CPU
		{FB997704-50F9-498B-90BD-1AD4C5EF0736}.Ad-Hoc|Any CPU.Deploy.0 = Release|Any CPU
		{FB997704-50F9-498B-90BD-1AD4C5EF0736}.Ad-Hoc|ARM.ActiveCfg = Release|Any CPU
		{FB997704-50F9-498B-90BD-1AD4C5EF0736}.Ad-Hoc|ARM.Build.0 = Release|Any CPU
		{FB997704-50F9-498B-90BD-1AD4C5EF0736}.Ad-Hoc|ARM.Deploy.0 = Release|Any CPU
		{FB997704-50F9-498B-90BD-1AD4C5EF0736}.Ad-Hoc|iPhone.ActiveCfg = Release|Any CPU
		{FB997704-50F9-498B-90BD-1AD4C5EF0736}.Ad-Hoc|iPhone.Build.0 = Release|Any CPU
		{FB997704-50F9-498B-90BD-1AD4C5EF0736}.Ad-Hoc|iPhone.Deploy.0 = Release|Any CPU
		{FB997704-50F9-498B-90BD-1AD4C5EF0736}.Ad-Hoc|iPhoneSimulator.ActiveCfg = Release|Any CPU
		{FB997704-50F9-498B-90BD-1AD4C5EF0736}.Ad-Hoc|iPhoneSimulator.Build.0 = Release|Any CPU
		{FB997704-50F9-498B-90BD-1AD4C5EF0736}.Ad-Hoc|iPhoneSimulator.Deploy.0 = Release|Any CPU
		{FB997704-50F9-498B-90BD-1AD4C5EF0736}.Ad-Hoc|x64.ActiveCfg = Release|Any CPU
		{FB997704-50F9-498B-90BD-1AD4C5EF0736}.Ad-Hoc|x64.Build.0 = Release|Any CPU
		{FB997704-50F9-498B-90BD-1AD4C5EF0736}.Ad-Hoc|x64.Deploy.0 = Release|Any CPU
		{FB997704-50F9-498B-90BD-1AD4C5EF0736}.Ad-Hoc|x86.ActiveCfg = Release|Any CPU
		{FB997704-50F9-498B-90BD-1AD4C5EF0736}.Ad-Hoc|x86.Build.0 = Release|Any CPU
		{FB997704-50F9-498B-90BD-1AD4C5EF0736}.Ad-Hoc|x86.Deploy.0 = Release|Any CPU
		{FB997704-50F9-498B-90BD-1AD4C5EF0736}.AppStore|Any CPU.ActiveCfg = Release|Any CPU
		{FB997704-50F9-498B-90BD-1AD4C5EF0736}.AppStore|Any CPU.Build.0 = Release|Any CPU
		{FB997704-50F9-498B-90BD-1AD4C5EF0736}.AppStore|Any CPU.Deploy.0 = Release|Any CPU
		{FB997704-50F9-498B-90BD-1AD4C5EF0736}.AppStore|ARM.ActiveCfg = Release|Any CPU
		{FB997704-50F9-498B-90BD-1AD4C5EF0736}.AppStore|ARM.Build.0 = Release|Any CPU
		{FB997704-50F9-498B-90BD-1AD4C5EF0736}.AppStore|ARM.Deploy.0 = Release|Any CPU
		{FB997704-50F9-498B-90BD-1AD4C5EF0736}.AppStore|iPhone.ActiveCfg = Release|Any CPU
		{FB997704-50F9-498B-90BD-1AD4C5EF0736}.AppStore|iPhone.Build.0 = Release|Any CPU
		{FB997704-50F9-498B-90BD-1AD4C5EF0736}.AppStore|iPhone.Deploy.0 = Release|Any CPU
		{FB997704-50F9-498B-90BD-1AD4C5EF0736}.AppStore|iPhoneSimulator.ActiveCfg = Release|Any CPU
		{FB997704-50F9-498B-90BD-1AD4C5EF0736}.AppStore|iPhoneSimulator.Build.0 = Release|Any CPU
		{FB997704-50F9-498B-90BD-1AD4C5EF0736}.AppStore|iPhoneSimulator.Deploy.0 = Release|Any CPU
		{FB997704-50F9-498B-90BD-1AD4C5EF0736}.AppStore|x64.ActiveCfg = Release|Any CPU
		{FB997704-50F9-498B-90BD-1AD4C5EF0736}.AppStore|x64.Build.0 = Release|Any CPU
		{FB997704-50F9-498B-90BD-1AD4C5EF0736}.AppStore|x64.Deploy.0 = Release|Any CPU
		{FB997704-50F9-498B-90BD-1AD4C5EF0736}.AppStore|x86.ActiveCfg = Release|Any CPU
		{FB997704-50F9-498B-90BD-1AD4C5EF0736}.AppStore|x86.Build.0 = Release|Any CPU
		{FB997704-50F9-498B-90BD-1AD4C5EF0736}.AppStore|x86.Deploy.0 = Release|Any CPU
		{FB997704-50F9-498B-90BD-1AD4C5EF0736}.Debug|Any CPU.ActiveCfg = Debug|Any CPU
		{FB997704-50F9-498B-90BD-1AD4C5EF0736}.Debug|Any CPU.Build.0 = Debug|Any CPU
		{FB997704-50F9-498B-90BD-1AD4C5EF0736}.Debug|Any CPU.Deploy.0 = Debug|Any CPU
		{FB997704-50F9-498B-90BD-1AD4C5EF0736}.Debug|ARM.ActiveCfg = Debug|Any CPU
		{FB997704-50F9-498B-90BD-1AD4C5EF0736}.Debug|ARM.Build.0 = Debug|Any CPU
		{FB997704-50F9-498B-90BD-1AD4C5EF0736}.Debug|ARM.Deploy.0 = Debug|Any CPU
		{FB997704-50F9-498B-90BD-1AD4C5EF0736}.Debug|iPhone.ActiveCfg = Debug|Any CPU
		{FB997704-50F9-498B-90BD-1AD4C5EF0736}.Debug|iPhone.Build.0 = Debug|Any CPU
		{FB997704-50F9-498B-90BD-1AD4C5EF0736}.Debug|iPhone.Deploy.0 = Debug|Any CPU
		{FB997704-50F9-498B-90BD-1AD4C5EF0736}.Debug|iPhoneSimulator.ActiveCfg = Debug|Any CPU
		{FB997704-50F9-498B-90BD-1AD4C5EF0736}.Debug|iPhoneSimulator.Build.0 = Debug|Any CPU
		{FB997704-50F9-498B-90BD-1AD4C5EF0736}.Debug|iPhoneSimulator.Deploy.0 = Debug|Any CPU
		{FB997704-50F9-498B-90BD-1AD4C5EF0736}.Debug|x64.ActiveCfg = Debug|Any CPU
		{FB997704-50F9-498B-90BD-1AD4C5EF0736}.Debug|x64.Build.0 = Debug|Any CPU
		{FB997704-50F9-498B-90BD-1AD4C5EF0736}.Debug|x64.Deploy.0 = Debug|Any CPU
		{FB997704-50F9-498B-90BD-1AD4C5EF0736}.Debug|x86.ActiveCfg = Debug|Any CPU
		{FB997704-50F9-498B-90BD-1AD4C5EF0736}.Debug|x86.Build.0 = Debug|Any CPU
		{FB997704-50F9-498B-90BD-1AD4C5EF0736}.Debug|x86.Deploy.0 = Debug|Any CPU
		{FB997704-50F9-498B-90BD-1AD4C5EF0736}.Release|Any CPU.ActiveCfg = Release|Any CPU
		{FB997704-50F9-498B-90BD-1AD4C5EF0736}.Release|Any CPU.Build.0 = Release|Any CPU
		{FB997704-50F9-498B-90BD-1AD4C5EF0736}.Release|Any CPU.Deploy.0 = Release|Any CPU
		{FB997704-50F9-498B-90BD-1AD4C5EF0736}.Release|ARM.ActiveCfg = Release|Any CPU
		{FB997704-50F9-498B-90BD-1AD4C5EF0736}.Release|ARM.Build.0 = Release|Any CPU
		{FB997704-50F9-498B-90BD-1AD4C5EF0736}.Release|ARM.Deploy.0 = Release|Any CPU
		{FB997704-50F9-498B-90BD-1AD4C5EF0736}.Release|iPhone.ActiveCfg = Release|Any CPU
		{FB997704-50F9-498B-90BD-1AD4C5EF0736}.Release|iPhone.Build.0 = Release|Any CPU
		{FB997704-50F9-498B-90BD-1AD4C5EF0736}.Release|iPhone.Deploy.0 = Release|Any CPU
		{FB997704-50F9-498B-90BD-1AD4C5EF0736}.Release|iPhoneSimulator.ActiveCfg = Release|Any CPU
		{FB997704-50F9-498B-90BD-1AD4C5EF0736}.Release|iPhoneSimulator.Build.0 = Release|Any CPU
		{FB997704-50F9-498B-90BD-1AD4C5EF0736}.Release|iPhoneSimulator.Deploy.0 = Release|Any CPU
		{FB997704-50F9-498B-90BD-1AD4C5EF0736}.Release|x64.ActiveCfg = Release|Any CPU
		{FB997704-50F9-498B-90BD-1AD4C5EF0736}.Release|x64.Build.0 = Release|Any CPU
		{FB997704-50F9-498B-90BD-1AD4C5EF0736}.Release|x64.Deploy.0 = Release|Any CPU
		{FB997704-50F9-498B-90BD-1AD4C5EF0736}.Release|x86.ActiveCfg = Release|Any CPU
		{FB997704-50F9-498B-90BD-1AD4C5EF0736}.Release|x86.Build.0 = Release|Any CPU
		{FB997704-50F9-498B-90BD-1AD4C5EF0736}.Release|x86.Deploy.0 = Release|Any CPU
		{43512DCA-28C1-4080-9B14-A9E0EA86395E}.Ad-Hoc|Any CPU.ActiveCfg = Ad-Hoc|iPhone
		{43512DCA-28C1-4080-9B14-A9E0EA86395E}.Ad-Hoc|ARM.ActiveCfg = Ad-Hoc|iPhone
		{43512DCA-28C1-4080-9B14-A9E0EA86395E}.Ad-Hoc|iPhone.ActiveCfg = Ad-Hoc|iPhone
		{43512DCA-28C1-4080-9B14-A9E0EA86395E}.Ad-Hoc|iPhone.Build.0 = Ad-Hoc|iPhone
		{43512DCA-28C1-4080-9B14-A9E0EA86395E}.Ad-Hoc|iPhoneSimulator.ActiveCfg = Ad-Hoc|iPhoneSimulator
		{43512DCA-28C1-4080-9B14-A9E0EA86395E}.Ad-Hoc|iPhoneSimulator.Build.0 = Ad-Hoc|iPhoneSimulator
		{43512DCA-28C1-4080-9B14-A9E0EA86395E}.Ad-Hoc|x64.ActiveCfg = Ad-Hoc|iPhone
		{43512DCA-28C1-4080-9B14-A9E0EA86395E}.Ad-Hoc|x86.ActiveCfg = Ad-Hoc|iPhone
		{43512DCA-28C1-4080-9B14-A9E0EA86395E}.AppStore|Any CPU.ActiveCfg = AppStore|iPhone
		{43512DCA-28C1-4080-9B14-A9E0EA86395E}.AppStore|ARM.ActiveCfg = AppStore|iPhone
		{43512DCA-28C1-4080-9B14-A9E0EA86395E}.AppStore|iPhone.ActiveCfg = AppStore|iPhone
		{43512DCA-28C1-4080-9B14-A9E0EA86395E}.AppStore|iPhone.Build.0 = AppStore|iPhone
		{43512DCA-28C1-4080-9B14-A9E0EA86395E}.AppStore|iPhoneSimulator.ActiveCfg = AppStore|iPhoneSimulator
		{43512DCA-28C1-4080-9B14-A9E0EA86395E}.AppStore|iPhoneSimulator.Build.0 = AppStore|iPhoneSimulator
		{43512DCA-28C1-4080-9B14-A9E0EA86395E}.AppStore|x64.ActiveCfg = AppStore|iPhone
		{43512DCA-28C1-4080-9B14-A9E0EA86395E}.AppStore|x86.ActiveCfg = AppStore|iPhone
		{43512DCA-28C1-4080-9B14-A9E0EA86395E}.Debug|Any CPU.ActiveCfg = Debug|iPhone
		{43512DCA-28C1-4080-9B14-A9E0EA86395E}.Debug|ARM.ActiveCfg = Debug|iPhone
		{43512DCA-28C1-4080-9B14-A9E0EA86395E}.Debug|iPhone.ActiveCfg = Debug|iPhone
		{43512DCA-28C1-4080-9B14-A9E0EA86395E}.Debug|iPhone.Build.0 = Debug|iPhone
		{43512DCA-28C1-4080-9B14-A9E0EA86395E}.Debug|iPhoneSimulator.ActiveCfg = Debug|iPhoneSimulator
		{43512DCA-28C1-4080-9B14-A9E0EA86395E}.Debug|iPhoneSimulator.Build.0 = Debug|iPhoneSimulator
		{43512DCA-28C1-4080-9B14-A9E0EA86395E}.Debug|x64.ActiveCfg = Debug|iPhone
		{43512DCA-28C1-4080-9B14-A9E0EA86395E}.Debug|x86.ActiveCfg = Debug|iPhone
		{43512DCA-28C1-4080-9B14-A9E0EA86395E}.Release|Any CPU.ActiveCfg = Release|iPhone
		{43512DCA-28C1-4080-9B14-A9E0EA86395E}.Release|ARM.ActiveCfg = Release|iPhone
		{43512DCA-28C1-4080-9B14-A9E0EA86395E}.Release|iPhone.ActiveCfg = Release|iPhone
		{43512DCA-28C1-4080-9B14-A9E0EA86395E}.Release|iPhone.Build.0 = Release|iPhone
		{43512DCA-28C1-4080-9B14-A9E0EA86395E}.Release|iPhoneSimulator.ActiveCfg = Release|iPhoneSimulator
		{43512DCA-28C1-4080-9B14-A9E0EA86395E}.Release|iPhoneSimulator.Build.0 = Release|iPhoneSimulator
		{43512DCA-28C1-4080-9B14-A9E0EA86395E}.Release|x64.ActiveCfg = Release|iPhone
		{43512DCA-28C1-4080-9B14-A9E0EA86395E}.Release|x86.ActiveCfg = Release|iPhone
		{2567F304-EAC8-4961-83A3-4FCC07BCBE32}.Ad-Hoc|Any CPU.ActiveCfg = Release|Any CPU
		{2567F304-EAC8-4961-83A3-4FCC07BCBE32}.Ad-Hoc|Any CPU.Build.0 = Release|Any CPU
		{2567F304-EAC8-4961-83A3-4FCC07BCBE32}.Ad-Hoc|Any CPU.Deploy.0 = Release|Any CPU
		{2567F304-EAC8-4961-83A3-4FCC07BCBE32}.Ad-Hoc|ARM.ActiveCfg = Release|ARM
		{2567F304-EAC8-4961-83A3-4FCC07BCBE32}.Ad-Hoc|ARM.Build.0 = Release|ARM
		{2567F304-EAC8-4961-83A3-4FCC07BCBE32}.Ad-Hoc|ARM.Deploy.0 = Release|ARM
		{2567F304-EAC8-4961-83A3-4FCC07BCBE32}.Ad-Hoc|iPhone.ActiveCfg = Release|Any CPU
		{2567F304-EAC8-4961-83A3-4FCC07BCBE32}.Ad-Hoc|iPhone.Build.0 = Release|Any CPU
		{2567F304-EAC8-4961-83A3-4FCC07BCBE32}.Ad-Hoc|iPhone.Deploy.0 = Release|Any CPU
		{2567F304-EAC8-4961-83A3-4FCC07BCBE32}.Ad-Hoc|iPhoneSimulator.ActiveCfg = Release|Any CPU
		{2567F304-EAC8-4961-83A3-4FCC07BCBE32}.Ad-Hoc|iPhoneSimulator.Build.0 = Release|Any CPU
		{2567F304-EAC8-4961-83A3-4FCC07BCBE32}.Ad-Hoc|iPhoneSimulator.Deploy.0 = Release|Any CPU
		{2567F304-EAC8-4961-83A3-4FCC07BCBE32}.Ad-Hoc|x64.ActiveCfg = Release|Any CPU
		{2567F304-EAC8-4961-83A3-4FCC07BCBE32}.Ad-Hoc|x64.Build.0 = Release|Any CPU
		{2567F304-EAC8-4961-83A3-4FCC07BCBE32}.Ad-Hoc|x64.Deploy.0 = Release|Any CPU
		{2567F304-EAC8-4961-83A3-4FCC07BCBE32}.Ad-Hoc|x86.ActiveCfg = Release|x86
		{2567F304-EAC8-4961-83A3-4FCC07BCBE32}.Ad-Hoc|x86.Build.0 = Release|x86
		{2567F304-EAC8-4961-83A3-4FCC07BCBE32}.Ad-Hoc|x86.Deploy.0 = Release|x86
		{2567F304-EAC8-4961-83A3-4FCC07BCBE32}.AppStore|Any CPU.ActiveCfg = Release|Any CPU
		{2567F304-EAC8-4961-83A3-4FCC07BCBE32}.AppStore|Any CPU.Build.0 = Release|Any CPU
		{2567F304-EAC8-4961-83A3-4FCC07BCBE32}.AppStore|Any CPU.Deploy.0 = Release|Any CPU
		{2567F304-EAC8-4961-83A3-4FCC07BCBE32}.AppStore|ARM.ActiveCfg = Release|ARM
		{2567F304-EAC8-4961-83A3-4FCC07BCBE32}.AppStore|ARM.Build.0 = Release|ARM
		{2567F304-EAC8-4961-83A3-4FCC07BCBE32}.AppStore|ARM.Deploy.0 = Release|ARM
		{2567F304-EAC8-4961-83A3-4FCC07BCBE32}.AppStore|iPhone.ActiveCfg = Release|Any CPU
		{2567F304-EAC8-4961-83A3-4FCC07BCBE32}.AppStore|iPhone.Build.0 = Release|Any CPU
		{2567F304-EAC8-4961-83A3-4FCC07BCBE32}.AppStore|iPhone.Deploy.0 = Release|Any CPU
		{2567F304-EAC8-4961-83A3-4FCC07BCBE32}.AppStore|iPhoneSimulator.ActiveCfg = Release|Any CPU
		{2567F304-EAC8-4961-83A3-4FCC07BCBE32}.AppStore|iPhoneSimulator.Build.0 = Release|Any CPU
		{2567F304-EAC8-4961-83A3-4FCC07BCBE32}.AppStore|iPhoneSimulator.Deploy.0 = Release|Any CPU
		{2567F304-EAC8-4961-83A3-4FCC07BCBE32}.AppStore|x64.ActiveCfg = Release|Any CPU
		{2567F304-EAC8-4961-83A3-4FCC07BCBE32}.AppStore|x64.Build.0 = Release|Any CPU
		{2567F304-EAC8-4961-83A3-4FCC07BCBE32}.AppStore|x64.Deploy.0 = Release|Any CPU
		{2567F304-EAC8-4961-83A3-4FCC07BCBE32}.AppStore|x86.ActiveCfg = Release|x86
		{2567F304-EAC8-4961-83A3-4FCC07BCBE32}.AppStore|x86.Build.0 = Release|x86
		{2567F304-EAC8-4961-83A3-4FCC07BCBE32}.AppStore|x86.Deploy.0 = Release|x86
		{2567F304-EAC8-4961-83A3-4FCC07BCBE32}.Debug|Any CPU.ActiveCfg = Debug|Any CPU
		{2567F304-EAC8-4961-83A3-4FCC07BCBE32}.Debug|Any CPU.Build.0 = Debug|Any CPU
		{2567F304-EAC8-4961-83A3-4FCC07BCBE32}.Debug|Any CPU.Deploy.0 = Debug|Any CPU
		{2567F304-EAC8-4961-83A3-4FCC07BCBE32}.Debug|ARM.ActiveCfg = Debug|ARM
		{2567F304-EAC8-4961-83A3-4FCC07BCBE32}.Debug|ARM.Build.0 = Debug|ARM
		{2567F304-EAC8-4961-83A3-4FCC07BCBE32}.Debug|ARM.Deploy.0 = Debug|ARM
		{2567F304-EAC8-4961-83A3-4FCC07BCBE32}.Debug|iPhone.ActiveCfg = Debug|Any CPU
		{2567F304-EAC8-4961-83A3-4FCC07BCBE32}.Debug|iPhone.Build.0 = Debug|Any CPU
		{2567F304-EAC8-4961-83A3-4FCC07BCBE32}.Debug|iPhone.Deploy.0 = Debug|Any CPU
		{2567F304-EAC8-4961-83A3-4FCC07BCBE32}.Debug|iPhoneSimulator.ActiveCfg = Debug|Any CPU
		{2567F304-EAC8-4961-83A3-4FCC07BCBE32}.Debug|iPhoneSimulator.Build.0 = Debug|Any CPU
		{2567F304-EAC8-4961-83A3-4FCC07BCBE32}.Debug|iPhoneSimulator.Deploy.0 = Debug|Any CPU
		{2567F304-EAC8-4961-83A3-4FCC07BCBE32}.Debug|x64.ActiveCfg = Debug|Any CPU
		{2567F304-EAC8-4961-83A3-4FCC07BCBE32}.Debug|x64.Build.0 = Debug|Any CPU
		{2567F304-EAC8-4961-83A3-4FCC07BCBE32}.Debug|x64.Deploy.0 = Debug|Any CPU
		{2567F304-EAC8-4961-83A3-4FCC07BCBE32}.Debug|x86.ActiveCfg = Debug|x86
		{2567F304-EAC8-4961-83A3-4FCC07BCBE32}.Debug|x86.Build.0 = Debug|x86
		{2567F304-EAC8-4961-83A3-4FCC07BCBE32}.Debug|x86.Deploy.0 = Debug|x86
		{2567F304-EAC8-4961-83A3-4FCC07BCBE32}.Release|Any CPU.ActiveCfg = Release|Any CPU
		{2567F304-EAC8-4961-83A3-4FCC07BCBE32}.Release|Any CPU.Build.0 = Release|Any CPU
		{2567F304-EAC8-4961-83A3-4FCC07BCBE32}.Release|Any CPU.Deploy.0 = Release|Any CPU
		{2567F304-EAC8-4961-83A3-4FCC07BCBE32}.Release|ARM.ActiveCfg = Release|ARM
		{2567F304-EAC8-4961-83A3-4FCC07BCBE32}.Release|ARM.Build.0 = Release|ARM
		{2567F304-EAC8-4961-83A3-4FCC07BCBE32}.Release|ARM.Deploy.0 = Release|ARM
		{2567F304-EAC8-4961-83A3-4FCC07BCBE32}.Release|iPhone.ActiveCfg = Release|Any CPU
		{2567F304-EAC8-4961-83A3-4FCC07BCBE32}.Release|iPhone.Build.0 = Release|Any CPU
		{2567F304-EAC8-4961-83A3-4FCC07BCBE32}.Release|iPhone.Deploy.0 = Release|Any CPU
		{2567F304-EAC8-4961-83A3-4FCC07BCBE32}.Release|iPhoneSimulator.ActiveCfg = Release|Any CPU
		{2567F304-EAC8-4961-83A3-4FCC07BCBE32}.Release|iPhoneSimulator.Build.0 = Release|Any CPU
		{2567F304-EAC8-4961-83A3-4FCC07BCBE32}.Release|iPhoneSimulator.Deploy.0 = Release|Any CPU
		{2567F304-EAC8-4961-83A3-4FCC07BCBE32}.Release|x64.ActiveCfg = Release|Any CPU
		{2567F304-EAC8-4961-83A3-4FCC07BCBE32}.Release|x64.Build.0 = Release|Any CPU
		{2567F304-EAC8-4961-83A3-4FCC07BCBE32}.Release|x64.Deploy.0 = Release|Any CPU
		{2567F304-EAC8-4961-83A3-4FCC07BCBE32}.Release|x86.ActiveCfg = Release|x86
		{2567F304-EAC8-4961-83A3-4FCC07BCBE32}.Release|x86.Build.0 = Release|x86
		{2567F304-EAC8-4961-83A3-4FCC07BCBE32}.Release|x86.Deploy.0 = Release|x86
		{44DC2C9D-815E-44C0-9863-4A1CAD30591F}.Ad-Hoc|Any CPU.ActiveCfg = Release|Any CPU
		{44DC2C9D-815E-44C0-9863-4A1CAD30591F}.Ad-Hoc|Any CPU.Build.0 = Release|Any CPU
		{44DC2C9D-815E-44C0-9863-4A1CAD30591F}.Ad-Hoc|Any CPU.Deploy.0 = Release|Any CPU
		{44DC2C9D-815E-44C0-9863-4A1CAD30591F}.Ad-Hoc|ARM.ActiveCfg = Release|ARM
		{44DC2C9D-815E-44C0-9863-4A1CAD30591F}.Ad-Hoc|ARM.Build.0 = Release|ARM
		{44DC2C9D-815E-44C0-9863-4A1CAD30591F}.Ad-Hoc|ARM.Deploy.0 = Release|ARM
		{44DC2C9D-815E-44C0-9863-4A1CAD30591F}.Ad-Hoc|iPhone.ActiveCfg = Release|Any CPU
		{44DC2C9D-815E-44C0-9863-4A1CAD30591F}.Ad-Hoc|iPhone.Build.0 = Release|Any CPU
		{44DC2C9D-815E-44C0-9863-4A1CAD30591F}.Ad-Hoc|iPhone.Deploy.0 = Release|Any CPU
		{44DC2C9D-815E-44C0-9863-4A1CAD30591F}.Ad-Hoc|iPhoneSimulator.ActiveCfg = Release|Any CPU
		{44DC2C9D-815E-44C0-9863-4A1CAD30591F}.Ad-Hoc|iPhoneSimulator.Build.0 = Release|Any CPU
		{44DC2C9D-815E-44C0-9863-4A1CAD30591F}.Ad-Hoc|iPhoneSimulator.Deploy.0 = Release|Any CPU
		{44DC2C9D-815E-44C0-9863-4A1CAD30591F}.Ad-Hoc|x64.ActiveCfg = Release|x64
		{44DC2C9D-815E-44C0-9863-4A1CAD30591F}.Ad-Hoc|x64.Build.0 = Release|x64
		{44DC2C9D-815E-44C0-9863-4A1CAD30591F}.Ad-Hoc|x64.Deploy.0 = Release|x64
		{44DC2C9D-815E-44C0-9863-4A1CAD30591F}.Ad-Hoc|x86.ActiveCfg = Release|x86
		{44DC2C9D-815E-44C0-9863-4A1CAD30591F}.Ad-Hoc|x86.Build.0 = Release|x86
		{44DC2C9D-815E-44C0-9863-4A1CAD30591F}.Ad-Hoc|x86.Deploy.0 = Release|x86
		{44DC2C9D-815E-44C0-9863-4A1CAD30591F}.AppStore|Any CPU.ActiveCfg = Release|Any CPU
		{44DC2C9D-815E-44C0-9863-4A1CAD30591F}.AppStore|Any CPU.Build.0 = Release|Any CPU
		{44DC2C9D-815E-44C0-9863-4A1CAD30591F}.AppStore|Any CPU.Deploy.0 = Release|Any CPU
		{44DC2C9D-815E-44C0-9863-4A1CAD30591F}.AppStore|ARM.ActiveCfg = Release|ARM
		{44DC2C9D-815E-44C0-9863-4A1CAD30591F}.AppStore|ARM.Build.0 = Release|ARM
		{44DC2C9D-815E-44C0-9863-4A1CAD30591F}.AppStore|ARM.Deploy.0 = Release|ARM
		{44DC2C9D-815E-44C0-9863-4A1CAD30591F}.AppStore|iPhone.ActiveCfg = Release|Any CPU
		{44DC2C9D-815E-44C0-9863-4A1CAD30591F}.AppStore|iPhone.Build.0 = Release|Any CPU
		{44DC2C9D-815E-44C0-9863-4A1CAD30591F}.AppStore|iPhone.Deploy.0 = Release|Any CPU
		{44DC2C9D-815E-44C0-9863-4A1CAD30591F}.AppStore|iPhoneSimulator.ActiveCfg = Release|Any CPU
		{44DC2C9D-815E-44C0-9863-4A1CAD30591F}.AppStore|iPhoneSimulator.Build.0 = Release|Any CPU
		{44DC2C9D-815E-44C0-9863-4A1CAD30591F}.AppStore|iPhoneSimulator.Deploy.0 = Release|Any CPU
		{44DC2C9D-815E-44C0-9863-4A1CAD30591F}.AppStore|x64.ActiveCfg = Release|x64
		{44DC2C9D-815E-44C0-9863-4A1CAD30591F}.AppStore|x64.Build.0 = Release|x64
		{44DC2C9D-815E-44C0-9863-4A1CAD30591F}.AppStore|x64.Deploy.0 = Release|x64
		{44DC2C9D-815E-44C0-9863-4A1CAD30591F}.AppStore|x86.ActiveCfg = Release|x86
		{44DC2C9D-815E-44C0-9863-4A1CAD30591F}.AppStore|x86.Build.0 = Release|x86
		{44DC2C9D-815E-44C0-9863-4A1CAD30591F}.AppStore|x86.Deploy.0 = Release|x86
		{44DC2C9D-815E-44C0-9863-4A1CAD30591F}.Debug|Any CPU.ActiveCfg = Debug|Any CPU
		{44DC2C9D-815E-44C0-9863-4A1CAD30591F}.Debug|Any CPU.Build.0 = Debug|Any CPU
		{44DC2C9D-815E-44C0-9863-4A1CAD30591F}.Debug|Any CPU.Deploy.0 = Debug|Any CPU
		{44DC2C9D-815E-44C0-9863-4A1CAD30591F}.Debug|ARM.ActiveCfg = Debug|ARM
		{44DC2C9D-815E-44C0-9863-4A1CAD30591F}.Debug|ARM.Build.0 = Debug|ARM
		{44DC2C9D-815E-44C0-9863-4A1CAD30591F}.Debug|ARM.Deploy.0 = Debug|ARM
		{44DC2C9D-815E-44C0-9863-4A1CAD30591F}.Debug|iPhone.ActiveCfg = Debug|Any CPU
		{44DC2C9D-815E-44C0-9863-4A1CAD30591F}.Debug|iPhone.Build.0 = Debug|Any CPU
		{44DC2C9D-815E-44C0-9863-4A1CAD30591F}.Debug|iPhone.Deploy.0 = Debug|Any CPU
		{44DC2C9D-815E-44C0-9863-4A1CAD30591F}.Debug|iPhoneSimulator.ActiveCfg = Debug|Any CPU
		{44DC2C9D-815E-44C0-9863-4A1CAD30591F}.Debug|iPhoneSimulator.Build.0 = Debug|Any CPU
		{44DC2C9D-815E-44C0-9863-4A1CAD30591F}.Debug|iPhoneSimulator.Deploy.0 = Debug|Any CPU
		{44DC2C9D-815E-44C0-9863-4A1CAD30591F}.Debug|x64.ActiveCfg = Debug|x64
		{44DC2C9D-815E-44C0-9863-4A1CAD30591F}.Debug|x64.Build.0 = Debug|x64
		{44DC2C9D-815E-44C0-9863-4A1CAD30591F}.Debug|x64.Deploy.0 = Debug|x64
		{44DC2C9D-815E-44C0-9863-4A1CAD30591F}.Debug|x86.ActiveCfg = Debug|x86
		{44DC2C9D-815E-44C0-9863-4A1CAD30591F}.Debug|x86.Build.0 = Debug|x86
		{44DC2C9D-815E-44C0-9863-4A1CAD30591F}.Debug|x86.Deploy.0 = Debug|x86
		{44DC2C9D-815E-44C0-9863-4A1CAD30591F}.Release|Any CPU.ActiveCfg = Release|Any CPU
		{44DC2C9D-815E-44C0-9863-4A1CAD30591F}.Release|Any CPU.Build.0 = Release|Any CPU
		{44DC2C9D-815E-44C0-9863-4A1CAD30591F}.Release|Any CPU.Deploy.0 = Release|Any CPU
		{44DC2C9D-815E-44C0-9863-4A1CAD30591F}.Release|ARM.ActiveCfg = Release|ARM
		{44DC2C9D-815E-44C0-9863-4A1CAD30591F}.Release|ARM.Build.0 = Release|ARM
		{44DC2C9D-815E-44C0-9863-4A1CAD30591F}.Release|ARM.Deploy.0 = Release|ARM
		{44DC2C9D-815E-44C0-9863-4A1CAD30591F}.Release|iPhone.ActiveCfg = Release|Any CPU
		{44DC2C9D-815E-44C0-9863-4A1CAD30591F}.Release|iPhone.Build.0 = Release|Any CPU
		{44DC2C9D-815E-44C0-9863-4A1CAD30591F}.Release|iPhone.Deploy.0 = Release|Any CPU
		{44DC2C9D-815E-44C0-9863-4A1CAD30591F}.Release|iPhoneSimulator.ActiveCfg = Release|Any CPU
		{44DC2C9D-815E-44C0-9863-4A1CAD30591F}.Release|iPhoneSimulator.Build.0 = Release|Any CPU
		{44DC2C9D-815E-44C0-9863-4A1CAD30591F}.Release|iPhoneSimulator.Deploy.0 = Release|Any CPU
		{44DC2C9D-815E-44C0-9863-4A1CAD30591F}.Release|x64.ActiveCfg = Release|x64
		{44DC2C9D-815E-44C0-9863-4A1CAD30591F}.Release|x64.Build.0 = Release|x64
		{44DC2C9D-815E-44C0-9863-4A1CAD30591F}.Release|x64.Deploy.0 = Release|x64
		{44DC2C9D-815E-44C0-9863-4A1CAD30591F}.Release|x86.ActiveCfg = Release|x86
		{44DC2C9D-815E-44C0-9863-4A1CAD30591F}.Release|x86.Build.0 = Release|x86
		{44DC2C9D-815E-44C0-9863-4A1CAD30591F}.Release|x86.Deploy.0 = Release|x86
		{4E7100B8-5347-4ECF-A3E1-681C682AE6C4}.Ad-Hoc|Any CPU.ActiveCfg = Release|Any CPU
		{4E7100B8-5347-4ECF-A3E1-681C682AE6C4}.Ad-Hoc|Any CPU.Build.0 = Release|Any CPU
		{4E7100B8-5347-4ECF-A3E1-681C682AE6C4}.Ad-Hoc|ARM.ActiveCfg = Release|Any CPU
		{4E7100B8-5347-4ECF-A3E1-681C682AE6C4}.Ad-Hoc|ARM.Build.0 = Release|Any CPU
		{4E7100B8-5347-4ECF-A3E1-681C682AE6C4}.Ad-Hoc|iPhone.ActiveCfg = Release|Any CPU
		{4E7100B8-5347-4ECF-A3E1-681C682AE6C4}.Ad-Hoc|iPhone.Build.0 = Release|Any CPU
		{4E7100B8-5347-4ECF-A3E1-681C682AE6C4}.Ad-Hoc|iPhoneSimulator.ActiveCfg = Release|Any CPU
		{4E7100B8-5347-4ECF-A3E1-681C682AE6C4}.Ad-Hoc|iPhoneSimulator.Build.0 = Release|Any CPU
		{4E7100B8-5347-4ECF-A3E1-681C682AE6C4}.Ad-Hoc|x64.ActiveCfg = Release|Any CPU
		{4E7100B8-5347-4ECF-A3E1-681C682AE6C4}.Ad-Hoc|x64.Build.0 = Release|Any CPU
		{4E7100B8-5347-4ECF-A3E1-681C682AE6C4}.Ad-Hoc|x86.ActiveCfg = Release|Any CPU
		{4E7100B8-5347-4ECF-A3E1-681C682AE6C4}.Ad-Hoc|x86.Build.0 = Release|Any CPU
		{4E7100B8-5347-4ECF-A3E1-681C682AE6C4}.AppStore|Any CPU.ActiveCfg = Release|Any CPU
		{4E7100B8-5347-4ECF-A3E1-681C682AE6C4}.AppStore|Any CPU.Build.0 = Release|Any CPU
		{4E7100B8-5347-4ECF-A3E1-681C682AE6C4}.AppStore|ARM.ActiveCfg = Release|Any CPU
		{4E7100B8-5347-4ECF-A3E1-681C682AE6C4}.AppStore|ARM.Build.0 = Release|Any CPU
		{4E7100B8-5347-4ECF-A3E1-681C682AE6C4}.AppStore|iPhone.ActiveCfg = Release|Any CPU
		{4E7100B8-5347-4ECF-A3E1-681C682AE6C4}.AppStore|iPhone.Build.0 = Release|Any CPU
		{4E7100B8-5347-4ECF-A3E1-681C682AE6C4}.AppStore|iPhoneSimulator.ActiveCfg = Release|Any CPU
		{4E7100B8-5347-4ECF-A3E1-681C682AE6C4}.AppStore|iPhoneSimulator.Build.0 = Release|Any CPU
		{4E7100B8-5347-4ECF-A3E1-681C682AE6C4}.AppStore|x64.ActiveCfg = Release|Any CPU
		{4E7100B8-5347-4ECF-A3E1-681C682AE6C4}.AppStore|x64.Build.0 = Release|Any CPU
		{4E7100B8-5347-4ECF-A3E1-681C682AE6C4}.AppStore|x86.ActiveCfg = Release|Any CPU
		{4E7100B8-5347-4ECF-A3E1-681C682AE6C4}.AppStore|x86.Build.0 = Release|Any CPU
		{4E7100B8-5347-4ECF-A3E1-681C682AE6C4}.Debug|Any CPU.ActiveCfg = Debug|Any CPU
		{4E7100B8-5347-4ECF-A3E1-681C682AE6C4}.Debug|Any CPU.Build.0 = Debug|Any CPU
		{4E7100B8-5347-4ECF-A3E1-681C682AE6C4}.Debug|ARM.ActiveCfg = Debug|Any CPU
		{4E7100B8-5347-4ECF-A3E1-681C682AE6C4}.Debug|ARM.Build.0 = Debug|Any CPU
		{4E7100B8-5347-4ECF-A3E1-681C682AE6C4}.Debug|iPhone.ActiveCfg = Debug|Any CPU
		{4E7100B8-5347-4ECF-A3E1-681C682AE6C4}.Debug|iPhone.Build.0 = Debug|Any CPU
		{4E7100B8-5347-4ECF-A3E1-681C682AE6C4}.Debug|iPhoneSimulator.ActiveCfg = Debug|Any CPU
		{4E7100B8-5347-4ECF-A3E1-681C682AE6C4}.Debug|iPhoneSimulator.Build.0 = Debug|Any CPU
		{4E7100B8-5347-4ECF-A3E1-681C682AE6C4}.Debug|x64.ActiveCfg = Debug|Any CPU
		{4E7100B8-5347-4ECF-A3E1-681C682AE6C4}.Debug|x64.Build.0 = Debug|Any CPU
		{4E7100B8-5347-4ECF-A3E1-681C682AE6C4}.Debug|x86.ActiveCfg = Debug|Any CPU
		{4E7100B8-5347-4ECF-A3E1-681C682AE6C4}.Debug|x86.Build.0 = Debug|Any CPU
		{4E7100B8-5347-4ECF-A3E1-681C682AE6C4}.Release|Any CPU.ActiveCfg = Release|Any CPU
		{4E7100B8-5347-4ECF-A3E1-681C682AE6C4}.Release|Any CPU.Build.0 = Release|Any CPU
		{4E7100B8-5347-4ECF-A3E1-681C682AE6C4}.Release|ARM.ActiveCfg = Release|Any CPU
		{4E7100B8-5347-4ECF-A3E1-681C682AE6C4}.Release|ARM.Build.0 = Release|Any CPU
		{4E7100B8-5347-4ECF-A3E1-681C682AE6C4}.Release|iPhone.ActiveCfg = Release|Any CPU
		{4E7100B8-5347-4ECF-A3E1-681C682AE6C4}.Release|iPhone.Build.0 = Release|Any CPU
		{4E7100B8-5347-4ECF-A3E1-681C682AE6C4}.Release|iPhoneSimulator.ActiveCfg = Release|Any CPU
		{4E7100B8-5347-4ECF-A3E1-681C682AE6C4}.Release|iPhoneSimulator.Build.0 = Release|Any CPU
		{4E7100B8-5347-4ECF-A3E1-681C682AE6C4}.Release|x64.ActiveCfg = Release|Any CPU
		{4E7100B8-5347-4ECF-A3E1-681C682AE6C4}.Release|x64.Build.0 = Release|Any CPU
		{4E7100B8-5347-4ECF-A3E1-681C682AE6C4}.Release|x86.ActiveCfg = Release|Any CPU
		{4E7100B8-5347-4ECF-A3E1-681C682AE6C4}.Release|x86.Build.0 = Release|Any CPU
	EndGlobalSection
	GlobalSection(SolutionProperties) = preSolution
		HideSolutionNode = FALSE
	EndGlobalSection
EndGlobal
