
Microsoft Visual Studio Solution File, Format Version 12.00
# Visual Studio 14
VisualStudioVersion = 14.0.25420.1
MinimumVisualStudioVersion = 10.0.40219.1
Project("{FAE04EC0-301F-11D3-BF4B-00C04F79EFBC}") = "XamarinSamples.Droid", "XamarinSamples\XamarinSamples.Droid\XamarinSamples.Droid.csproj", "{DED39241-6ACF-4C78-B4EC-7DB4999140B5}"
EndProject
Project("{FAE04EC0-301F-11D3-BF4B-00C04F79EFBC}") = "XamarinSamples.iOS", "XamarinSamples\XamarinSamples.iOS\XamarinSamples.iOS.csproj", "{684320ED-A7A2-4B0E-892B-C1BA8F6E480A}"
EndProject
Project("{FAE04EC0-301F-11D3-BF4B-00C04F79EFBC}") = "XamarinSamples.WinPhone", "XamarinSamples\XamarinSamples.WinPhone\XamarinSamples.WinPhone.csproj", "{F9DC32F3-9B4C-4AF9-B58D-59529B4118AC}"
EndProject
Project("{FAE04EC0-301F-11D3-BF4B-00C04F79EFBC}") = "XamarinSamples.Windows", "XamarinSamples\XamarinSamples.Windows\XamarinSamples.Windows.csproj", "{F51CF449-D81D-4353-A64E-8A25CBD24FF2}"
EndProject
Project("{FAE04EC0-301F-11D3-BF4B-00C04F79EFBC}") = "XamarinSamples", "XamarinSamples\XamarinSamples\XamarinSamples.csproj", "{CAC14DA2-F9D5-4EF0-B152-3FDB09D68262}"
EndProject
Global
	GlobalSection(SolutionConfigurationPlatforms) = preSolution
		Ad-Hoc|Any CPU = Ad-Hoc|Any CPU
		Ad-Hoc|ARM = Ad-Hoc|ARM
		Ad-Hoc|iPhone = Ad-Hoc|iPhone
		Ad-Hoc|iPhoneSimulator = Ad-Hoc|iPhoneSimulator
		Ad-Hoc|x64 = Ad-Hoc|x64
		Ad-Hoc|x86 = Ad-Hoc|x86
		AppStore|Any CPU = AppStore|Any CPU
		AppStore|ARM = AppStore|ARM
		AppStore|iPhone = AppStore|iPhone
		AppStore|iPhoneSimulator = AppStore|iPhoneSimulator
		AppStore|x64 = AppStore|x64
		AppStore|x86 = AppStore|x86
		Debug|Any CPU = Debug|Any CPU
		Debug|ARM = Debug|ARM
		Debug|iPhone = Debug|iPhone
		Debug|iPhoneSimulator = Debug|iPhoneSimulator
		Debug|x64 = Debug|x64
		Debug|x86 = Debug|x86
		Release|Any CPU = Release|Any CPU
		Release|ARM = Release|ARM
		Release|iPhone = Release|iPhone
		Release|iPhoneSimulator = Release|iPhoneSimulator
		Release|x64 = Release|x64
		Release|x86 = Release|x86
	EndGlobalSection
	GlobalSection(ProjectConfigurationPlatforms) = postSolution
		{DED39241-6ACF-4C78-B4EC-7DB4999140B5}.Ad-Hoc|Any CPU.ActiveCfg = Release|Any CPU
		{DED39241-6ACF-4C78-B4EC-7DB4999140B5}.Ad-Hoc|Any CPU.Build.0 = Release|Any CPU
		{DED39241-6ACF-4C78-B4EC-7DB4999140B5}.Ad-Hoc|Any CPU.Deploy.0 = Release|Any CPU
		{DED39241-6ACF-4C78-B4EC-7DB4999140B5}.Ad-Hoc|ARM.ActiveCfg = Release|Any CPU
		{DED39241-6ACF-4C78-B4EC-7DB4999140B5}.Ad-Hoc|ARM.Build.0 = Release|Any CPU
		{DED39241-6ACF-4C78-B4EC-7DB4999140B5}.Ad-Hoc|ARM.Deploy.0 = Release|Any CPU
		{DED39241-6ACF-4C78-B4EC-7DB4999140B5}.Ad-Hoc|iPhone.ActiveCfg = Release|Any CPU
		{DED39241-6ACF-4C78-B4EC-7DB4999140B5}.Ad-Hoc|iPhone.Build.0 = Release|Any CPU
		{DED39241-6ACF-4C78-B4EC-7DB4999140B5}.Ad-Hoc|iPhone.Deploy.0 = Release|Any CPU
		{DED39241-6ACF-4C78-B4EC-7DB4999140B5}.Ad-Hoc|iPhoneSimulator.ActiveCfg = Release|Any CPU
		{DED39241-6ACF-4C78-B4EC-7DB4999140B5}.Ad-Hoc|iPhoneSimulator.Build.0 = Release|Any CPU
		{DED39241-6ACF-4C78-B4EC-7DB4999140B5}.Ad-Hoc|iPhoneSimulator.Deploy.0 = Release|Any CPU
		{DED39241-6ACF-4C78-B4EC-7DB4999140B5}.Ad-Hoc|x64.ActiveCfg = Release|Any CPU
		{DED39241-6ACF-4C78-B4EC-7DB4999140B5}.Ad-Hoc|x64.Build.0 = Release|Any CPU
		{DED39241-6ACF-4C78-B4EC-7DB4999140B5}.Ad-Hoc|x64.Deploy.0 = Release|Any CPU
		{DED39241-6ACF-4C78-B4EC-7DB4999140B5}.Ad-Hoc|x86.ActiveCfg = Release|Any CPU
		{DED39241-6ACF-4C78-B4EC-7DB4999140B5}.Ad-Hoc|x86.Build.0 = Release|Any CPU
		{DED39241-6ACF-4C78-B4EC-7DB4999140B5}.Ad-Hoc|x86.Deploy.0 = Release|Any CPU
		{DED39241-6ACF-4C78-B4EC-7DB4999140B5}.AppStore|Any CPU.ActiveCfg = Release|Any CPU
		{DED39241-6ACF-4C78-B4EC-7DB4999140B5}.AppStore|Any CPU.Build.0 = Release|Any CPU
		{DED39241-6ACF-4C78-B4EC-7DB4999140B5}.AppStore|Any CPU.Deploy.0 = Release|Any CPU
		{DED39241-6ACF-4C78-B4EC-7DB4999140B5}.AppStore|ARM.ActiveCfg = Release|Any CPU
		{DED39241-6ACF-4C78-B4EC-7DB4999140B5}.AppStore|ARM.Build.0 = Release|Any CPU
		{DED39241-6ACF-4C78-B4EC-7DB4999140B5}.AppStore|ARM.Deploy.0 = Release|Any CPU
		{DED39241-6ACF-4C78-B4EC-7DB4999140B5}.AppStore|iPhone.ActiveCfg = Release|Any CPU
		{DED39241-6ACF-4C78-B4EC-7DB4999140B5}.AppStore|iPhone.Build.0 = Release|Any CPU
		{DED39241-6ACF-4C78-B4EC-7DB4999140B5}.AppStore|iPhone.Deploy.0 = Release|Any CPU
		{DED39241-6ACF-4C78-B4EC-7DB4999140B5}.AppStore|iPhoneSimulator.ActiveCfg = Release|Any CPU
		{DED39241-6ACF-4C78-B4EC-7DB4999140B5}.AppStore|iPhoneSimulator.Build.0 = Release|Any CPU
		{DED39241-6ACF-4C78-B4EC-7DB4999140B5}.AppStore|iPhoneSimulator.Deploy.0 = Release|Any CPU
		{DED39241-6ACF-4C78-B4EC-7DB4999140B5}.AppStore|x64.ActiveCfg = Release|Any CPU
		{DED39241-6ACF-4C78-B4EC-7DB4999140B5}.AppStore|x64.Build.0 = Release|Any CPU
		{DED39241-6ACF-4C78-B4EC-7DB4999140B5}.AppStore|x64.Deploy.0 = Release|Any CPU
		{DED39241-6ACF-4C78-B4EC-7DB4999140B5}.AppStore|x86.ActiveCfg = Release|Any CPU
		{DED39241-6ACF-4C78-B4EC-7DB4999140B5}.AppStore|x86.Build.0 = Release|Any CPU
		{DED39241-6ACF-4C78-B4EC-7DB4999140B5}.AppStore|x86.Deploy.0 = Release|Any CPU
		{DED39241-6ACF-4C78-B4EC-7DB4999140B5}.Debug|Any CPU.ActiveCfg = Debug|Any CPU
		{DED39241-6ACF-4C78-B4EC-7DB4999140B5}.Debug|Any CPU.Build.0 = Debug|Any CPU
		{DED39241-6ACF-4C78-B4EC-7DB4999140B5}.Debug|Any CPU.Deploy.0 = Debug|Any CPU
		{DED39241-6ACF-4C78-B4EC-7DB4999140B5}.Debug|ARM.ActiveCfg = Debug|Any CPU
		{DED39241-6ACF-4C78-B4EC-7DB4999140B5}.Debug|ARM.Build.0 = Debug|Any CPU
		{DED39241-6ACF-4C78-B4EC-7DB4999140B5}.Debug|ARM.Deploy.0 = Debug|Any CPU
		{DED39241-6ACF-4C78-B4EC-7DB4999140B5}.Debug|iPhone.ActiveCfg = Debug|Any CPU
		{DED39241-6ACF-4C78-B4EC-7DB4999140B5}.Debug|iPhone.Build.0 = Debug|Any CPU
		{DED39241-6ACF-4C78-B4EC-7DB4999140B5}.Debug|iPhone.Deploy.0 = Debug|Any CPU
		{DED39241-6ACF-4C78-B4EC-7DB4999140B5}.Debug|iPhoneSimulator.ActiveCfg = Debug|Any CPU
		{DED39241-6ACF-4C78-B4EC-7DB4999140B5}.Debug|iPhoneSimulator.Build.0 = Debug|Any CPU
		{DED39241-6ACF-4C78-B4EC-7DB4999140B5}.Debug|iPhoneSimulator.Deploy.0 = Debug|Any CPU
		{DED39241-6ACF-4C78-B4EC-7DB4999140B5}.Debug|x64.ActiveCfg = Debug|Any CPU
		{DED39241-6ACF-4C78-B4EC-7DB4999140B5}.Debug|x64.Build.0 = Debug|Any CPU
		{DED39241-6ACF-4C78-B4EC-7DB4999140B5}.Debug|x64.Deploy.0 = Debug|Any CPU
		{DED39241-6ACF-4C78-B4EC-7DB4999140B5}.Debug|x86.ActiveCfg = Debug|Any CPU
		{DED39241-6ACF-4C78-B4EC-7DB4999140B5}.Debug|x86.Build.0 = Debug|Any CPU
		{DED39241-6ACF-4C78-B4EC-7DB4999140B5}.Debug|x86.Deploy.0 = Debug|Any CPU
		{DED39241-6ACF-4C78-B4EC-7DB4999140B5}.Release|Any CPU.ActiveCfg = Release|Any CPU
		{DED39241-6ACF-4C78-B4EC-7DB4999140B5}.Release|Any CPU.Build.0 = Release|Any CPU
		{DED39241-6ACF-4C78-B4EC-7DB4999140B5}.Release|Any CPU.Deploy.0 = Release|Any CPU
		{DED39241-6ACF-4C78-B4EC-7DB4999140B5}.Release|ARM.ActiveCfg = Release|Any CPU
		{DED39241-6ACF-4C78-B4EC-7DB4999140B5}.Release|ARM.Build.0 = Release|Any CPU
		{DED39241-6ACF-4C78-B4EC-7DB4999140B5}.Release|ARM.Deploy.0 = Release|Any CPU
		{DED39241-6ACF-4C78-B4EC-7DB4999140B5}.Release|iPhone.ActiveCfg = Release|Any CPU
		{DED39241-6ACF-4C78-B4EC-7DB4999140B5}.Release|iPhone.Build.0 = Release|Any CPU
		{DED39241-6ACF-4C78-B4EC-7DB4999140B5}.Release|iPhone.Deploy.0 = Release|Any CPU
		{DED39241-6ACF-4C78-B4EC-7DB4999140B5}.Release|iPhoneSimulator.ActiveCfg = Release|Any CPU
		{DED39241-6ACF-4C78-B4EC-7DB4999140B5}.Release|iPhoneSimulator.Build.0 = Release|Any CPU
		{DED39241-6ACF-4C78-B4EC-7DB4999140B5}.Release|iPhoneSimulator.Deploy.0 = Release|Any CPU
		{DED39241-6ACF-4C78-B4EC-7DB4999140B5}.Release|x64.ActiveCfg = Release|Any CPU
		{DED39241-6ACF-4C78-B4EC-7DB4999140B5}.Release|x64.Build.0 = Release|Any CPU
		{DED39241-6ACF-4C78-B4EC-7DB4999140B5}.Release|x64.Deploy.0 = Release|Any CPU
		{DED39241-6ACF-4C78-B4EC-7DB4999140B5}.Release|x86.ActiveCfg = Release|Any CPU
		{DED39241-6ACF-4C78-B4EC-7DB4999140B5}.Release|x86.Build.0 = Release|Any CPU
		{DED39241-6ACF-4C78-B4EC-7DB4999140B5}.Release|x86.Deploy.0 = Release|Any CPU
		{684320ED-A7A2-4B0E-892B-C1BA8F6E480A}.Ad-Hoc|Any CPU.ActiveCfg = Ad-Hoc|iPhone
		{684320ED-A7A2-4B0E-892B-C1BA8F6E480A}.Ad-Hoc|ARM.ActiveCfg = Ad-Hoc|iPhone
		{684320ED-A7A2-4B0E-892B-C1BA8F6E480A}.Ad-Hoc|iPhone.ActiveCfg = Ad-Hoc|iPhone
		{684320ED-A7A2-4B0E-892B-C1BA8F6E480A}.Ad-Hoc|iPhone.Build.0 = Ad-Hoc|iPhone
		{684320ED-A7A2-4B0E-892B-C1BA8F6E480A}.Ad-Hoc|iPhoneSimulator.ActiveCfg = Ad-Hoc|iPhoneSimulator
		{684320ED-A7A2-4B0E-892B-C1BA8F6E480A}.Ad-Hoc|iPhoneSimulator.Build.0 = Ad-Hoc|iPhoneSimulator
		{684320ED-A7A2-4B0E-892B-C1BA8F6E480A}.Ad-Hoc|x64.ActiveCfg = Ad-Hoc|iPhone
		{684320ED-A7A2-4B0E-892B-C1BA8F6E480A}.Ad-Hoc|x86.ActiveCfg = Ad-Hoc|iPhone
		{684320ED-A7A2-4B0E-892B-C1BA8F6E480A}.AppStore|Any CPU.ActiveCfg = AppStore|iPhone
		{684320ED-A7A2-4B0E-892B-C1BA8F6E480A}.AppStore|ARM.ActiveCfg = AppStore|iPhone
		{684320ED-A7A2-4B0E-892B-C1BA8F6E480A}.AppStore|iPhone.ActiveCfg = AppStore|iPhone
		{684320ED-A7A2-4B0E-892B-C1BA8F6E480A}.AppStore|iPhone.Build.0 = AppStore|iPhone
		{684320ED-A7A2-4B0E-892B-C1BA8F6E480A}.AppStore|iPhoneSimulator.ActiveCfg = AppStore|iPhoneSimulator
		{684320ED-A7A2-4B0E-892B-C1BA8F6E480A}.AppStore|iPhoneSimulator.Build.0 = AppStore|iPhoneSimulator
		{684320ED-A7A2-4B0E-892B-C1BA8F6E480A}.AppStore|x64.ActiveCfg = AppStore|iPhone
		{684320ED-A7A2-4B0E-892B-C1BA8F6E480A}.AppStore|x86.ActiveCfg = AppStore|iPhone
		{684320ED-A7A2-4B0E-892B-C1BA8F6E480A}.Debug|Any CPU.ActiveCfg = Debug|iPhone
		{684320ED-A7A2-4B0E-892B-C1BA8F6E480A}.Debug|ARM.ActiveCfg = Debug|iPhone
		{684320ED-A7A2-4B0E-892B-C1BA8F6E480A}.Debug|iPhone.ActiveCfg = Debug|iPhone
		{684320ED-A7A2-4B0E-892B-C1BA8F6E480A}.Debug|iPhone.Build.0 = Debug|iPhone
		{684320ED-A7A2-4B0E-892B-C1BA8F6E480A}.Debug|iPhoneSimulator.ActiveCfg = Debug|iPhoneSimulator
		{684320ED-A7A2-4B0E-892B-C1BA8F6E480A}.Debug|iPhoneSimulator.Build.0 = Debug|iPhoneSimulator
		{684320ED-A7A2-4B0E-892B-C1BA8F6E480A}.Debug|x64.ActiveCfg = Debug|iPhone
		{684320ED-A7A2-4B0E-892B-C1BA8F6E480A}.Debug|x86.ActiveCfg = Debug|iPhone
		{684320ED-A7A2-4B0E-892B-C1BA8F6E480A}.Release|Any CPU.ActiveCfg = Release|iPhone
		{684320ED-A7A2-4B0E-892B-C1BA8F6E480A}.Release|ARM.ActiveCfg = Release|iPhone
		{684320ED-A7A2-4B0E-892B-C1BA8F6E480A}.Release|iPhone.ActiveCfg = Release|iPhone
		{684320ED-A7A2-4B0E-892B-C1BA8F6E480A}.Release|iPhone.Build.0 = Release|iPhone
		{684320ED-A7A2-4B0E-892B-C1BA8F6E480A}.Release|iPhoneSimulator.ActiveCfg = Release|iPhoneSimulator
		{684320ED-A7A2-4B0E-892B-C1BA8F6E480A}.Release|iPhoneSimulator.Build.0 = Release|iPhoneSimulator
		{684320ED-A7A2-4B0E-892B-C1BA8F6E480A}.Release|x64.ActiveCfg = Release|iPhone
		{684320ED-A7A2-4B0E-892B-C1BA8F6E480A}.Release|x86.ActiveCfg = Release|iPhone
		{F9DC32F3-9B4C-4AF9-B58D-59529B4118AC}.Ad-Hoc|Any CPU.ActiveCfg = Release|Any CPU
		{F9DC32F3-9B4C-4AF9-B58D-59529B4118AC}.Ad-Hoc|Any CPU.Build.0 = Release|Any CPU
		{F9DC32F3-9B4C-4AF9-B58D-59529B4118AC}.Ad-Hoc|Any CPU.Deploy.0 = Release|Any CPU
		{F9DC32F3-9B4C-4AF9-B58D-59529B4118AC}.Ad-Hoc|ARM.ActiveCfg = Release|ARM
		{F9DC32F3-9B4C-4AF9-B58D-59529B4118AC}.Ad-Hoc|ARM.Build.0 = Release|ARM
		{F9DC32F3-9B4C-4AF9-B58D-59529B4118AC}.Ad-Hoc|ARM.Deploy.0 = Release|ARM
		{F9DC32F3-9B4C-4AF9-B58D-59529B4118AC}.Ad-Hoc|iPhone.ActiveCfg = Release|Any CPU
		{F9DC32F3-9B4C-4AF9-B58D-59529B4118AC}.Ad-Hoc|iPhone.Build.0 = Release|Any CPU
		{F9DC32F3-9B4C-4AF9-B58D-59529B4118AC}.Ad-Hoc|iPhone.Deploy.0 = Release|Any CPU
		{F9DC32F3-9B4C-4AF9-B58D-59529B4118AC}.Ad-Hoc|iPhoneSimulator.ActiveCfg = Release|Any CPU
		{F9DC32F3-9B4C-4AF9-B58D-59529B4118AC}.Ad-Hoc|iPhoneSimulator.Build.0 = Release|Any CPU
		{F9DC32F3-9B4C-4AF9-B58D-59529B4118AC}.Ad-Hoc|iPhoneSimulator.Deploy.0 = Release|Any CPU
		{F9DC32F3-9B4C-4AF9-B58D-59529B4118AC}.Ad-Hoc|x64.ActiveCfg = Release|Any CPU
		{F9DC32F3-9B4C-4AF9-B58D-59529B4118AC}.Ad-Hoc|x64.Build.0 = Release|Any CPU
		{F9DC32F3-9B4C-4AF9-B58D-59529B4118AC}.Ad-Hoc|x64.Deploy.0 = Release|Any CPU
		{F9DC32F3-9B4C-4AF9-B58D-59529B4118AC}.Ad-Hoc|x86.ActiveCfg = Release|x86
		{F9DC32F3-9B4C-4AF9-B58D-59529B4118AC}.Ad-Hoc|x86.Build.0 = Release|x86
		{F9DC32F3-9B4C-4AF9-B58D-59529B4118AC}.Ad-Hoc|x86.Deploy.0 = Release|x86
		{F9DC32F3-9B4C-4AF9-B58D-59529B4118AC}.AppStore|Any CPU.ActiveCfg = Release|Any CPU
		{F9DC32F3-9B4C-4AF9-B58D-59529B4118AC}.AppStore|Any CPU.Build.0 = Release|Any CPU
		{F9DC32F3-9B4C-4AF9-B58D-59529B4118AC}.AppStore|Any CPU.Deploy.0 = Release|Any CPU
		{F9DC32F3-9B4C-4AF9-B58D-59529B4118AC}.AppStore|ARM.ActiveCfg = Release|ARM
		{F9DC32F3-9B4C-4AF9-B58D-59529B4118AC}.AppStore|ARM.Build.0 = Release|ARM
		{F9DC32F3-9B4C-4AF9-B58D-59529B4118AC}.AppStore|ARM.Deploy.0 = Release|ARM
		{F9DC32F3-9B4C-4AF9-B58D-59529B4118AC}.AppStore|iPhone.ActiveCfg = Release|Any CPU
		{F9DC32F3-9B4C-4AF9-B58D-59529B4118AC}.AppStore|iPhone.Build.0 = Release|Any CPU
		{F9DC32F3-9B4C-4AF9-B58D-59529B4118AC}.AppStore|iPhone.Deploy.0 = Release|Any CPU
		{F9DC32F3-9B4C-4AF9-B58D-59529B4118AC}.AppStore|iPhoneSimulator.ActiveCfg = Release|Any CPU
		{F9DC32F3-9B4C-4AF9-B58D-59529B4118AC}.AppStore|iPhoneSimulator.Build.0 = Release|Any CPU
		{F9DC32F3-9B4C-4AF9-B58D-59529B4118AC}.AppStore|iPhoneSimulator.Deploy.0 = Release|Any CPU
		{F9DC32F3-9B4C-4AF9-B58D-59529B4118AC}.AppStore|x64.ActiveCfg = Release|Any CPU
		{F9DC32F3-9B4C-4AF9-B58D-59529B4118AC}.AppStore|x64.Build.0 = Release|Any CPU
		{F9DC32F3-9B4C-4AF9-B58D-59529B4118AC}.AppStore|x64.Deploy.0 = Release|Any CPU
		{F9DC32F3-9B4C-4AF9-B58D-59529B4118AC}.AppStore|x86.ActiveCfg = Release|x86
		{F9DC32F3-9B4C-4AF9-B58D-59529B4118AC}.AppStore|x86.Build.0 = Release|x86
		{F9DC32F3-9B4C-4AF9-B58D-59529B4118AC}.AppStore|x86.Deploy.0 = Release|x86
		{F9DC32F3-9B4C-4AF9-B58D-59529B4118AC}.Debug|Any CPU.ActiveCfg = Debug|Any CPU
		{F9DC32F3-9B4C-4AF9-B58D-59529B4118AC}.Debug|Any CPU.Build.0 = Debug|Any CPU
		{F9DC32F3-9B4C-4AF9-B58D-59529B4118AC}.Debug|Any CPU.Deploy.0 = Debug|Any CPU
		{F9DC32F3-9B4C-4AF9-B58D-59529B4118AC}.Debug|ARM.ActiveCfg = Debug|ARM
		{F9DC32F3-9B4C-4AF9-B58D-59529B4118AC}.Debug|ARM.Build.0 = Debug|ARM
		{F9DC32F3-9B4C-4AF9-B58D-59529B4118AC}.Debug|ARM.Deploy.0 = Debug|ARM
		{F9DC32F3-9B4C-4AF9-B58D-59529B4118AC}.Debug|iPhone.ActiveCfg = Debug|Any CPU
		{F9DC32F3-9B4C-4AF9-B58D-59529B4118AC}.Debug|iPhone.Build.0 = Debug|Any CPU
		{F9DC32F3-9B4C-4AF9-B58D-59529B4118AC}.Debug|iPhone.Deploy.0 = Debug|Any CPU
		{F9DC32F3-9B4C-4AF9-B58D-59529B4118AC}.Debug|iPhoneSimulator.ActiveCfg = Debug|Any CPU
		{F9DC32F3-9B4C-4AF9-B58D-59529B4118AC}.Debug|iPhoneSimulator.Build.0 = Debug|Any CPU
		{F9DC32F3-9B4C-4AF9-B58D-59529B4118AC}.Debug|iPhoneSimulator.Deploy.0 = Debug|Any CPU
		{F9DC32F3-9B4C-4AF9-B58D-59529B4118AC}.Debug|x64.ActiveCfg = Debug|Any CPU
		{F9DC32F3-9B4C-4AF9-B58D-59529B4118AC}.Debug|x64.Build.0 = Debug|Any CPU
		{F9DC32F3-9B4C-4AF9-B58D-59529B4118AC}.Debug|x64.Deploy.0 = Debug|Any CPU
		{F9DC32F3-9B4C-4AF9-B58D-59529B4118AC}.Debug|x86.ActiveCfg = Debug|x86
		{F9DC32F3-9B4C-4AF9-B58D-59529B4118AC}.Debug|x86.Build.0 = Debug|x86
		{F9DC32F3-9B4C-4AF9-B58D-59529B4118AC}.Debug|x86.Deploy.0 = Debug|x86
		{F9DC32F3-9B4C-4AF9-B58D-59529B4118AC}.Release|Any CPU.ActiveCfg = Release|Any CPU
		{F9DC32F3-9B4C-4AF9-B58D-59529B4118AC}.Release|Any CPU.Build.0 = Release|Any CPU
		{F9DC32F3-9B4C-4AF9-B58D-59529B4118AC}.Release|Any CPU.Deploy.0 = Release|Any CPU
		{F9DC32F3-9B4C-4AF9-B58D-59529B4118AC}.Release|ARM.ActiveCfg = Release|ARM
		{F9DC32F3-9B4C-4AF9-B58D-59529B4118AC}.Release|ARM.Build.0 = Release|ARM
		{F9DC32F3-9B4C-4AF9-B58D-59529B4118AC}.Release|ARM.Deploy.0 = Release|ARM
		{F9DC32F3-9B4C-4AF9-B58D-59529B4118AC}.Release|iPhone.ActiveCfg = Release|Any CPU
		{F9DC32F3-9B4C-4AF9-B58D-59529B4118AC}.Release|iPhone.Build.0 = Release|Any CPU
		{F9DC32F3-9B4C-4AF9-B58D-59529B4118AC}.Release|iPhone.Deploy.0 = Release|Any CPU
		{F9DC32F3-9B4C-4AF9-B58D-59529B4118AC}.Release|iPhoneSimulator.ActiveCfg = Release|Any CPU
		{F9DC32F3-9B4C-4AF9-B58D-59529B4118AC}.Release|iPhoneSimulator.Build.0 = Release|Any CPU
		{F9DC32F3-9B4C-4AF9-B58D-59529B4118AC}.Release|iPhoneSimulator.Deploy.0 = Release|Any CPU
		{F9DC32F3-9B4C-4AF9-B58D-59529B4118AC}.Release|x64.ActiveCfg = Release|Any CPU
		{F9DC32F3-9B4C-4AF9-B58D-59529B4118AC}.Release|x64.Build.0 = Release|Any CPU
		{F9DC32F3-9B4C-4AF9-B58D-59529B4118AC}.Release|x64.Deploy.0 = Release|Any CPU
		{F9DC32F3-9B4C-4AF9-B58D-59529B4118AC}.Release|x86.ActiveCfg = Release|x86
		{F9DC32F3-9B4C-4AF9-B58D-59529B4118AC}.Release|x86.Build.0 = Release|x86
		{F9DC32F3-9B4C-4AF9-B58D-59529B4118AC}.Release|x86.Deploy.0 = Release|x86
		{F51CF449-D81D-4353-A64E-8A25CBD24FF2}.Ad-Hoc|Any CPU.ActiveCfg = Release|Any CPU
		{F51CF449-D81D-4353-A64E-8A25CBD24FF2}.Ad-Hoc|Any CPU.Build.0 = Release|Any CPU
		{F51CF449-D81D-4353-A64E-8A25CBD24FF2}.Ad-Hoc|Any CPU.Deploy.0 = Release|Any CPU
		{F51CF449-D81D-4353-A64E-8A25CBD24FF2}.Ad-Hoc|ARM.ActiveCfg = Release|ARM
		{F51CF449-D81D-4353-A64E-8A25CBD24FF2}.Ad-Hoc|ARM.Build.0 = Release|ARM
		{F51CF449-D81D-4353-A64E-8A25CBD24FF2}.Ad-Hoc|ARM.Deploy.0 = Release|ARM
		{F51CF449-D81D-4353-A64E-8A25CBD24FF2}.Ad-Hoc|iPhone.ActiveCfg = Release|Any CPU
		{F51CF449-D81D-4353-A64E-8A25CBD24FF2}.Ad-Hoc|iPhone.Build.0 = Release|Any CPU
		{F51CF449-D81D-4353-A64E-8A25CBD24FF2}.Ad-Hoc|iPhone.Deploy.0 = Release|Any CPU
		{F51CF449-D81D-4353-A64E-8A25CBD24FF2}.Ad-Hoc|iPhoneSimulator.ActiveCfg = Release|Any CPU
		{F51CF449-D81D-4353-A64E-8A25CBD24FF2}.Ad-Hoc|iPhoneSimulator.Build.0 = Release|Any CPU
		{F51CF449-D81D-4353-A64E-8A25CBD24FF2}.Ad-Hoc|iPhoneSimulator.Deploy.0 = Release|Any CPU
		{F51CF449-D81D-4353-A64E-8A25CBD24FF2}.Ad-Hoc|x64.ActiveCfg = Release|x64
		{F51CF449-D81D-4353-A64E-8A25CBD24FF2}.Ad-Hoc|x64.Build.0 = Release|x64
		{F51CF449-D81D-4353-A64E-8A25CBD24FF2}.Ad-Hoc|x64.Deploy.0 = Release|x64
		{F51CF449-D81D-4353-A64E-8A25CBD24FF2}.Ad-Hoc|x86.ActiveCfg = Release|x86
		{F51CF449-D81D-4353-A64E-8A25CBD24FF2}.Ad-Hoc|x86.Build.0 = Release|x86
		{F51CF449-D81D-4353-A64E-8A25CBD24FF2}.Ad-Hoc|x86.Deploy.0 = Release|x86
		{F51CF449-D81D-4353-A64E-8A25CBD24FF2}.AppStore|Any CPU.ActiveCfg = Release|Any CPU
		{F51CF449-D81D-4353-A64E-8A25CBD24FF2}.AppStore|Any CPU.Build.0 = Release|Any CPU
		{F51CF449-D81D-4353-A64E-8A25CBD24FF2}.AppStore|Any CPU.Deploy.0 = Release|Any CPU
		{F51CF449-D81D-4353-A64E-8A25CBD24FF2}.AppStore|ARM.ActiveCfg = Release|ARM
		{F51CF449-D81D-4353-A64E-8A25CBD24FF2}.AppStore|ARM.Build.0 = Release|ARM
		{F51CF449-D81D-4353-A64E-8A25CBD24FF2}.AppStore|ARM.Deploy.0 = Release|ARM
		{F51CF449-D81D-4353-A64E-8A25CBD24FF2}.AppStore|iPhone.ActiveCfg = Release|Any CPU
		{F51CF449-D81D-4353-A64E-8A25CBD24FF2}.AppStore|iPhone.Build.0 = Release|Any CPU
		{F51CF449-D81D-4353-A64E-8A25CBD24FF2}.AppStore|iPhone.Deploy.0 = Release|Any CPU
		{F51CF449-D81D-4353-A64E-8A25CBD24FF2}.AppStore|iPhoneSimulator.ActiveCfg = Release|Any CPU
		{F51CF449-D81D-4353-A64E-8A25CBD24FF2}.AppStore|iPhoneSimulator.Build.0 = Release|Any CPU
		{F51CF449-D81D-4353-A64E-8A25CBD24FF2}.AppStore|iPhoneSimulator.Deploy.0 = Release|Any CPU
		{F51CF449-D81D-4353-A64E-8A25CBD24FF2}.AppStore|x64.ActiveCfg = Release|x64
		{F51CF449-D81D-4353-A64E-8A25CBD24FF2}.AppStore|x64.Build.0 = Release|x64
		{F51CF449-D81D-4353-A64E-8A25CBD24FF2}.AppStore|x64.Deploy.0 = Release|x64
		{F51CF449-D81D-4353-A64E-8A25CBD24FF2}.AppStore|x86.ActiveCfg = Release|x86
		{F51CF449-D81D-4353-A64E-8A25CBD24FF2}.AppStore|x86.Build.0 = Release|x86
		{F51CF449-D81D-4353-A64E-8A25CBD24FF2}.AppStore|x86.Deploy.0 = Release|x86
		{F51CF449-D81D-4353-A64E-8A25CBD24FF2}.Debug|Any CPU.ActiveCfg = Debug|Any CPU
		{F51CF449-D81D-4353-A64E-8A25CBD24FF2}.Debug|Any CPU.Build.0 = Debug|Any CPU
		{F51CF449-D81D-4353-A64E-8A25CBD24FF2}.Debug|Any CPU.Deploy.0 = Debug|Any CPU
		{F51CF449-D81D-4353-A64E-8A25CBD24FF2}.Debug|ARM.ActiveCfg = Debug|ARM
		{F51CF449-D81D-4353-A64E-8A25CBD24FF2}.Debug|ARM.Build.0 = Debug|ARM
		{F51CF449-D81D-4353-A64E-8A25CBD24FF2}.Debug|ARM.Deploy.0 = Debug|ARM
		{F51CF449-D81D-4353-A64E-8A25CBD24FF2}.Debug|iPhone.ActiveCfg = Debug|Any CPU
		{F51CF449-D81D-4353-A64E-8A25CBD24FF2}.Debug|iPhone.Build.0 = Debug|Any CPU
		{F51CF449-D81D-4353-A64E-8A25CBD24FF2}.Debug|iPhone.Deploy.0 = Debug|Any CPU
		{F51CF449-D81D-4353-A64E-8A25CBD24FF2}.Debug|iPhoneSimulator.ActiveCfg = Debug|Any CPU
		{F51CF449-D81D-4353-A64E-8A25CBD24FF2}.Debug|iPhoneSimulator.Build.0 = Debug|Any CPU
		{F51CF449-D81D-4353-A64E-8A25CBD24FF2}.Debug|iPhoneSimulator.Deploy.0 = Debug|Any CPU
		{F51CF449-D81D-4353-A64E-8A25CBD24FF2}.Debug|x64.ActiveCfg = Debug|x64
		{F51CF449-D81D-4353-A64E-8A25CBD24FF2}.Debug|x64.Build.0 = Debug|x64
		{F51CF449-D81D-4353-A64E-8A25CBD24FF2}.Debug|x64.Deploy.0 = Debug|x64
		{F51CF449-D81D-4353-A64E-8A25CBD24FF2}.Debug|x86.ActiveCfg = Debug|x86
		{F51CF449-D81D-4353-A64E-8A25CBD24FF2}.Debug|x86.Build.0 = Debug|x86
		{F51CF449-D81D-4353-A64E-8A25CBD24FF2}.Debug|x86.Deploy.0 = Debug|x86
		{F51CF449-D81D-4353-A64E-8A25CBD24FF2}.Release|Any CPU.ActiveCfg = Release|Any CPU
		{F51CF449-D81D-4353-A64E-8A25CBD24FF2}.Release|Any CPU.Build.0 = Release|Any CPU
		{F51CF449-D81D-4353-A64E-8A25CBD24FF2}.Release|Any CPU.Deploy.0 = Release|Any CPU
		{F51CF449-D81D-4353-A64E-8A25CBD24FF2}.Release|ARM.ActiveCfg = Release|ARM
		{F51CF449-D81D-4353-A64E-8A25CBD24FF2}.Release|ARM.Build.0 = Release|ARM
		{F51CF449-D81D-4353-A64E-8A25CBD24FF2}.Release|ARM.Deploy.0 = Release|ARM
		{F51CF449-D81D-4353-A64E-8A25CBD24FF2}.Release|iPhone.ActiveCfg = Release|Any CPU
		{F51CF449-D81D-4353-A64E-8A25CBD24FF2}.Release|iPhone.Build.0 = Release|Any CPU
		{F51CF449-D81D-4353-A64E-8A25CBD24FF2}.Release|iPhone.Deploy.0 = Release|Any CPU
		{F51CF449-D81D-4353-A64E-8A25CBD24FF2}.Release|iPhoneSimulator.ActiveCfg = Release|Any CPU
		{F51CF449-D81D-4353-A64E-8A25CBD24FF2}.Release|iPhoneSimulator.Build.0 = Release|Any CPU
		{F51CF449-D81D-4353-A64E-8A25CBD24FF2}.Release|iPhoneSimulator.Deploy.0 = Release|Any CPU
		{F51CF449-D81D-4353-A64E-8A25CBD24FF2}.Release|x64.ActiveCfg = Release|x64
		{F51CF449-D81D-4353-A64E-8A25CBD24FF2}.Release|x64.Build.0 = Release|x64
		{F51CF449-D81D-4353-A64E-8A25CBD24FF2}.Release|x64.Deploy.0 = Release|x64
		{F51CF449-D81D-4353-A64E-8A25CBD24FF2}.Release|x86.ActiveCfg = Release|x86
		{F51CF449-D81D-4353-A64E-8A25CBD24FF2}.Release|x86.Build.0 = Release|x86
		{F51CF449-D81D-4353-A64E-8A25CBD24FF2}.Release|x86.Deploy.0 = Release|x86
		{CAC14DA2-F9D5-4EF0-B152-3FDB09D68262}.Ad-Hoc|Any CPU.ActiveCfg = Release|Any CPU
		{CAC14DA2-F9D5-4EF0-B152-3FDB09D68262}.Ad-Hoc|Any CPU.Build.0 = Release|Any CPU
		{CAC14DA2-F9D5-4EF0-B152-3FDB09D68262}.Ad-Hoc|ARM.ActiveCfg = Release|Any CPU
		{CAC14DA2-F9D5-4EF0-B152-3FDB09D68262}.Ad-Hoc|ARM.Build.0 = Release|Any CPU
		{CAC14DA2-F9D5-4EF0-B152-3FDB09D68262}.Ad-Hoc|iPhone.ActiveCfg = Release|Any CPU
		{CAC14DA2-F9D5-4EF0-B152-3FDB09D68262}.Ad-Hoc|iPhone.Build.0 = Release|Any CPU
		{CAC14DA2-F9D5-4EF0-B152-3FDB09D68262}.Ad-Hoc|iPhoneSimulator.ActiveCfg = Release|Any CPU
		{CAC14DA2-F9D5-4EF0-B152-3FDB09D68262}.Ad-Hoc|iPhoneSimulator.Build.0 = Release|Any CPU
		{CAC14DA2-F9D5-4EF0-B152-3FDB09D68262}.Ad-Hoc|x64.ActiveCfg = Release|Any CPU
		{CAC14DA2-F9D5-4EF0-B152-3FDB09D68262}.Ad-Hoc|x64.Build.0 = Release|Any CPU
		{CAC14DA2-F9D5-4EF0-B152-3FDB09D68262}.Ad-Hoc|x86.ActiveCfg = Release|Any CPU
		{CAC14DA2-F9D5-4EF0-B152-3FDB09D68262}.Ad-Hoc|x86.Build.0 = Release|Any CPU
		{CAC14DA2-F9D5-4EF0-B152-3FDB09D68262}.AppStore|Any CPU.ActiveCfg = Release|Any CPU
		{CAC14DA2-F9D5-4EF0-B152-3FDB09D68262}.AppStore|Any CPU.Build.0 = Release|Any CPU
		{CAC14DA2-F9D5-4EF0-B152-3FDB09D68262}.AppStore|ARM.ActiveCfg = Release|Any CPU
		{CAC14DA2-F9D5-4EF0-B152-3FDB09D68262}.AppStore|ARM.Build.0 = Release|Any CPU
		{CAC14DA2-F9D5-4EF0-B152-3FDB09D68262}.AppStore|iPhone.ActiveCfg = Release|Any CPU
		{CAC14DA2-F9D5-4EF0-B152-3FDB09D68262}.AppStore|iPhone.Build.0 = Release|Any CPU
		{CAC14DA2-F9D5-4EF0-B152-3FDB09D68262}.AppStore|iPhoneSimulator.ActiveCfg = Release|Any CPU
		{CAC14DA2-F9D5-4EF0-B152-3FDB09D68262}.AppStore|iPhoneSimulator.Build.0 = Release|Any CPU
		{CAC14DA2-F9D5-4EF0-B152-3FDB09D68262}.AppStore|x64.ActiveCfg = Release|Any CPU
		{CAC14DA2-F9D5-4EF0-B152-3FDB09D68262}.AppStore|x64.Build.0 = Release|Any CPU
		{CAC14DA2-F9D5-4EF0-B152-3FDB09D68262}.AppStore|x86.ActiveCfg = Release|Any CPU
		{CAC14DA2-F9D5-4EF0-B152-3FDB09D68262}.AppStore|x86.Build.0 = Release|Any CPU
		{CAC14DA2-F9D5-4EF0-B152-3FDB09D68262}.Debug|Any CPU.ActiveCfg = Debug|Any CPU
		{CAC14DA2-F9D5-4EF0-B152-3FDB09D68262}.Debug|Any CPU.Build.0 = Debug|Any CPU
		{CAC14DA2-F9D5-4EF0-B152-3FDB09D68262}.Debug|ARM.ActiveCfg = Debug|Any CPU
		{CAC14DA2-F9D5-4EF0-B152-3FDB09D68262}.Debug|ARM.Build.0 = Debug|Any CPU
		{CAC14DA2-F9D5-4EF0-B152-3FDB09D68262}.Debug|iPhone.ActiveCfg = Debug|Any CPU
		{CAC14DA2-F9D5-4EF0-B152-3FDB09D68262}.Debug|iPhone.Build.0 = Debug|Any CPU
		{CAC14DA2-F9D5-4EF0-B152-3FDB09D68262}.Debug|iPhoneSimulator.ActiveCfg = Debug|Any CPU
		{CAC14DA2-F9D5-4EF0-B152-3FDB09D68262}.Debug|iPhoneSimulator.Build.0 = Debug|Any CPU
		{CAC14DA2-F9D5-4EF0-B152-3FDB09D68262}.Debug|x64.ActiveCfg = Debug|Any CPU
		{CAC14DA2-F9D5-4EF0-B152-3FDB09D68262}.Debug|x64.Build.0 = Debug|Any CPU
		{CAC14DA2-F9D5-4EF0-B152-3FDB09D68262}.Debug|x86.ActiveCfg = Debug|Any CPU
		{CAC14DA2-F9D5-4EF0-B152-3FDB09D68262}.Debug|x86.Build.0 = Debug|Any CPU
		{CAC14DA2-F9D5-4EF0-B152-3FDB09D68262}.Release|Any CPU.ActiveCfg = Release|Any CPU
		{CAC14DA2-F9D5-4EF0-B152-3FDB09D68262}.Release|Any CPU.Build.0 = Release|Any CPU
		{CAC14DA2-F9D5-4EF0-B152-3FDB09D68262}.Release|ARM.ActiveCfg = Release|Any CPU
		{CAC14DA2-F9D5-4EF0-B152-3FDB09D68262}.Release|ARM.Build.0 = Release|Any CPU
		{CAC14DA2-F9D5-4EF0-B152-3FDB09D68262}.Release|iPhone.ActiveCfg = Release|Any CPU
		{CAC14DA2-F9D5-4EF0-B152-3FDB09D68262}.Release|iPhone.Build.0 = Release|Any CPU
		{CAC14DA2-F9D5-4EF0-B152-3FDB09D68262}.Release|iPhoneSimulator.ActiveCfg = Release|Any CPU
		{CAC14DA2-F9D5-4EF0-B152-3FDB09D68262}.Release|iPhoneSimulator.Build.0 = Release|Any CPU
		{CAC14DA2-F9D5-4EF0-B152-3FDB09D68262}.Release|x64.ActiveCfg = Release|Any CPU
		{CAC14DA2-F9D5-4EF0-B152-3FDB09D68262}.Release|x64.Build.0 = Release|Any CPU
		{CAC14DA2-F9D5-4EF0-B152-3FDB09D68262}.Release|x86.ActiveCfg = Release|Any CPU
		{CAC14DA2-F9D5-4EF0-B152-3FDB09D68262}.Release|x86.Build.0 = Release|Any CPU
	EndGlobalSection
	GlobalSection(SolutionProperties) = preSolution
		HideSolutionNode = FALSE
	EndGlobalSection
EndGlobal
