
Microsoft Visual Studio Solution File, Format Version 12.00
# Visual Studio 14
VisualStudioVersion = 14.0.25420.1
MinimumVisualStudioVersion = 10.0.40219.1
Project("{FAE04EC0-301F-11D3-BF4B-00C04F79EFBC}") = "XamlSamples.Droid", "XamlSamples\XamlSamples.Droid\XamlSamples.Droid.csproj", "{E5CD0A38-1681-4D1D-BB52-F7AD3D94697C}"
EndProject
Project("{FAE04EC0-301F-11D3-BF4B-00C04F79EFBC}") = "XamlSamples.iOS", "XamlSamples\XamlSamples.iOS\XamlSamples.iOS.csproj", "{A66FB5DB-E33E-4A0D-A581-98618AD81A8D}"
EndProject
Project("{FAE04EC0-301F-11D3-BF4B-00C04F79EFBC}") = "XamlSamples.WinPhone", "XamlSamples\XamlSamples.WinPhone\XamlSamples.WinPhone.csproj", "{8BC8727C-FDB3-4DAC-965F-0C0D65C8635E}"
EndProject
Project("{FAE04EC0-301F-11D3-BF4B-00C04F79EFBC}") = "XamlSamples.Windows", "XamlSamples\XamlSamples.Windows\XamlSamples.Windows.csproj", "{94CC782E-C483-461A-9944-455BF05B9F8C}"
EndProject
Project("{FAE04EC0-301F-11D3-BF4B-00C04F79EFBC}") = "XamlSamples", "XamlSamples\XamlSamples\XamlSamples.csproj", "{94A4328E-349B-4C7A-A8CC-DAB8995F8F74}"
EndProject
Global
	GlobalSection(SolutionConfigurationPlatforms) = preSolution
		Ad-Hoc|Any CPU = Ad-Hoc|Any CPU
		Ad-Hoc|ARM = Ad-Hoc|ARM
		Ad-Hoc|iPhone = Ad-Hoc|iPhone
		Ad-Hoc|iPhoneSimulator = Ad-Hoc|iPhoneSimulator
		Ad-Hoc|x64 = Ad-Hoc|x64
		Ad-Hoc|x86 = Ad-Hoc|x86
		AppStore|Any CPU = AppStore|Any CPU
		AppStore|ARM = AppStore|ARM
		AppStore|iPhone = AppStore|iPhone
		AppStore|iPhoneSimulator = AppStore|iPhoneSimulator
		AppStore|x64 = AppStore|x64
		AppStore|x86 = AppStore|x86
		Debug|Any CPU = Debug|Any CPU
		Debug|ARM = Debug|ARM
		Debug|iPhone = Debug|iPhone
		Debug|iPhoneSimulator = Debug|iPhoneSimulator
		Debug|x64 = Debug|x64
		Debug|x86 = Debug|x86
		Release|Any CPU = Release|Any CPU
		Release|ARM = Release|ARM
		Release|iPhone = Release|iPhone
		Release|iPhoneSimulator = Release|iPhoneSimulator
		Release|x64 = Release|x64
		Release|x86 = Release|x86
	EndGlobalSection
	GlobalSection(ProjectConfigurationPlatforms) = postSolution
		{E5CD0A38-1681-4D1D-BB52-F7AD3D94697C}.Ad-Hoc|Any CPU.ActiveCfg = Release|Any CPU
		{E5CD0A38-1681-4D1D-BB52-F7AD3D94697C}.Ad-Hoc|Any CPU.Build.0 = Release|Any CPU
		{E5CD0A38-1681-4D1D-BB52-F7AD3D94697C}.Ad-Hoc|Any CPU.Deploy.0 = Release|Any CPU
		{E5CD0A38-1681-4D1D-BB52-F7AD3D94697C}.Ad-Hoc|ARM.ActiveCfg = Release|Any CPU
		{E5CD0A38-1681-4D1D-BB52-F7AD3D94697C}.Ad-Hoc|ARM.Build.0 = Release|Any CPU
		{E5CD0A38-1681-4D1D-BB52-F7AD3D94697C}.Ad-Hoc|ARM.Deploy.0 = Release|Any CPU
		{E5CD0A38-1681-4D1D-BB52-F7AD3D94697C}.Ad-Hoc|iPhone.ActiveCfg = Release|Any CPU
		{E5CD0A38-1681-4D1D-BB52-F7AD3D94697C}.Ad-Hoc|iPhone.Build.0 = Release|Any CPU
		{E5CD0A38-1681-4D1D-BB52-F7AD3D94697C}.Ad-Hoc|iPhone.Deploy.0 = Release|Any CPU
		{E5CD0A38-1681-4D1D-BB52-F7AD3D94697C}.Ad-Hoc|iPhoneSimulator.ActiveCfg = Release|Any CPU
		{E5CD0A38-1681-4D1D-BB52-F7AD3D94697C}.Ad-Hoc|iPhoneSimulator.Build.0 = Release|Any CPU
		{E5CD0A38-1681-4D1D-BB52-F7AD3D94697C}.Ad-Hoc|iPhoneSimulator.Deploy.0 = Release|Any CPU
		{E5CD0A38-1681-4D1D-BB52-F7AD3D94697C}.Ad-Hoc|x64.ActiveCfg = Release|Any CPU
		{E5CD0A38-1681-4D1D-BB52-F7AD3D94697C}.Ad-Hoc|x64.Build.0 = Release|Any CPU
		{E5CD0A38-1681-4D1D-BB52-F7AD3D94697C}.Ad-Hoc|x64.Deploy.0 = Release|Any CPU
		{E5CD0A38-1681-4D1D-BB52-F7AD3D94697C}.Ad-Hoc|x86.ActiveCfg = Release|Any CPU
		{E5CD0A38-1681-4D1D-BB52-F7AD3D94697C}.Ad-Hoc|x86.Build.0 = Release|Any CPU
		{E5CD0A38-1681-4D1D-BB52-F7AD3D94697C}.Ad-Hoc|x86.Deploy.0 = Release|Any CPU
		{E5CD0A38-1681-4D1D-BB52-F7AD3D94697C}.AppStore|Any CPU.ActiveCfg = Release|Any CPU
		{E5CD0A38-1681-4D1D-BB52-F7AD3D94697C}.AppStore|Any CPU.Build.0 = Release|Any CPU
		{E5CD0A38-1681-4D1D-BB52-F7AD3D94697C}.AppStore|Any CPU.Deploy.0 = Release|Any CPU
		{E5CD0A38-1681-4D1D-BB52-F7AD3D94697C}.AppStore|ARM.ActiveCfg = Release|Any CPU
		{E5CD0A38-1681-4D1D-BB52-F7AD3D94697C}.AppStore|ARM.Build.0 = Release|Any CPU
		{E5CD0A38-1681-4D1D-BB52-F7AD3D94697C}.AppStore|ARM.Deploy.0 = Release|Any CPU
		{E5CD0A38-1681-4D1D-BB52-F7AD3D94697C}.AppStore|iPhone.ActiveCfg = Release|Any CPU
		{E5CD0A38-1681-4D1D-BB52-F7AD3D94697C}.AppStore|iPhone.Build.0 = Release|Any CPU
		{E5CD0A38-1681-4D1D-BB52-F7AD3D94697C}.AppStore|iPhone.Deploy.0 = Release|Any CPU
		{E5CD0A38-1681-4D1D-BB52-F7AD3D94697C}.AppStore|iPhoneSimulator.ActiveCfg = Release|Any CPU
		{E5CD0A38-1681-4D1D-BB52-F7AD3D94697C}.AppStore|iPhoneSimulator.Build.0 = Release|Any CPU
		{E5CD0A38-1681-4D1D-BB52-F7AD3D94697C}.AppStore|iPhoneSimulator.Deploy.0 = Release|Any CPU
		{E5CD0A38-1681-4D1D-BB52-F7AD3D94697C}.AppStore|x64.ActiveCfg = Release|Any CPU
		{E5CD0A38-1681-4D1D-BB52-F7AD3D94697C}.AppStore|x64.Build.0 = Release|Any CPU
		{E5CD0A38-1681-4D1D-BB52-F7AD3D94697C}.AppStore|x64.Deploy.0 = Release|Any CPU
		{E5CD0A38-1681-4D1D-BB52-F7AD3D94697C}.AppStore|x86.ActiveCfg = Release|Any CPU
		{E5CD0A38-1681-4D1D-BB52-F7AD3D94697C}.AppStore|x86.Build.0 = Release|Any CPU
		{E5CD0A38-1681-4D1D-BB52-F7AD3D94697C}.AppStore|x86.Deploy.0 = Release|Any CPU
		{E5CD0A38-1681-4D1D-BB52-F7AD3D94697C}.Debug|Any CPU.ActiveCfg = Debug|Any CPU
		{E5CD0A38-1681-4D1D-BB52-F7AD3D94697C}.Debug|Any CPU.Build.0 = Debug|Any CPU
		{E5CD0A38-1681-4D1D-BB52-F7AD3D94697C}.Debug|Any CPU.Deploy.0 = Debug|Any CPU
		{E5CD0A38-1681-4D1D-BB52-F7AD3D94697C}.Debug|ARM.ActiveCfg = Debug|Any CPU
		{E5CD0A38-1681-4D1D-BB52-F7AD3D94697C}.Debug|ARM.Build.0 = Debug|Any CPU
		{E5CD0A38-1681-4D1D-BB52-F7AD3D94697C}.Debug|ARM.Deploy.0 = Debug|Any CPU
		{E5CD0A38-1681-4D1D-BB52-F7AD3D94697C}.Debug|iPhone.ActiveCfg = Debug|Any CPU
		{E5CD0A38-1681-4D1D-BB52-F7AD3D94697C}.Debug|iPhone.Build.0 = Debug|Any CPU
		{E5CD0A38-1681-4D1D-BB52-F7AD3D94697C}.Debug|iPhone.Deploy.0 = Debug|Any CPU
		{E5CD0A38-1681-4D1D-BB52-F7AD3D94697C}.Debug|iPhoneSimulator.ActiveCfg = Debug|Any CPU
		{E5CD0A38-1681-4D1D-BB52-F7AD3D94697C}.Debug|iPhoneSimulator.Build.0 = Debug|Any CPU
		{E5CD0A38-1681-4D1D-BB52-F7AD3D94697C}.Debug|iPhoneSimulator.Deploy.0 = Debug|Any CPU
		{E5CD0A38-1681-4D1D-BB52-F7AD3D94697C}.Debug|x64.ActiveCfg = Debug|Any CPU
		{E5CD0A38-1681-4D1D-BB52-F7AD3D94697C}.Debug|x64.Build.0 = Debug|Any CPU
		{E5CD0A38-1681-4D1D-BB52-F7AD3D94697C}.Debug|x64.Deploy.0 = Debug|Any CPU
		{E5CD0A38-1681-4D1D-BB52-F7AD3D94697C}.Debug|x86.ActiveCfg = Debug|Any CPU
		{E5CD0A38-1681-4D1D-BB52-F7AD3D94697C}.Debug|x86.Build.0 = Debug|Any CPU
		{E5CD0A38-1681-4D1D-BB52-F7AD3D94697C}.Debug|x86.Deploy.0 = Debug|Any CPU
		{E5CD0A38-1681-4D1D-BB52-F7AD3D94697C}.Release|Any CPU.ActiveCfg = Release|Any CPU
		{E5CD0A38-1681-4D1D-BB52-F7AD3D94697C}.Release|Any CPU.Build.0 = Release|Any CPU
		{E5CD0A38-1681-4D1D-BB52-F7AD3D94697C}.Release|Any CPU.Deploy.0 = Release|Any CPU
		{E5CD0A38-1681-4D1D-BB52-F7AD3D94697C}.Release|ARM.ActiveCfg = Release|Any CPU
		{E5CD0A38-1681-4D1D-BB52-F7AD3D94697C}.Release|ARM.Build.0 = Release|Any CPU
		{E5CD0A38-1681-4D1D-BB52-F7AD3D94697C}.Release|ARM.Deploy.0 = Release|Any CPU
		{E5CD0A38-1681-4D1D-BB52-F7AD3D94697C}.Release|iPhone.ActiveCfg = Release|Any CPU
		{E5CD0A38-1681-4D1D-BB52-F7AD3D94697C}.Release|iPhone.Build.0 = Release|Any CPU
		{E5CD0A38-1681-4D1D-BB52-F7AD3D94697C}.Release|iPhone.Deploy.0 = Release|Any CPU
		{E5CD0A38-1681-4D1D-BB52-F7AD3D94697C}.Release|iPhoneSimulator.ActiveCfg = Release|Any CPU
		{E5CD0A38-1681-4D1D-BB52-F7AD3D94697C}.Release|iPhoneSimulator.Build.0 = Release|Any CPU
		{E5CD0A38-1681-4D1D-BB52-F7AD3D94697C}.Release|iPhoneSimulator.Deploy.0 = Release|Any CPU
		{E5CD0A38-1681-4D1D-BB52-F7AD3D94697C}.Release|x64.ActiveCfg = Release|Any CPU
		{E5CD0A38-1681-4D1D-BB52-F7AD3D94697C}.Release|x64.Build.0 = Release|Any CPU
		{E5CD0A38-1681-4D1D-BB52-F7AD3D94697C}.Release|x64.Deploy.0 = Release|Any CPU
		{E5CD0A38-1681-4D1D-BB52-F7AD3D94697C}.Release|x86.ActiveCfg = Release|Any CPU
		{E5CD0A38-1681-4D1D-BB52-F7AD3D94697C}.Release|x86.Build.0 = Release|Any CPU
		{E5CD0A38-1681-4D1D-BB52-F7AD3D94697C}.Release|x86.Deploy.0 = Release|Any CPU
		{A66FB5DB-E33E-4A0D-A581-98618AD81A8D}.Ad-Hoc|Any CPU.ActiveCfg = Ad-Hoc|iPhone
		{A66FB5DB-E33E-4A0D-A581-98618AD81A8D}.Ad-Hoc|ARM.ActiveCfg = Ad-Hoc|iPhone
		{A66FB5DB-E33E-4A0D-A581-98618AD81A8D}.Ad-Hoc|iPhone.ActiveCfg = Ad-Hoc|iPhone
		{A66FB5DB-E33E-4A0D-A581-98618AD81A8D}.Ad-Hoc|iPhone.Build.0 = Ad-Hoc|iPhone
		{A66FB5DB-E33E-4A0D-A581-98618AD81A8D}.Ad-Hoc|iPhoneSimulator.ActiveCfg = Ad-Hoc|iPhoneSimulator
		{A66FB5DB-E33E-4A0D-A581-98618AD81A8D}.Ad-Hoc|iPhoneSimulator.Build.0 = Ad-Hoc|iPhoneSimulator
		{A66FB5DB-E33E-4A0D-A581-98618AD81A8D}.Ad-Hoc|x64.ActiveCfg = Ad-Hoc|iPhone
		{A66FB5DB-E33E-4A0D-A581-98618AD81A8D}.Ad-Hoc|x86.ActiveCfg = Ad-Hoc|iPhone
		{A66FB5DB-E33E-4A0D-A581-98618AD81A8D}.AppStore|Any CPU.ActiveCfg = AppStore|iPhone
		{A66FB5DB-E33E-4A0D-A581-98618AD81A8D}.AppStore|ARM.ActiveCfg = AppStore|iPhone
		{A66FB5DB-E33E-4A0D-A581-98618AD81A8D}.AppStore|iPhone.ActiveCfg = AppStore|iPhone
		{A66FB5DB-E33E-4A0D-A581-98618AD81A8D}.AppStore|iPhone.Build.0 = AppStore|iPhone
		{A66FB5DB-E33E-4A0D-A581-98618AD81A8D}.AppStore|iPhoneSimulator.ActiveCfg = AppStore|iPhoneSimulator
		{A66FB5DB-E33E-4A0D-A581-98618AD81A8D}.AppStore|iPhoneSimulator.Build.0 = AppStore|iPhoneSimulator
		{A66FB5DB-E33E-4A0D-A581-98618AD81A8D}.AppStore|x64.ActiveCfg = AppStore|iPhone
		{A66FB5DB-E33E-4A0D-A581-98618AD81A8D}.AppStore|x86.ActiveCfg = AppStore|iPhone
		{A66FB5DB-E33E-4A0D-A581-98618AD81A8D}.Debug|Any CPU.ActiveCfg = Debug|iPhone
		{A66FB5DB-E33E-4A0D-A581-98618AD81A8D}.Debug|ARM.ActiveCfg = Debug|iPhone
		{A66FB5DB-E33E-4A0D-A581-98618AD81A8D}.Debug|iPhone.ActiveCfg = Debug|iPhone
		{A66FB5DB-E33E-4A0D-A581-98618AD81A8D}.Debug|iPhone.Build.0 = Debug|iPhone
		{A66FB5DB-E33E-4A0D-A581-98618AD81A8D}.Debug|iPhoneSimulator.ActiveCfg = Debug|iPhoneSimulator
		{A66FB5DB-E33E-4A0D-A581-98618AD81A8D}.Debug|iPhoneSimulator.Build.0 = Debug|iPhoneSimulator
		{A66FB5DB-E33E-4A0D-A581-98618AD81A8D}.Debug|x64.ActiveCfg = Debug|iPhone
		{A66FB5DB-E33E-4A0D-A581-98618AD81A8D}.Debug|x86.ActiveCfg = Debug|iPhone
		{A66FB5DB-E33E-4A0D-A581-98618AD81A8D}.Release|Any CPU.ActiveCfg = Release|iPhone
		{A66FB5DB-E33E-4A0D-A581-98618AD81A8D}.Release|ARM.ActiveCfg = Release|iPhone
		{A66FB5DB-E33E-4A0D-A581-98618AD81A8D}.Release|iPhone.ActiveCfg = Release|iPhone
		{A66FB5DB-E33E-4A0D-A581-98618AD81A8D}.Release|iPhone.Build.0 = Release|iPhone
		{A66FB5DB-E33E-4A0D-A581-98618AD81A8D}.Release|iPhoneSimulator.ActiveCfg = Release|iPhoneSimulator
		{A66FB5DB-E33E-4A0D-A581-98618AD81A8D}.Release|iPhoneSimulator.Build.0 = Release|iPhoneSimulator
		{A66FB5DB-E33E-4A0D-A581-98618AD81A8D}.Release|x64.ActiveCfg = Release|iPhone
		{A66FB5DB-E33E-4A0D-A581-98618AD81A8D}.Release|x86.ActiveCfg = Release|iPhone
		{8BC8727C-FDB3-4DAC-965F-0C0D65C8635E}.Ad-Hoc|Any CPU.ActiveCfg = Release|Any CPU
		{8BC8727C-FDB3-4DAC-965F-0C0D65C8635E}.Ad-Hoc|Any CPU.Build.0 = Release|Any CPU
		{8BC8727C-FDB3-4DAC-965F-0C0D65C8635E}.Ad-Hoc|Any CPU.Deploy.0 = Release|Any CPU
		{8BC8727C-FDB3-4DAC-965F-0C0D65C8635E}.Ad-Hoc|ARM.ActiveCfg = Release|ARM
		{8BC8727C-FDB3-4DAC-965F-0C0D65C8635E}.Ad-Hoc|ARM.Build.0 = Release|ARM
		{8BC8727C-FDB3-4DAC-965F-0C0D65C8635E}.Ad-Hoc|ARM.Deploy.0 = Release|ARM
		{8BC8727C-FDB3-4DAC-965F-0C0D65C8635E}.Ad-Hoc|iPhone.ActiveCfg = Release|Any CPU
		{8BC8727C-FDB3-4DAC-965F-0C0D65C8635E}.Ad-Hoc|iPhone.Build.0 = Release|Any CPU
		{8BC8727C-FDB3-4DAC-965F-0C0D65C8635E}.Ad-Hoc|iPhone.Deploy.0 = Release|Any CPU
		{8BC8727C-FDB3-4DAC-965F-0C0D65C8635E}.Ad-Hoc|iPhoneSimulator.ActiveCfg = Release|Any CPU
		{8BC8727C-FDB3-4DAC-965F-0C0D65C8635E}.Ad-Hoc|iPhoneSimulator.Build.0 = Release|Any CPU
		{8BC8727C-FDB3-4DAC-965F-0C0D65C8635E}.Ad-Hoc|iPhoneSimulator.Deploy.0 = Release|Any CPU
		{8BC8727C-FDB3-4DAC-965F-0C0D65C8635E}.Ad-Hoc|x64.ActiveCfg = Release|Any CPU
		{8BC8727C-FDB3-4DAC-965F-0C0D65C8635E}.Ad-Hoc|x64.Build.0 = Release|Any CPU
		{8BC8727C-FDB3-4DAC-965F-0C0D65C8635E}.Ad-Hoc|x64.Deploy.0 = Release|Any CPU
		{8BC8727C-FDB3-4DAC-965F-0C0D65C8635E}.Ad-Hoc|x86.ActiveCfg = Release|x86
		{8BC8727C-FDB3-4DAC-965F-0C0D65C8635E}.Ad-Hoc|x86.Build.0 = Release|x86
		{8BC8727C-FDB3-4DAC-965F-0C0D65C8635E}.Ad-Hoc|x86.Deploy.0 = Release|x86
		{8BC8727C-FDB3-4DAC-965F-0C0D65C8635E}.AppStore|Any CPU.ActiveCfg = Release|Any CPU
		{8BC8727C-FDB3-4DAC-965F-0C0D65C8635E}.AppStore|Any CPU.Build.0 = Release|Any CPU
		{8BC8727C-FDB3-4DAC-965F-0C0D65C8635E}.AppStore|Any CPU.Deploy.0 = Release|Any CPU
		{8BC8727C-FDB3-4DAC-965F-0C0D65C8635E}.AppStore|ARM.ActiveCfg = Release|ARM
		{8BC8727C-FDB3-4DAC-965F-0C0D65C8635E}.AppStore|ARM.Build.0 = Release|ARM
		{8BC8727C-FDB3-4DAC-965F-0C0D65C8635E}.AppStore|ARM.Deploy.0 = Release|ARM
		{8BC8727C-FDB3-4DAC-965F-0C0D65C8635E}.AppStore|iPhone.ActiveCfg = Release|Any CPU
		{8BC8727C-FDB3-4DAC-965F-0C0D65C8635E}.AppStore|iPhone.Build.0 = Release|Any CPU
		{8BC8727C-FDB3-4DAC-965F-0C0D65C8635E}.AppStore|iPhone.Deploy.0 = Release|Any CPU
		{8BC8727C-FDB3-4DAC-965F-0C0D65C8635E}.AppStore|iPhoneSimulator.ActiveCfg = Release|Any CPU
		{8BC8727C-FDB3-4DAC-965F-0C0D65C8635E}.AppStore|iPhoneSimulator.Build.0 = Release|Any CPU
		{8BC8727C-FDB3-4DAC-965F-0C0D65C8635E}.AppStore|iPhoneSimulator.Deploy.0 = Release|Any CPU
		{8BC8727C-FDB3-4DAC-965F-0C0D65C8635E}.AppStore|x64.ActiveCfg = Release|Any CPU
		{8BC8727C-FDB3-4DAC-965F-0C0D65C8635E}.AppStore|x64.Build.0 = Release|Any CPU
		{8BC8727C-FDB3-4DAC-965F-0C0D65C8635E}.AppStore|x64.Deploy.0 = Release|Any CPU
		{8BC8727C-FDB3-4DAC-965F-0C0D65C8635E}.AppStore|x86.ActiveCfg = Release|x86
		{8BC8727C-FDB3-4DAC-965F-0C0D65C8635E}.AppStore|x86.Build.0 = Release|x86
		{8BC8727C-FDB3-4DAC-965F-0C0D65C8635E}.AppStore|x86.Deploy.0 = Release|x86
		{8BC8727C-FDB3-4DAC-965F-0C0D65C8635E}.Debug|Any CPU.ActiveCfg = Debug|Any CPU
		{8BC8727C-FDB3-4DAC-965F-0C0D65C8635E}.Debug|Any CPU.Build.0 = Debug|Any CPU
		{8BC8727C-FDB3-4DAC-965F-0C0D65C8635E}.Debug|Any CPU.Deploy.0 = Debug|Any CPU
		{8BC8727C-FDB3-4DAC-965F-0C0D65C8635E}.Debug|ARM.ActiveCfg = Debug|ARM
		{8BC8727C-FDB3-4DAC-965F-0C0D65C8635E}.Debug|ARM.Build.0 = Debug|ARM
		{8BC8727C-FDB3-4DAC-965F-0C0D65C8635E}.Debug|ARM.Deploy.0 = Debug|ARM
		{8BC8727C-FDB3-4DAC-965F-0C0D65C8635E}.Debug|iPhone.ActiveCfg = Debug|Any CPU
		{8BC8727C-FDB3-4DAC-965F-0C0D65C8635E}.Debug|iPhone.Build.0 = Debug|Any CPU
		{8BC8727C-FDB3-4DAC-965F-0C0D65C8635E}.Debug|iPhone.Deploy.0 = Debug|Any CPU
		{8BC8727C-FDB3-4DAC-965F-0C0D65C8635E}.Debug|iPhoneSimulator.ActiveCfg = Debug|Any CPU
		{8BC8727C-FDB3-4DAC-965F-0C0D65C8635E}.Debug|iPhoneSimulator.Build.0 = Debug|Any CPU
		{8BC8727C-FDB3-4DAC-965F-0C0D65C8635E}.Debug|iPhoneSimulator.Deploy.0 = Debug|Any CPU
		{8BC8727C-FDB3-4DAC-965F-0C0D65C8635E}.Debug|x64.ActiveCfg = Debug|Any CPU
		{8BC8727C-FDB3-4DAC-965F-0C0D65C8635E}.Debug|x64.Build.0 = Debug|Any CPU
		{8BC8727C-FDB3-4DAC-965F-0C0D65C8635E}.Debug|x64.Deploy.0 = Debug|Any CPU
		{8BC8727C-FDB3-4DAC-965F-0C0D65C8635E}.Debug|x86.ActiveCfg = Debug|x86
		{8BC8727C-FDB3-4DAC-965F-0C0D65C8635E}.Debug|x86.Build.0 = Debug|x86
		{8BC8727C-FDB3-4DAC-965F-0C0D65C8635E}.Debug|x86.Deploy.0 = Debug|x86
		{8BC8727C-FDB3-4DAC-965F-0C0D65C8635E}.Release|Any CPU.ActiveCfg = Release|Any CPU
		{8BC8727C-FDB3-4DAC-965F-0C0D65C8635E}.Release|Any CPU.Build.0 = Release|Any CPU
		{8BC8727C-FDB3-4DAC-965F-0C0D65C8635E}.Release|Any CPU.Deploy.0 = Release|Any CPU
		{8BC8727C-FDB3-4DAC-965F-0C0D65C8635E}.Release|ARM.ActiveCfg = Release|ARM
		{8BC8727C-FDB3-4DAC-965F-0C0D65C8635E}.Release|ARM.Build.0 = Release|ARM
		{8BC8727C-FDB3-4DAC-965F-0C0D65C8635E}.Release|ARM.Deploy.0 = Release|ARM
		{8BC8727C-FDB3-4DAC-965F-0C0D65C8635E}.Release|iPhone.ActiveCfg = Release|Any CPU
		{8BC8727C-FDB3-4DAC-965F-0C0D65C8635E}.Release|iPhone.Build.0 = Release|Any CPU
		{8BC8727C-FDB3-4DAC-965F-0C0D65C8635E}.Release|iPhone.Deploy.0 = Release|Any CPU
		{8BC8727C-FDB3-4DAC-965F-0C0D65C8635E}.Release|iPhoneSimulator.ActiveCfg = Release|Any CPU
		{8BC8727C-FDB3-4DAC-965F-0C0D65C8635E}.Release|iPhoneSimulator.Build.0 = Release|Any CPU
		{8BC8727C-FDB3-4DAC-965F-0C0D65C8635E}.Release|iPhoneSimulator.Deploy.0 = Release|Any CPU
		{8BC8727C-FDB3-4DAC-965F-0C0D65C8635E}.Release|x64.ActiveCfg = Release|Any CPU
		{8BC8727C-FDB3-4DAC-965F-0C0D65C8635E}.Release|x64.Build.0 = Release|Any CPU
		{8BC8727C-FDB3-4DAC-965F-0C0D65C8635E}.Release|x64.Deploy.0 = Release|Any CPU
		{8BC8727C-FDB3-4DAC-965F-0C0D65C8635E}.Release|x86.ActiveCfg = Release|x86
		{8BC8727C-FDB3-4DAC-965F-0C0D65C8635E}.Release|x86.Build.0 = Release|x86
		{8BC8727C-FDB3-4DAC-965F-0C0D65C8635E}.Release|x86.Deploy.0 = Release|x86
		{94CC782E-C483-461A-9944-455BF05B9F8C}.Ad-Hoc|Any CPU.ActiveCfg = Release|Any CPU
		{94CC782E-C483-461A-9944-455BF05B9F8C}.Ad-Hoc|Any CPU.Build.0 = Release|Any CPU
		{94CC782E-C483-461A-9944-455BF05B9F8C}.Ad-Hoc|Any CPU.Deploy.0 = Release|Any CPU
		{94CC782E-C483-461A-9944-455BF05B9F8C}.Ad-Hoc|ARM.ActiveCfg = Release|ARM
		{94CC782E-C483-461A-9944-455BF05B9F8C}.Ad-Hoc|ARM.Build.0 = Release|ARM
		{94CC782E-C483-461A-9944-455BF05B9F8C}.Ad-Hoc|ARM.Deploy.0 = Release|ARM
		{94CC782E-C483-461A-9944-455BF05B9F8C}.Ad-Hoc|iPhone.ActiveCfg = Release|Any CPU
		{94CC782E-C483-461A-9944-455BF05B9F8C}.Ad-Hoc|iPhone.Build.0 = Release|Any CPU
		{94CC782E-C483-461A-9944-455BF05B9F8C}.Ad-Hoc|iPhone.Deploy.0 = Release|Any CPU
		{94CC782E-C483-461A-9944-455BF05B9F8C}.Ad-Hoc|iPhoneSimulator.ActiveCfg = Release|Any CPU
		{94CC782E-C483-461A-9944-455BF05B9F8C}.Ad-Hoc|iPhoneSimulator.Build.0 = Release|Any CPU
		{94CC782E-C483-461A-9944-455BF05B9F8C}.Ad-Hoc|iPhoneSimulator.Deploy.0 = Release|Any CPU
		{94CC782E-C483-461A-9944-455BF05B9F8C}.Ad-Hoc|x64.ActiveCfg = Release|x64
		{94CC782E-C483-461A-9944-455BF05B9F8C}.Ad-Hoc|x64.Build.0 = Release|x64
		{94CC782E-C483-461A-9944-455BF05B9F8C}.Ad-Hoc|x64.Deploy.0 = Release|x64
		{94CC782E-C483-461A-9944-455BF05B9F8C}.Ad-Hoc|x86.ActiveCfg = Release|x86
		{94CC782E-C483-461A-9944-455BF05B9F8C}.Ad-Hoc|x86.Build.0 = Release|x86
		{94CC782E-C483-461A-9944-455BF05B9F8C}.Ad-Hoc|x86.Deploy.0 = Release|x86
		{94CC782E-C483-461A-9944-455BF05B9F8C}.AppStore|Any CPU.ActiveCfg = Release|Any CPU
		{94CC782E-C483-461A-9944-455BF05B9F8C}.AppStore|Any CPU.Build.0 = Release|Any CPU
		{94CC782E-C483-461A-9944-455BF05B9F8C}.AppStore|Any CPU.Deploy.0 = Release|Any CPU
		{94CC782E-C483-461A-9944-455BF05B9F8C}.AppStore|ARM.ActiveCfg = Release|ARM
		{94CC782E-C483-461A-9944-455BF05B9F8C}.AppStore|ARM.Build.0 = Release|ARM
		{94CC782E-C483-461A-9944-455BF05B9F8C}.AppStore|ARM.Deploy.0 = Release|ARM
		{94CC782E-C483-461A-9944-455BF05B9F8C}.AppStore|iPhone.ActiveCfg = Release|Any CPU
		{94CC782E-C483-461A-9944-455BF05B9F8C}.AppStore|iPhone.Build.0 = Release|Any CPU
		{94CC782E-C483-461A-9944-455BF05B9F8C}.AppStore|iPhone.Deploy.0 = Release|Any CPU
		{94CC782E-C483-461A-9944-455BF05B9F8C}.AppStore|iPhoneSimulator.ActiveCfg = Release|Any CPU
		{94CC782E-C483-461A-9944-455BF05B9F8C}.AppStore|iPhoneSimulator.Build.0 = Release|Any CPU
		{94CC782E-C483-461A-9944-455BF05B9F8C}.AppStore|iPhoneSimulator.Deploy.0 = Release|Any CPU
		{94CC782E-C483-461A-9944-455BF05B9F8C}.AppStore|x64.ActiveCfg = Release|x64
		{94CC782E-C483-461A-9944-455BF05B9F8C}.AppStore|x64.Build.0 = Release|x64
		{94CC782E-C483-461A-9944-455BF05B9F8C}.AppStore|x64.Deploy.0 = Release|x64
		{94CC782E-C483-461A-9944-455BF05B9F8C}.AppStore|x86.ActiveCfg = Release|x86
		{94CC782E-C483-461A-9944-455BF05B9F8C}.AppStore|x86.Build.0 = Release|x86
		{94CC782E-C483-461A-9944-455BF05B9F8C}.AppStore|x86.Deploy.0 = Release|x86
		{94CC782E-C483-461A-9944-455BF05B9F8C}.Debug|Any CPU.ActiveCfg = Debug|Any CPU
		{94CC782E-C483-461A-9944-455BF05B9F8C}.Debug|Any CPU.Build.0 = Debug|Any CPU
		{94CC782E-C483-461A-9944-455BF05B9F8C}.Debug|Any CPU.Deploy.0 = Debug|Any CPU
		{94CC782E-C483-461A-9944-455BF05B9F8C}.Debug|ARM.ActiveCfg = Debug|ARM
		{94CC782E-C483-461A-9944-455BF05B9F8C}.Debug|ARM.Build.0 = Debug|ARM
		{94CC782E-C483-461A-9944-455BF05B9F8C}.Debug|ARM.Deploy.0 = Debug|ARM
		{94CC782E-C483-461A-9944-455BF05B9F8C}.Debug|iPhone.ActiveCfg = Debug|Any CPU
		{94CC782E-C483-461A-9944-455BF05B9F8C}.Debug|iPhone.Build.0 = Debug|Any CPU
		{94CC782E-C483-461A-9944-455BF05B9F8C}.Debug|iPhone.Deploy.0 = Debug|Any CPU
		{94CC782E-C483-461A-9944-455BF05B9F8C}.Debug|iPhoneSimulator.ActiveCfg = Debug|Any CPU
		{94CC782E-C483-461A-9944-455BF05B9F8C}.Debug|iPhoneSimulator.Build.0 = Debug|Any CPU
		{94CC782E-C483-461A-9944-455BF05B9F8C}.Debug|iPhoneSimulator.Deploy.0 = Debug|Any CPU
		{94CC782E-C483-461A-9944-455BF05B9F8C}.Debug|x64.ActiveCfg = Debug|x64
		{94CC782E-C483-461A-9944-455BF05B9F8C}.Debug|x64.Build.0 = Debug|x64
		{94CC782E-C483-461A-9944-455BF05B9F8C}.Debug|x64.Deploy.0 = Debug|x64
		{94CC782E-C483-461A-9944-455BF05B9F8C}.Debug|x86.ActiveCfg = Debug|x86
		{94CC782E-C483-461A-9944-455BF05B9F8C}.Debug|x86.Build.0 = Debug|x86
		{94CC782E-C483-461A-9944-455BF05B9F8C}.Debug|x86.Deploy.0 = Debug|x86
		{94CC782E-C483-461A-9944-455BF05B9F8C}.Release|Any CPU.ActiveCfg = Release|Any CPU
		{94CC782E-C483-461A-9944-455BF05B9F8C}.Release|Any CPU.Build.0 = Release|Any CPU
		{94CC782E-C483-461A-9944-455BF05B9F8C}.Release|Any CPU.Deploy.0 = Release|Any CPU
		{94CC782E-C483-461A-9944-455BF05B9F8C}.Release|ARM.ActiveCfg = Release|ARM
		{94CC782E-C483-461A-9944-455BF05B9F8C}.Release|ARM.Build.0 = Release|ARM
		{94CC782E-C483-461A-9944-455BF05B9F8C}.Release|ARM.Deploy.0 = Release|ARM
		{94CC782E-C483-461A-9944-455BF05B9F8C}.Release|iPhone.ActiveCfg = Release|Any CPU
		{94CC782E-C483-461A-9944-455BF05B9F8C}.Release|iPhone.Build.0 = Release|Any CPU
		{94CC782E-C483-461A-9944-455BF05B9F8C}.Release|iPhone.Deploy.0 = Release|Any CPU
		{94CC782E-C483-461A-9944-455BF05B9F8C}.Release|iPhoneSimulator.ActiveCfg = Release|Any CPU
		{94CC782E-C483-461A-9944-455BF05B9F8C}.Release|iPhoneSimulator.Build.0 = Release|Any CPU
		{94CC782E-C483-461A-9944-455BF05B9F8C}.Release|iPhoneSimulator.Deploy.0 = Release|Any CPU
		{94CC782E-C483-461A-9944-455BF05B9F8C}.Release|x64.ActiveCfg = Release|x64
		{94CC782E-C483-461A-9944-455BF05B9F8C}.Release|x64.Build.0 = Release|x64
		{94CC782E-C483-461A-9944-455BF05B9F8C}.Release|x64.Deploy.0 = Release|x64
		{94CC782E-C483-461A-9944-455BF05B9F8C}.Release|x86.ActiveCfg = Release|x86
		{94CC782E-C483-461A-9944-455BF05B9F8C}.Release|x86.Build.0 = Release|x86
		{94CC782E-C483-461A-9944-455BF05B9F8C}.Release|x86.Deploy.0 = Release|x86
		{94A4328E-349B-4C7A-A8CC-DAB8995F8F74}.Ad-Hoc|Any CPU.ActiveCfg = Release|Any CPU
		{94A4328E-349B-4C7A-A8CC-DAB8995F8F74}.Ad-Hoc|Any CPU.Build.0 = Release|Any CPU
		{94A4328E-349B-4C7A-A8CC-DAB8995F8F74}.Ad-Hoc|ARM.ActiveCfg = Release|Any CPU
		{94A4328E-349B-4C7A-A8CC-DAB8995F8F74}.Ad-Hoc|ARM.Build.0 = Release|Any CPU
		{94A4328E-349B-4C7A-A8CC-DAB8995F8F74}.Ad-Hoc|iPhone.ActiveCfg = Release|Any CPU
		{94A4328E-349B-4C7A-A8CC-DAB8995F8F74}.Ad-Hoc|iPhone.Build.0 = Release|Any CPU
		{94A4328E-349B-4C7A-A8CC-DAB8995F8F74}.Ad-Hoc|iPhoneSimulator.ActiveCfg = Release|Any CPU
		{94A4328E-349B-4C7A-A8CC-DAB8995F8F74}.Ad-Hoc|iPhoneSimulator.Build.0 = Release|Any CPU
		{94A4328E-349B-4C7A-A8CC-DAB8995F8F74}.Ad-Hoc|x64.ActiveCfg = Release|Any CPU
		{94A4328E-349B-4C7A-A8CC-DAB8995F8F74}.Ad-Hoc|x64.Build.0 = Release|Any CPU
		{94A4328E-349B-4C7A-A8CC-DAB8995F8F74}.Ad-Hoc|x86.ActiveCfg = Release|Any CPU
		{94A4328E-349B-4C7A-A8CC-DAB8995F8F74}.Ad-Hoc|x86.Build.0 = Release|Any CPU
		{94A4328E-349B-4C7A-A8CC-DAB8995F8F74}.AppStore|Any CPU.ActiveCfg = Release|Any CPU
		{94A4328E-349B-4C7A-A8CC-DAB8995F8F74}.AppStore|Any CPU.Build.0 = Release|Any CPU
		{94A4328E-349B-4C7A-A8CC-DAB8995F8F74}.AppStore|ARM.ActiveCfg = Release|Any CPU
		{94A4328E-349B-4C7A-A8CC-DAB8995F8F74}.AppStore|ARM.Build.0 = Release|Any CPU
		{94A4328E-349B-4C7A-A8CC-DAB8995F8F74}.AppStore|iPhone.ActiveCfg = Release|Any CPU
		{94A4328E-349B-4C7A-A8CC-DAB8995F8F74}.AppStore|iPhone.Build.0 = Release|Any CPU
		{94A4328E-349B-4C7A-A8CC-DAB8995F8F74}.AppStore|iPhoneSimulator.ActiveCfg = Release|Any CPU
		{94A4328E-349B-4C7A-A8CC-DAB8995F8F74}.AppStore|iPhoneSimulator.Build.0 = Release|Any CPU
		{94A4328E-349B-4C7A-A8CC-DAB8995F8F74}.AppStore|x64.ActiveCfg = Release|Any CPU
		{94A4328E-349B-4C7A-A8CC-DAB8995F8F74}.AppStore|x64.Build.0 = Release|Any CPU
		{94A4328E-349B-4C7A-A8CC-DAB8995F8F74}.AppStore|x86.ActiveCfg = Release|Any CPU
		{94A4328E-349B-4C7A-A8CC-DAB8995F8F74}.AppStore|x86.Build.0 = Release|Any CPU
		{94A4328E-349B-4C7A-A8CC-DAB8995F8F74}.Debug|Any CPU.ActiveCfg = Debug|Any CPU
		{94A4328E-349B-4C7A-A8CC-DAB8995F8F74}.Debug|Any CPU.Build.0 = Debug|Any CPU
		{94A4328E-349B-4C7A-A8CC-DAB8995F8F74}.Debug|ARM.ActiveCfg = Debug|Any CPU
		{94A4328E-349B-4C7A-A8CC-DAB8995F8F74}.Debug|ARM.Build.0 = Debug|Any CPU
		{94A4328E-349B-4C7A-A8CC-DAB8995F8F74}.Debug|iPhone.ActiveCfg = Debug|Any CPU
		{94A4328E-349B-4C7A-A8CC-DAB8995F8F74}.Debug|iPhone.Build.0 = Debug|Any CPU
		{94A4328E-349B-4C7A-A8CC-DAB8995F8F74}.Debug|iPhoneSimulator.ActiveCfg = Debug|Any CPU
		{94A4328E-349B-4C7A-A8CC-DAB8995F8F74}.Debug|iPhoneSimulator.Build.0 = Debug|Any CPU
		{94A4328E-349B-4C7A-A8CC-DAB8995F8F74}.Debug|x64.ActiveCfg = Debug|Any CPU
		{94A4328E-349B-4C7A-A8CC-DAB8995F8F74}.Debug|x64.Build.0 = Debug|Any CPU
		{94A4328E-349B-4C7A-A8CC-DAB8995F8F74}.Debug|x86.ActiveCfg = Debug|Any CPU
		{94A4328E-349B-4C7A-A8CC-DAB8995F8F74}.Debug|x86.Build.0 = Debug|Any CPU
		{94A4328E-349B-4C7A-A8CC-DAB8995F8F74}.Release|Any CPU.ActiveCfg = Release|Any CPU
		{94A4328E-349B-4C7A-A8CC-DAB8995F8F74}.Release|Any CPU.Build.0 = Release|Any CPU
		{94A4328E-349B-4C7A-A8CC-DAB8995F8F74}.Release|ARM.ActiveCfg = Release|Any CPU
		{94A4328E-349B-4C7A-A8CC-DAB8995F8F74}.Release|ARM.Build.0 = Release|Any CPU
		{94A4328E-349B-4C7A-A8CC-DAB8995F8F74}.Release|iPhone.ActiveCfg = Release|Any CPU
		{94A4328E-349B-4C7A-A8CC-DAB8995F8F74}.Release|iPhone.Build.0 = Release|Any CPU
		{94A4328E-349B-4C7A-A8CC-DAB8995F8F74}.Release|iPhoneSimulator.ActiveCfg = Release|Any CPU
		{94A4328E-349B-4C7A-A8CC-DAB8995F8F74}.Release|iPhoneSimulator.Build.0 = Release|Any CPU
		{94A4328E-349B-4C7A-A8CC-DAB8995F8F74}.Release|x64.ActiveCfg = Release|Any CPU
		{94A4328E-349B-4C7A-A8CC-DAB8995F8F74}.Release|x64.Build.0 = Release|Any CPU
		{94A4328E-349B-4C7A-A8CC-DAB8995F8F74}.Release|x86.ActiveCfg = Release|Any CPU
		{94A4328E-349B-4C7A-A8CC-DAB8995F8F74}.Release|x86.Build.0 = Release|Any CPU
	EndGlobalSection
	GlobalSection(SolutionProperties) = preSolution
		HideSolutionNode = FALSE
	EndGlobalSection
EndGlobal
