
Microsoft Visual Studio Solution File, Format Version 12.00
# Visual Studio 14
VisualStudioVersion = 14.0.25420.1
MinimumVisualStudioVersion = 10.0.40219.1
Project("{FAE04EC0-301F-11D3-BF4B-00C04F79EFBC}") = "Login.Droid", "Login\Login.Droid\Login.Droid.csproj", "{0CF4E39F-E16D-48B2-9E18-9E12413E1ECE}"
EndProject
Project("{FAE04EC0-301F-11D3-BF4B-00C04F79EFBC}") = "Login.iOS", "Login\Login.iOS\Login.iOS.csproj", "{D9314675-07D0-4017-8093-F2894B5EBC4F}"
EndProject
Project("{FAE04EC0-301F-11D3-BF4B-00C04F79EFBC}") = "Login.WinPhone", "Login\Login.WinPhone\Login.WinPhone.csproj", "{352FBCD9-8E35-47E7-A164-45A4CB2BAF23}"
EndProject
Project("{FAE04EC0-301F-11D3-BF4B-00C04F79EFBC}") = "Login.Windows", "Login\Login.Windows\Login.Windows.csproj", "{66F395FC-F0B2-4091-84A2-BD6EC3C60798}"
EndProject
Project("{FAE04EC0-301F-11D3-BF4B-00C04F79EFBC}") = "Login", "Login\Login\Login.csproj", "{06815A28-BD63-4BB9-B65A-D38E6CE1F5C4}"
EndProject
Global
	GlobalSection(SolutionConfigurationPlatforms) = preSolution
		Ad-Hoc|Any CPU = Ad-Hoc|Any CPU
		Ad-Hoc|ARM = Ad-Hoc|ARM
		Ad-Hoc|iPhone = Ad-Hoc|iPhone
		Ad-Hoc|iPhoneSimulator = Ad-Hoc|iPhoneSimulator
		Ad-Hoc|x64 = Ad-Hoc|x64
		Ad-Hoc|x86 = Ad-Hoc|x86
		AppStore|Any CPU = AppStore|Any CPU
		AppStore|ARM = AppStore|ARM
		AppStore|iPhone = AppStore|iPhone
		AppStore|iPhoneSimulator = AppStore|iPhoneSimulator
		AppStore|x64 = AppStore|x64
		AppStore|x86 = AppStore|x86
		Debug|Any CPU = Debug|Any CPU
		Debug|ARM = Debug|ARM
		Debug|iPhone = Debug|iPhone
		Debug|iPhoneSimulator = Debug|iPhoneSimulator
		Debug|x64 = Debug|x64
		Debug|x86 = Debug|x86
		Release|Any CPU = Release|Any CPU
		Release|ARM = Release|ARM
		Release|iPhone = Release|iPhone
		Release|iPhoneSimulator = Release|iPhoneSimulator
		Release|x64 = Release|x64
		Release|x86 = Release|x86
	EndGlobalSection
	GlobalSection(ProjectConfigurationPlatforms) = postSolution
		{0CF4E39F-E16D-48B2-9E18-9E12413E1ECE}.Ad-Hoc|Any CPU.ActiveCfg = Release|Any CPU
		{0CF4E39F-E16D-48B2-9E18-9E12413E1ECE}.Ad-Hoc|Any CPU.Build.0 = Release|Any CPU
		{0CF4E39F-E16D-48B2-9E18-9E12413E1ECE}.Ad-Hoc|Any CPU.Deploy.0 = Release|Any CPU
		{0CF4E39F-E16D-48B2-9E18-9E12413E1ECE}.Ad-Hoc|ARM.ActiveCfg = Release|Any CPU
		{0CF4E39F-E16D-48B2-9E18-9E12413E1ECE}.Ad-Hoc|ARM.Build.0 = Release|Any CPU
		{0CF4E39F-E16D-48B2-9E18-9E12413E1ECE}.Ad-Hoc|ARM.Deploy.0 = Release|Any CPU
		{0CF4E39F-E16D-48B2-9E18-9E12413E1ECE}.Ad-Hoc|iPhone.ActiveCfg = Release|Any CPU
		{0CF4E39F-E16D-48B2-9E18-9E12413E1ECE}.Ad-Hoc|iPhone.Build.0 = Release|Any CPU
		{0CF4E39F-E16D-48B2-9E18-9E12413E1ECE}.Ad-Hoc|iPhone.Deploy.0 = Release|Any CPU
		{0CF4E39F-E16D-48B2-9E18-9E12413E1ECE}.Ad-Hoc|iPhoneSimulator.ActiveCfg = Release|Any CPU
		{0CF4E39F-E16D-48B2-9E18-9E12413E1ECE}.Ad-Hoc|iPhoneSimulator.Build.0 = Release|Any CPU
		{0CF4E39F-E16D-48B2-9E18-9E12413E1ECE}.Ad-Hoc|iPhoneSimulator.Deploy.0 = Release|Any CPU
		{0CF4E39F-E16D-48B2-9E18-9E12413E1ECE}.Ad-Hoc|x64.ActiveCfg = Release|Any CPU
		{0CF4E39F-E16D-48B2-9E18-9E12413E1ECE}.Ad-Hoc|x64.Build.0 = Release|Any CPU
		{0CF4E39F-E16D-48B2-9E18-9E12413E1ECE}.Ad-Hoc|x64.Deploy.0 = Release|Any CPU
		{0CF4E39F-E16D-48B2-9E18-9E12413E1ECE}.Ad-Hoc|x86.ActiveCfg = Release|Any CPU
		{0CF4E39F-E16D-48B2-9E18-9E12413E1ECE}.Ad-Hoc|x86.Build.0 = Release|Any CPU
		{0CF4E39F-E16D-48B2-9E18-9E12413E1ECE}.Ad-Hoc|x86.Deploy.0 = Release|Any CPU
		{0CF4E39F-E16D-48B2-9E18-9E12413E1ECE}.AppStore|Any CPU.ActiveCfg = Release|Any CPU
		{0CF4E39F-E16D-48B2-9E18-9E12413E1ECE}.AppStore|Any CPU.Build.0 = Release|Any CPU
		{0CF4E39F-E16D-48B2-9E18-9E12413E1ECE}.AppStore|Any CPU.Deploy.0 = Release|Any CPU
		{0CF4E39F-E16D-48B2-9E18-9E12413E1ECE}.AppStore|ARM.ActiveCfg = Release|Any CPU
		{0CF4E39F-E16D-48B2-9E18-9E12413E1ECE}.AppStore|ARM.Build.0 = Release|Any CPU
		{0CF4E39F-E16D-48B2-9E18-9E12413E1ECE}.AppStore|ARM.Deploy.0 = Release|Any CPU
		{0CF4E39F-E16D-48B2-9E18-9E12413E1ECE}.AppStore|iPhone.ActiveCfg = Release|Any CPU
		{0CF4E39F-E16D-48B2-9E18-9E12413E1ECE}.AppStore|iPhone.Build.0 = Release|Any CPU
		{0CF4E39F-E16D-48B2-9E18-9E12413E1ECE}.AppStore|iPhone.Deploy.0 = Release|Any CPU
		{0CF4E39F-E16D-48B2-9E18-9E12413E1ECE}.AppStore|iPhoneSimulator.ActiveCfg = Release|Any CPU
		{0CF4E39F-E16D-48B2-9E18-9E12413E1ECE}.AppStore|iPhoneSimulator.Build.0 = Release|Any CPU
		{0CF4E39F-E16D-48B2-9E18-9E12413E1ECE}.AppStore|iPhoneSimulator.Deploy.0 = Release|Any CPU
		{0CF4E39F-E16D-48B2-9E18-9E12413E1ECE}.AppStore|x64.ActiveCfg = Release|Any CPU
		{0CF4E39F-E16D-48B2-9E18-9E12413E1ECE}.AppStore|x64.Build.0 = Release|Any CPU
		{0CF4E39F-E16D-48B2-9E18-9E12413E1ECE}.AppStore|x64.Deploy.0 = Release|Any CPU
		{0CF4E39F-E16D-48B2-9E18-9E12413E1ECE}.AppStore|x86.ActiveCfg = Release|Any CPU
		{0CF4E39F-E16D-48B2-9E18-9E12413E1ECE}.AppStore|x86.Build.0 = Release|Any CPU
		{0CF4E39F-E16D-48B2-9E18-9E12413E1ECE}.AppStore|x86.Deploy.0 = Release|Any CPU
		{0CF4E39F-E16D-48B2-9E18-9E12413E1ECE}.Debug|Any CPU.ActiveCfg = Debug|Any CPU
		{0CF4E39F-E16D-48B2-9E18-9E12413E1ECE}.Debug|Any CPU.Build.0 = Debug|Any CPU
		{0CF4E39F-E16D-48B2-9E18-9E12413E1ECE}.Debug|Any CPU.Deploy.0 = Debug|Any CPU
		{0CF4E39F-E16D-48B2-9E18-9E12413E1ECE}.Debug|ARM.ActiveCfg = Debug|Any CPU
		{0CF4E39F-E16D-48B2-9E18-9E12413E1ECE}.Debug|ARM.Build.0 = Debug|Any CPU
		{0CF4E39F-E16D-48B2-9E18-9E12413E1ECE}.Debug|ARM.Deploy.0 = Debug|Any CPU
		{0CF4E39F-E16D-48B2-9E18-9E12413E1ECE}.Debug|iPhone.ActiveCfg = Debug|Any CPU
		{0CF4E39F-E16D-48B2-9E18-9E12413E1ECE}.Debug|iPhone.Build.0 = Debug|Any CPU
		{0CF4E39F-E16D-48B2-9E18-9E12413E1ECE}.Debug|iPhone.Deploy.0 = Debug|Any CPU
		{0CF4E39F-E16D-48B2-9E18-9E12413E1ECE}.Debug|iPhoneSimulator.ActiveCfg = Debug|Any CPU
		{0CF4E39F-E16D-48B2-9E18-9E12413E1ECE}.Debug|iPhoneSimulator.Build.0 = Debug|Any CPU
		{0CF4E39F-E16D-48B2-9E18-9E12413E1ECE}.Debug|iPhoneSimulator.Deploy.0 = Debug|Any CPU
		{0CF4E39F-E16D-48B2-9E18-9E12413E1ECE}.Debug|x64.ActiveCfg = Debug|Any CPU
		{0CF4E39F-E16D-48B2-9E18-9E12413E1ECE}.Debug|x64.Build.0 = Debug|Any CPU
		{0CF4E39F-E16D-48B2-9E18-9E12413E1ECE}.Debug|x64.Deploy.0 = Debug|Any CPU
		{0CF4E39F-E16D-48B2-9E18-9E12413E1ECE}.Debug|x86.ActiveCfg = Debug|Any CPU
		{0CF4E39F-E16D-48B2-9E18-9E12413E1ECE}.Debug|x86.Build.0 = Debug|Any CPU
		{0CF4E39F-E16D-48B2-9E18-9E12413E1ECE}.Debug|x86.Deploy.0 = Debug|Any CPU
		{0CF4E39F-E16D-48B2-9E18-9E12413E1ECE}.Release|Any CPU.ActiveCfg = Release|Any CPU
		{0CF4E39F-E16D-48B2-9E18-9E12413E1ECE}.Release|Any CPU.Build.0 = Release|Any CPU
		{0CF4E39F-E16D-48B2-9E18-9E12413E1ECE}.Release|Any CPU.Deploy.0 = Release|Any CPU
		{0CF4E39F-E16D-48B2-9E18-9E12413E1ECE}.Release|ARM.ActiveCfg = Release|Any CPU
		{0CF4E39F-E16D-48B2-9E18-9E12413E1ECE}.Release|ARM.Build.0 = Release|Any CPU
		{0CF4E39F-E16D-48B2-9E18-9E12413E1ECE}.Release|ARM.Deploy.0 = Release|Any CPU
		{0CF4E39F-E16D-48B2-9E18-9E12413E1ECE}.Release|iPhone.ActiveCfg = Release|Any CPU
		{0CF4E39F-E16D-48B2-9E18-9E12413E1ECE}.Release|iPhone.Build.0 = Release|Any CPU
		{0CF4E39F-E16D-48B2-9E18-9E12413E1ECE}.Release|iPhone.Deploy.0 = Release|Any CPU
		{0CF4E39F-E16D-48B2-9E18-9E12413E1ECE}.Release|iPhoneSimulator.ActiveCfg = Release|Any CPU
		{0CF4E39F-E16D-48B2-9E18-9E12413E1ECE}.Release|iPhoneSimulator.Build.0 = Release|Any CPU
		{0CF4E39F-E16D-48B2-9E18-9E12413E1ECE}.Release|iPhoneSimulator.Deploy.0 = Release|Any CPU
		{0CF4E39F-E16D-48B2-9E18-9E12413E1ECE}.Release|x64.ActiveCfg = Release|Any CPU
		{0CF4E39F-E16D-48B2-9E18-9E12413E1ECE}.Release|x64.Build.0 = Release|Any CPU
		{0CF4E39F-E16D-48B2-9E18-9E12413E1ECE}.Release|x64.Deploy.0 = Release|Any CPU
		{0CF4E39F-E16D-48B2-9E18-9E12413E1ECE}.Release|x86.ActiveCfg = Release|Any CPU
		{0CF4E39F-E16D-48B2-9E18-9E12413E1ECE}.Release|x86.Build.0 = Release|Any CPU
		{0CF4E39F-E16D-48B2-9E18-9E12413E1ECE}.Release|x86.Deploy.0 = Release|Any CPU
		{D9314675-07D0-4017-8093-F2894B5EBC4F}.Ad-Hoc|Any CPU.ActiveCfg = Ad-Hoc|iPhone
		{D9314675-07D0-4017-8093-F2894B5EBC4F}.Ad-Hoc|ARM.ActiveCfg = Ad-Hoc|iPhone
		{D9314675-07D0-4017-8093-F2894B5EBC4F}.Ad-Hoc|iPhone.ActiveCfg = Ad-Hoc|iPhone
		{D9314675-07D0-4017-8093-F2894B5EBC4F}.Ad-Hoc|iPhone.Build.0 = Ad-Hoc|iPhone
		{D9314675-07D0-4017-8093-F2894B5EBC4F}.Ad-Hoc|iPhoneSimulator.ActiveCfg = Ad-Hoc|iPhoneSimulator
		{D9314675-07D0-4017-8093-F2894B5EBC4F}.Ad-Hoc|iPhoneSimulator.Build.0 = Ad-Hoc|iPhoneSimulator
		{D9314675-07D0-4017-8093-F2894B5EBC4F}.Ad-Hoc|x64.ActiveCfg = Ad-Hoc|iPhone
		{D9314675-07D0-4017-8093-F2894B5EBC4F}.Ad-Hoc|x86.ActiveCfg = Ad-Hoc|iPhone
		{D9314675-07D0-4017-8093-F2894B5EBC4F}.AppStore|Any CPU.ActiveCfg = AppStore|iPhone
		{D9314675-07D0-4017-8093-F2894B5EBC4F}.AppStore|ARM.ActiveCfg = AppStore|iPhone
		{D9314675-07D0-4017-8093-F2894B5EBC4F}.AppStore|iPhone.ActiveCfg = AppStore|iPhone
		{D9314675-07D0-4017-8093-F2894B5EBC4F}.AppStore|iPhone.Build.0 = AppStore|iPhone
		{D9314675-07D0-4017-8093-F2894B5EBC4F}.AppStore|iPhoneSimulator.ActiveCfg = AppStore|iPhoneSimulator
		{D9314675-07D0-4017-8093-F2894B5EBC4F}.AppStore|iPhoneSimulator.Build.0 = AppStore|iPhoneSimulator
		{D9314675-07D0-4017-8093-F2894B5EBC4F}.AppStore|x64.ActiveCfg = AppStore|iPhone
		{D9314675-07D0-4017-8093-F2894B5EBC4F}.AppStore|x86.ActiveCfg = AppStore|iPhone
		{D9314675-07D0-4017-8093-F2894B5EBC4F}.Debug|Any CPU.ActiveCfg = Debug|iPhone
		{D9314675-07D0-4017-8093-F2894B5EBC4F}.Debug|ARM.ActiveCfg = Debug|iPhone
		{D9314675-07D0-4017-8093-F2894B5EBC4F}.Debug|iPhone.ActiveCfg = Debug|iPhone
		{D9314675-07D0-4017-8093-F2894B5EBC4F}.Debug|iPhone.Build.0 = Debug|iPhone
		{D9314675-07D0-4017-8093-F2894B5EBC4F}.Debug|iPhoneSimulator.ActiveCfg = Debug|iPhoneSimulator
		{D9314675-07D0-4017-8093-F2894B5EBC4F}.Debug|iPhoneSimulator.Build.0 = Debug|iPhoneSimulator
		{D9314675-07D0-4017-8093-F2894B5EBC4F}.Debug|x64.ActiveCfg = Debug|iPhone
		{D9314675-07D0-4017-8093-F2894B5EBC4F}.Debug|x86.ActiveCfg = Debug|iPhone
		{D9314675-07D0-4017-8093-F2894B5EBC4F}.Release|Any CPU.ActiveCfg = Release|iPhone
		{D9314675-07D0-4017-8093-F2894B5EBC4F}.Release|ARM.ActiveCfg = Release|iPhone
		{D9314675-07D0-4017-8093-F2894B5EBC4F}.Release|iPhone.ActiveCfg = Release|iPhone
		{D9314675-07D0-4017-8093-F2894B5EBC4F}.Release|iPhone.Build.0 = Release|iPhone
		{D9314675-07D0-4017-8093-F2894B5EBC4F}.Release|iPhoneSimulator.ActiveCfg = Release|iPhoneSimulator
		{D9314675-07D0-4017-8093-F2894B5EBC4F}.Release|iPhoneSimulator.Build.0 = Release|iPhoneSimulator
		{D9314675-07D0-4017-8093-F2894B5EBC4F}.Release|x64.ActiveCfg = Release|iPhone
		{D9314675-07D0-4017-8093-F2894B5EBC4F}.Release|x86.ActiveCfg = Release|iPhone
		{352FBCD9-8E35-47E7-A164-45A4CB2BAF23}.Ad-Hoc|Any CPU.ActiveCfg = Release|Any CPU
		{352FBCD9-8E35-47E7-A164-45A4CB2BAF23}.Ad-Hoc|Any CPU.Build.0 = Release|Any CPU
		{352FBCD9-8E35-47E7-A164-45A4CB2BAF23}.Ad-Hoc|Any CPU.Deploy.0 = Release|Any CPU
		{352FBCD9-8E35-47E7-A164-45A4CB2BAF23}.Ad-Hoc|ARM.ActiveCfg = Release|ARM
		{352FBCD9-8E35-47E7-A164-45A4CB2BAF23}.Ad-Hoc|ARM.Build.0 = Release|ARM
		{352FBCD9-8E35-47E7-A164-45A4CB2BAF23}.Ad-Hoc|ARM.Deploy.0 = Release|ARM
		{352FBCD9-8E35-47E7-A164-45A4CB2BAF23}.Ad-Hoc|iPhone.ActiveCfg = Release|Any CPU
		{352FBCD9-8E35-47E7-A164-45A4CB2BAF23}.Ad-Hoc|iPhone.Build.0 = Release|Any CPU
		{352FBCD9-8E35-47E7-A164-45A4CB2BAF23}.Ad-Hoc|iPhone.Deploy.0 = Release|Any CPU
		{352FBCD9-8E35-47E7-A164-45A4CB2BAF23}.Ad-Hoc|iPhoneSimulator.ActiveCfg = Release|Any CPU
		{352FBCD9-8E35-47E7-A164-45A4CB2BAF23}.Ad-Hoc|iPhoneSimulator.Build.0 = Release|Any CPU
		{352FBCD9-8E35-47E7-A164-45A4CB2BAF23}.Ad-Hoc|iPhoneSimulator.Deploy.0 = Release|Any CPU
		{352FBCD9-8E35-47E7-A164-45A4CB2BAF23}.Ad-Hoc|x64.ActiveCfg = Release|Any CPU
		{352FBCD9-8E35-47E7-A164-45A4CB2BAF23}.Ad-Hoc|x64.Build.0 = Release|Any CPU
		{352FBCD9-8E35-47E7-A164-45A4CB2BAF23}.Ad-Hoc|x64.Deploy.0 = Release|Any CPU
		{352FBCD9-8E35-47E7-A164-45A4CB2BAF23}.Ad-Hoc|x86.ActiveCfg = Release|x86
		{352FBCD9-8E35-47E7-A164-45A4CB2BAF23}.Ad-Hoc|x86.Build.0 = Release|x86
		{352FBCD9-8E35-47E7-A164-45A4CB2BAF23}.Ad-Hoc|x86.Deploy.0 = Release|x86
		{352FBCD9-8E35-47E7-A164-45A4CB2BAF23}.AppStore|Any CPU.ActiveCfg = Release|Any CPU
		{352FBCD9-8E35-47E7-A164-45A4CB2BAF23}.AppStore|Any CPU.Build.0 = Release|Any CPU
		{352FBCD9-8E35-47E7-A164-45A4CB2BAF23}.AppStore|Any CPU.Deploy.0 = Release|Any CPU
		{352FBCD9-8E35-47E7-A164-45A4CB2BAF23}.AppStore|ARM.ActiveCfg = Release|ARM
		{352FBCD9-8E35-47E7-A164-45A4CB2BAF23}.AppStore|ARM.Build.0 = Release|ARM
		{352FBCD9-8E35-47E7-A164-45A4CB2BAF23}.AppStore|ARM.Deploy.0 = Release|ARM
		{352FBCD9-8E35-47E7-A164-45A4CB2BAF23}.AppStore|iPhone.ActiveCfg = Release|Any CPU
		{352FBCD9-8E35-47E7-A164-45A4CB2BAF23}.AppStore|iPhone.Build.0 = Release|Any CPU
		{352FBCD9-8E35-47E7-A164-45A4CB2BAF23}.AppStore|iPhone.Deploy.0 = Release|Any CPU
		{352FBCD9-8E35-47E7-A164-45A4CB2BAF23}.AppStore|iPhoneSimulator.ActiveCfg = Release|Any CPU
		{352FBCD9-8E35-47E7-A164-45A4CB2BAF23}.AppStore|iPhoneSimulator.Build.0 = Release|Any CPU
		{352FBCD9-8E35-47E7-A164-45A4CB2BAF23}.AppStore|iPhoneSimulator.Deploy.0 = Release|Any CPU
		{352FBCD9-8E35-47E7-A164-45A4CB2BAF23}.AppStore|x64.ActiveCfg = Release|Any CPU
		{352FBCD9-8E35-47E7-A164-45A4CB2BAF23}.AppStore|x64.Build.0 = Release|Any CPU
		{352FBCD9-8E35-47E7-A164-45A4CB2BAF23}.AppStore|x64.Deploy.0 = Release|Any CPU
		{352FBCD9-8E35-47E7-A164-45A4CB2BAF23}.AppStore|x86.ActiveCfg = Release|x86
		{352FBCD9-8E35-47E7-A164-45A4CB2BAF23}.AppStore|x86.Build.0 = Release|x86
		{352FBCD9-8E35-47E7-A164-45A4CB2BAF23}.AppStore|x86.Deploy.0 = Release|x86
		{352FBCD9-8E35-47E7-A164-45A4CB2BAF23}.Debug|Any CPU.ActiveCfg = Debug|Any CPU
		{352FBCD9-8E35-47E7-A164-45A4CB2BAF23}.Debug|Any CPU.Build.0 = Debug|Any CPU
		{352FBCD9-8E35-47E7-A164-45A4CB2BAF23}.Debug|Any CPU.Deploy.0 = Debug|Any CPU
		{352FBCD9-8E35-47E7-A164-45A4CB2BAF23}.Debug|ARM.ActiveCfg = Debug|ARM
		{352FBCD9-8E35-47E7-A164-45A4CB2BAF23}.Debug|ARM.Build.0 = Debug|ARM
		{352FBCD9-8E35-47E7-A164-45A4CB2BAF23}.Debug|ARM.Deploy.0 = Debug|ARM
		{352FBCD9-8E35-47E7-A164-45A4CB2BAF23}.Debug|iPhone.ActiveCfg = Debug|Any CPU
		{352FBCD9-8E35-47E7-A164-45A4CB2BAF23}.Debug|iPhone.Build.0 = Debug|Any CPU
		{352FBCD9-8E35-47E7-A164-45A4CB2BAF23}.Debug|iPhone.Deploy.0 = Debug|Any CPU
		{352FBCD9-8E35-47E7-A164-45A4CB2BAF23}.Debug|iPhoneSimulator.ActiveCfg = Debug|Any CPU
		{352FBCD9-8E35-47E7-A164-45A4CB2BAF23}.Debug|iPhoneSimulator.Build.0 = Debug|Any CPU
		{352FBCD9-8E35-47E7-A164-45A4CB2BAF23}.Debug|iPhoneSimulator.Deploy.0 = Debug|Any CPU
		{352FBCD9-8E35-47E7-A164-45A4CB2BAF23}.Debug|x64.ActiveCfg = Debug|Any CPU
		{352FBCD9-8E35-47E7-A164-45A4CB2BAF23}.Debug|x64.Build.0 = Debug|Any CPU
		{352FBCD9-8E35-47E7-A164-45A4CB2BAF23}.Debug|x64.Deploy.0 = Debug|Any CPU
		{352FBCD9-8E35-47E7-A164-45A4CB2BAF23}.Debug|x86.ActiveCfg = Debug|x86
		{352FBCD9-8E35-47E7-A164-45A4CB2BAF23}.Debug|x86.Build.0 = Debug|x86
		{352FBCD9-8E35-47E7-A164-45A4CB2BAF23}.Debug|x86.Deploy.0 = Debug|x86
		{352FBCD9-8E35-47E7-A164-45A4CB2BAF23}.Release|Any CPU.ActiveCfg = Release|Any CPU
		{352FBCD9-8E35-47E7-A164-45A4CB2BAF23}.Release|Any CPU.Build.0 = Release|Any CPU
		{352FBCD9-8E35-47E7-A164-45A4CB2BAF23}.Release|Any CPU.Deploy.0 = Release|Any CPU
		{352FBCD9-8E35-47E7-A164-45A4CB2BAF23}.Release|ARM.ActiveCfg = Release|ARM
		{352FBCD9-8E35-47E7-A164-45A4CB2BAF23}.Release|ARM.Build.0 = Release|ARM
		{352FBCD9-8E35-47E7-A164-45A4CB2BAF23}.Release|ARM.Deploy.0 = Release|ARM
		{352FBCD9-8E35-47E7-A164-45A4CB2BAF23}.Release|iPhone.ActiveCfg = Release|Any CPU
		{352FBCD9-8E35-47E7-A164-45A4CB2BAF23}.Release|iPhone.Build.0 = Release|Any CPU
		{352FBCD9-8E35-47E7-A164-45A4CB2BAF23}.Release|iPhone.Deploy.0 = Release|Any CPU
		{352FBCD9-8E35-47E7-A164-45A4CB2BAF23}.Release|iPhoneSimulator.ActiveCfg = Release|Any CPU
		{352FBCD9-8E35-47E7-A164-45A4CB2BAF23}.Release|iPhoneSimulator.Build.0 = Release|Any CPU
		{352FBCD9-8E35-47E7-A164-45A4CB2BAF23}.Release|iPhoneSimulator.Deploy.0 = Release|Any CPU
		{352FBCD9-8E35-47E7-A164-45A4CB2BAF23}.Release|x64.ActiveCfg = Release|Any CPU
		{352FBCD9-8E35-47E7-A164-45A4CB2BAF23}.Release|x64.Build.0 = Release|Any CPU
		{352FBCD9-8E35-47E7-A164-45A4CB2BAF23}.Release|x64.Deploy.0 = Release|Any CPU
		{352FBCD9-8E35-47E7-A164-45A4CB2BAF23}.Release|x86.ActiveCfg = Release|x86
		{352FBCD9-8E35-47E7-A164-45A4CB2BAF23}.Release|x86.Build.0 = Release|x86
		{352FBCD9-8E35-47E7-A164-45A4CB2BAF23}.Release|x86.Deploy.0 = Release|x86
		{66F395FC-F0B2-4091-84A2-BD6EC3C60798}.Ad-Hoc|Any CPU.ActiveCfg = Release|Any CPU
		{66F395FC-F0B2-4091-84A2-BD6EC3C60798}.Ad-Hoc|Any CPU.Build.0 = Release|Any CPU
		{66F395FC-F0B2-4091-84A2-BD6EC3C60798}.Ad-Hoc|Any CPU.Deploy.0 = Release|Any CPU
		{66F395FC-F0B2-4091-84A2-BD6EC3C60798}.Ad-Hoc|ARM.ActiveCfg = Release|ARM
		{66F395FC-F0B2-4091-84A2-BD6EC3C60798}.Ad-Hoc|ARM.Build.0 = Release|ARM
		{66F395FC-F0B2-4091-84A2-BD6EC3C60798}.Ad-Hoc|ARM.Deploy.0 = Release|ARM
		{66F395FC-F0B2-4091-84A2-BD6EC3C60798}.Ad-Hoc|iPhone.ActiveCfg = Release|Any CPU
		{66F395FC-F0B2-4091-84A2-BD6EC3C60798}.Ad-Hoc|iPhone.Build.0 = Release|Any CPU
		{66F395FC-F0B2-4091-84A2-BD6EC3C60798}.Ad-Hoc|iPhone.Deploy.0 = Release|Any CPU
		{66F395FC-F0B2-4091-84A2-BD6EC3C60798}.Ad-Hoc|iPhoneSimulator.ActiveCfg = Release|Any CPU
		{66F395FC-F0B2-4091-84A2-BD6EC3C60798}.Ad-Hoc|iPhoneSimulator.Build.0 = Release|Any CPU
		{66F395FC-F0B2-4091-84A2-BD6EC3C60798}.Ad-Hoc|iPhoneSimulator.Deploy.0 = Release|Any CPU
		{66F395FC-F0B2-4091-84A2-BD6EC3C60798}.Ad-Hoc|x64.ActiveCfg = Release|x64
		{66F395FC-F0B2-4091-84A2-BD6EC3C60798}.Ad-Hoc|x64.Build.0 = Release|x64
		{66F395FC-F0B2-4091-84A2-BD6EC3C60798}.Ad-Hoc|x64.Deploy.0 = Release|x64
		{66F395FC-F0B2-4091-84A2-BD6EC3C60798}.Ad-Hoc|x86.ActiveCfg = Release|x86
		{66F395FC-F0B2-4091-84A2-BD6EC3C60798}.Ad-Hoc|x86.Build.0 = Release|x86
		{66F395FC-F0B2-4091-84A2-BD6EC3C60798}.Ad-Hoc|x86.Deploy.0 = Release|x86
		{66F395FC-F0B2-4091-84A2-BD6EC3C60798}.AppStore|Any CPU.ActiveCfg = Release|Any CPU
		{66F395FC-F0B2-4091-84A2-BD6EC3C60798}.AppStore|Any CPU.Build.0 = Release|Any CPU
		{66F395FC-F0B2-4091-84A2-BD6EC3C60798}.AppStore|Any CPU.Deploy.0 = Release|Any CPU
		{66F395FC-F0B2-4091-84A2-BD6EC3C60798}.AppStore|ARM.ActiveCfg = Release|ARM
		{66F395FC-F0B2-4091-84A2-BD6EC3C60798}.AppStore|ARM.Build.0 = Release|ARM
		{66F395FC-F0B2-4091-84A2-BD6EC3C60798}.AppStore|ARM.Deploy.0 = Release|ARM
		{66F395FC-F0B2-4091-84A2-BD6EC3C60798}.AppStore|iPhone.ActiveCfg = Release|Any CPU
		{66F395FC-F0B2-4091-84A2-BD6EC3C60798}.AppStore|iPhone.Build.0 = Release|Any CPU
		{66F395FC-F0B2-4091-84A2-BD6EC3C60798}.AppStore|iPhone.Deploy.0 = Release|Any CPU
		{66F395FC-F0B2-4091-84A2-BD6EC3C60798}.AppStore|iPhoneSimulator.ActiveCfg = Release|Any CPU
		{66F395FC-F0B2-4091-84A2-BD6EC3C60798}.AppStore|iPhoneSimulator.Build.0 = Release|Any CPU
		{66F395FC-F0B2-4091-84A2-BD6EC3C60798}.AppStore|iPhoneSimulator.Deploy.0 = Release|Any CPU
		{66F395FC-F0B2-4091-84A2-BD6EC3C60798}.AppStore|x64.ActiveCfg = Release|x64
		{66F395FC-F0B2-4091-84A2-BD6EC3C60798}.AppStore|x64.Build.0 = Release|x64
		{66F395FC-F0B2-4091-84A2-BD6EC3C60798}.AppStore|x64.Deploy.0 = Release|x64
		{66F395FC-F0B2-4091-84A2-BD6EC3C60798}.AppStore|x86.ActiveCfg = Release|x86
		{66F395FC-F0B2-4091-84A2-BD6EC3C60798}.AppStore|x86.Build.0 = Release|x86
		{66F395FC-F0B2-4091-84A2-BD6EC3C60798}.AppStore|x86.Deploy.0 = Release|x86
		{66F395FC-F0B2-4091-84A2-BD6EC3C60798}.Debug|Any CPU.ActiveCfg = Debug|Any CPU
		{66F395FC-F0B2-4091-84A2-BD6EC3C60798}.Debug|Any CPU.Build.0 = Debug|Any CPU
		{66F395FC-F0B2-4091-84A2-BD6EC3C60798}.Debug|Any CPU.Deploy.0 = Debug|Any CPU
		{66F395FC-F0B2-4091-84A2-BD6EC3C60798}.Debug|ARM.ActiveCfg = Debug|ARM
		{66F395FC-F0B2-4091-84A2-BD6EC3C60798}.Debug|ARM.Build.0 = Debug|ARM
		{66F395FC-F0B2-4091-84A2-BD6EC3C60798}.Debug|ARM.Deploy.0 = Debug|ARM
		{66F395FC-F0B2-4091-84A2-BD6EC3C60798}.Debug|iPhone.ActiveCfg = Debug|Any CPU
		{66F395FC-F0B2-4091-84A2-BD6EC3C60798}.Debug|iPhone.Build.0 = Debug|Any CPU
		{66F395FC-F0B2-4091-84A2-BD6EC3C60798}.Debug|iPhone.Deploy.0 = Debug|Any CPU
		{66F395FC-F0B2-4091-84A2-BD6EC3C60798}.Debug|iPhoneSimulator.ActiveCfg = Debug|Any CPU
		{66F395FC-F0B2-4091-84A2-BD6EC3C60798}.Debug|iPhoneSimulator.Build.0 = Debug|Any CPU
		{66F395FC-F0B2-4091-84A2-BD6EC3C60798}.Debug|iPhoneSimulator.Deploy.0 = Debug|Any CPU
		{66F395FC-F0B2-4091-84A2-BD6EC3C60798}.Debug|x64.ActiveCfg = Debug|x64
		{66F395FC-F0B2-4091-84A2-BD6EC3C60798}.Debug|x64.Build.0 = Debug|x64
		{66F395FC-F0B2-4091-84A2-BD6EC3C60798}.Debug|x64.Deploy.0 = Debug|x64
		{66F395FC-F0B2-4091-84A2-BD6EC3C60798}.Debug|x86.ActiveCfg = Debug|x86
		{66F395FC-F0B2-4091-84A2-BD6EC3C60798}.Debug|x86.Build.0 = Debug|x86
		{66F395FC-F0B2-4091-84A2-BD6EC3C60798}.Debug|x86.Deploy.0 = Debug|x86
		{66F395FC-F0B2-4091-84A2-BD6EC3C60798}.Release|Any CPU.ActiveCfg = Release|Any CPU
		{66F395FC-F0B2-4091-84A2-BD6EC3C60798}.Release|Any CPU.Build.0 = Release|Any CPU
		{66F395FC-F0B2-4091-84A2-BD6EC3C60798}.Release|Any CPU.Deploy.0 = Release|Any CPU
		{66F395FC-F0B2-4091-84A2-BD6EC3C60798}.Release|ARM.ActiveCfg = Release|ARM
		{66F395FC-F0B2-4091-84A2-BD6EC3C60798}.Release|ARM.Build.0 = Release|ARM
		{66F395FC-F0B2-4091-84A2-BD6EC3C60798}.Release|ARM.Deploy.0 = Release|ARM
		{66F395FC-F0B2-4091-84A2-BD6EC3C60798}.Release|iPhone.ActiveCfg = Release|Any CPU
		{66F395FC-F0B2-4091-84A2-BD6EC3C60798}.Release|iPhone.Build.0 = Release|Any CPU
		{66F395FC-F0B2-4091-84A2-BD6EC3C60798}.Release|iPhone.Deploy.0 = Release|Any CPU
		{66F395FC-F0B2-4091-84A2-BD6EC3C60798}.Release|iPhoneSimulator.ActiveCfg = Release|Any CPU
		{66F395FC-F0B2-4091-84A2-BD6EC3C60798}.Release|iPhoneSimulator.Build.0 = Release|Any CPU
		{66F395FC-F0B2-4091-84A2-BD6EC3C60798}.Release|iPhoneSimulator.Deploy.0 = Release|Any CPU
		{66F395FC-F0B2-4091-84A2-BD6EC3C60798}.Release|x64.ActiveCfg = Release|x64
		{66F395FC-F0B2-4091-84A2-BD6EC3C60798}.Release|x64.Build.0 = Release|x64
		{66F395FC-F0B2-4091-84A2-BD6EC3C60798}.Release|x64.Deploy.0 = Release|x64
		{66F395FC-F0B2-4091-84A2-BD6EC3C60798}.Release|x86.ActiveCfg = Release|x86
		{66F395FC-F0B2-4091-84A2-BD6EC3C60798}.Release|x86.Build.0 = Release|x86
		{66F395FC-F0B2-4091-84A2-BD6EC3C60798}.Release|x86.Deploy.0 = Release|x86
		{06815A28-BD63-4BB9-B65A-D38E6CE1F5C4}.Ad-Hoc|Any CPU.ActiveCfg = Release|Any CPU
		{06815A28-BD63-4BB9-B65A-D38E6CE1F5C4}.Ad-Hoc|Any CPU.Build.0 = Release|Any CPU
		{06815A28-BD63-4BB9-B65A-D38E6CE1F5C4}.Ad-Hoc|ARM.ActiveCfg = Release|Any CPU
		{06815A28-BD63-4BB9-B65A-D38E6CE1F5C4}.Ad-Hoc|ARM.Build.0 = Release|Any CPU
		{06815A28-BD63-4BB9-B65A-D38E6CE1F5C4}.Ad-Hoc|iPhone.ActiveCfg = Release|Any CPU
		{06815A28-BD63-4BB9-B65A-D38E6CE1F5C4}.Ad-Hoc|iPhone.Build.0 = Release|Any CPU
		{06815A28-BD63-4BB9-B65A-D38E6CE1F5C4}.Ad-Hoc|iPhoneSimulator.ActiveCfg = Release|Any CPU
		{06815A28-BD63-4BB9-B65A-D38E6CE1F5C4}.Ad-Hoc|iPhoneSimulator.Build.0 = Release|Any CPU
		{06815A28-BD63-4BB9-B65A-D38E6CE1F5C4}.Ad-Hoc|x64.ActiveCfg = Release|Any CPU
		{06815A28-BD63-4BB9-B65A-D38E6CE1F5C4}.Ad-Hoc|x64.Build.0 = Release|Any CPU
		{06815A28-BD63-4BB9-B65A-D38E6CE1F5C4}.Ad-Hoc|x86.ActiveCfg = Release|Any CPU
		{06815A28-BD63-4BB9-B65A-D38E6CE1F5C4}.Ad-Hoc|x86.Build.0 = Release|Any CPU
		{06815A28-BD63-4BB9-B65A-D38E6CE1F5C4}.AppStore|Any CPU.ActiveCfg = Release|Any CPU
		{06815A28-BD63-4BB9-B65A-D38E6CE1F5C4}.AppStore|Any CPU.Build.0 = Release|Any CPU
		{06815A28-BD63-4BB9-B65A-D38E6CE1F5C4}.AppStore|ARM.ActiveCfg = Release|Any CPU
		{06815A28-BD63-4BB9-B65A-D38E6CE1F5C4}.AppStore|ARM.Build.0 = Release|Any CPU
		{06815A28-BD63-4BB9-B65A-D38E6CE1F5C4}.AppStore|iPhone.ActiveCfg = Release|Any CPU
		{06815A28-BD63-4BB9-B65A-D38E6CE1F5C4}.AppStore|iPhone.Build.0 = Release|Any CPU
		{06815A28-BD63-4BB9-B65A-D38E6CE1F5C4}.AppStore|iPhoneSimulator.ActiveCfg = Release|Any CPU
		{06815A28-BD63-4BB9-B65A-D38E6CE1F5C4}.AppStore|iPhoneSimulator.Build.0 = Release|Any CPU
		{06815A28-BD63-4BB9-B65A-D38E6CE1F5C4}.AppStore|x64.ActiveCfg = Release|Any CPU
		{06815A28-BD63-4BB9-B65A-D38E6CE1F5C4}.AppStore|x64.Build.0 = Release|Any CPU
		{06815A28-BD63-4BB9-B65A-D38E6CE1F5C4}.AppStore|x86.ActiveCfg = Release|Any CPU
		{06815A28-BD63-4BB9-B65A-D38E6CE1F5C4}.AppStore|x86.Build.0 = Release|Any CPU
		{06815A28-BD63-4BB9-B65A-D38E6CE1F5C4}.Debug|Any CPU.ActiveCfg = Debug|Any CPU
		{06815A28-BD63-4BB9-B65A-D38E6CE1F5C4}.Debug|Any CPU.Build.0 = Debug|Any CPU
		{06815A28-BD63-4BB9-B65A-D38E6CE1F5C4}.Debug|ARM.ActiveCfg = Debug|Any CPU
		{06815A28-BD63-4BB9-B65A-D38E6CE1F5C4}.Debug|ARM.Build.0 = Debug|Any CPU
		{06815A28-BD63-4BB9-B65A-D38E6CE1F5C4}.Debug|iPhone.ActiveCfg = Debug|Any CPU
		{06815A28-BD63-4BB9-B65A-D38E6CE1F5C4}.Debug|iPhone.Build.0 = Debug|Any CPU
		{06815A28-BD63-4BB9-B65A-D38E6CE1F5C4}.Debug|iPhoneSimulator.ActiveCfg = Debug|Any CPU
		{06815A28-BD63-4BB9-B65A-D38E6CE1F5C4}.Debug|iPhoneSimulator.Build.0 = Debug|Any CPU
		{06815A28-BD63-4BB9-B65A-D38E6CE1F5C4}.Debug|x64.ActiveCfg = Debug|Any CPU
		{06815A28-BD63-4BB9-B65A-D38E6CE1F5C4}.Debug|x64.Build.0 = Debug|Any CPU
		{06815A28-BD63-4BB9-B65A-D38E6CE1F5C4}.Debug|x86.ActiveCfg = Debug|Any CPU
		{06815A28-BD63-4BB9-B65A-D38E6CE1F5C4}.Debug|x86.Build.0 = Debug|Any CPU
		{06815A28-BD63-4BB9-B65A-D38E6CE1F5C4}.Release|Any CPU.ActiveCfg = Release|Any CPU
		{06815A28-BD63-4BB9-B65A-D38E6CE1F5C4}.Release|Any CPU.Build.0 = Release|Any CPU
		{06815A28-BD63-4BB9-B65A-D38E6CE1F5C4}.Release|ARM.ActiveCfg = Release|Any CPU
		{06815A28-BD63-4BB9-B65A-D38E6CE1F5C4}.Release|ARM.Build.0 = Release|Any CPU
		{06815A28-BD63-4BB9-B65A-D38E6CE1F5C4}.Release|iPhone.ActiveCfg = Release|Any CPU
		{06815A28-BD63-4BB9-B65A-D38E6CE1F5C4}.Release|iPhone.Build.0 = Release|Any CPU
		{06815A28-BD63-4BB9-B65A-D38E6CE1F5C4}.Release|iPhoneSimulator.ActiveCfg = Release|Any CPU
		{06815A28-BD63-4BB9-B65A-D38E6CE1F5C4}.Release|iPhoneSimulator.Build.0 = Release|Any CPU
		{06815A28-BD63-4BB9-B65A-D38E6CE1F5C4}.Release|x64.ActiveCfg = Release|Any CPU
		{06815A28-BD63-4BB9-B65A-D38E6CE1F5C4}.Release|x64.Build.0 = Release|Any CPU
		{06815A28-BD63-4BB9-B65A-D38E6CE1F5C4}.Release|x86.ActiveCfg = Release|Any CPU
		{06815A28-BD63-4BB9-B65A-D38E6CE1F5C4}.Release|x86.Build.0 = Release|Any CPU
	EndGlobalSection
	GlobalSection(SolutionProperties) = preSolution
		HideSolutionNode = FALSE
	EndGlobalSection
EndGlobal
