
Microsoft Visual Studio Solution File, Format Version 12.00
# Visual Studio 14
VisualStudioVersion = 14.0.25420.1
MinimumVisualStudioVersion = 10.0.40219.1
Project("{FAE04EC0-301F-11D3-BF4B-00C04F79EFBC}") = "Buttons.Droid", "Buttons\Buttons.Droid\Buttons.Droid.csproj", "{78CBD385-B7BC-4281-91DF-AFA92EFABC78}"
EndProject
Project("{FAE04EC0-301F-11D3-BF4B-00C04F79EFBC}") = "Buttons.iOS", "Buttons\Buttons.iOS\Buttons.iOS.csproj", "{36198BC2-4BEA-4455-B623-E2DEC278E5D4}"
EndProject
Project("{FAE04EC0-301F-11D3-BF4B-00C04F79EFBC}") = "Buttons.WinPhone", "Buttons\Buttons.WinPhone\Buttons.WinPhone.csproj", "{81510715-A2B2-4C45-ACED-B83E7D1A5503}"
EndProject
Project("{FAE04EC0-301F-11D3-BF4B-00C04F79EFBC}") = "Buttons.Windows", "Buttons\Buttons.Windows\Buttons.Windows.csproj", "{DE1925A6-BEAD-4A2F-A5DC-B10BC47D383E}"
EndProject
Project("{FAE04EC0-301F-11D3-BF4B-00C04F79EFBC}") = "Buttons", "Buttons\Buttons\Buttons.csproj", "{8480CB88-F10D-484A-932D-EB1B2E60A404}"
EndProject
Global
	GlobalSection(SolutionConfigurationPlatforms) = preSolution
		Ad-Hoc|Any CPU = Ad-Hoc|Any CPU
		Ad-Hoc|ARM = Ad-Hoc|ARM
		Ad-Hoc|iPhone = Ad-Hoc|iPhone
		Ad-Hoc|iPhoneSimulator = Ad-Hoc|iPhoneSimulator
		Ad-Hoc|x64 = Ad-Hoc|x64
		Ad-Hoc|x86 = Ad-Hoc|x86
		AppStore|Any CPU = AppStore|Any CPU
		AppStore|ARM = AppStore|ARM
		AppStore|iPhone = AppStore|iPhone
		AppStore|iPhoneSimulator = AppStore|iPhoneSimulator
		AppStore|x64 = AppStore|x64
		AppStore|x86 = AppStore|x86
		Debug|Any CPU = Debug|Any CPU
		Debug|ARM = Debug|ARM
		Debug|iPhone = Debug|iPhone
		Debug|iPhoneSimulator = Debug|iPhoneSimulator
		Debug|x64 = Debug|x64
		Debug|x86 = Debug|x86
		Release|Any CPU = Release|Any CPU
		Release|ARM = Release|ARM
		Release|iPhone = Release|iPhone
		Release|iPhoneSimulator = Release|iPhoneSimulator
		Release|x64 = Release|x64
		Release|x86 = Release|x86
	EndGlobalSection
	GlobalSection(ProjectConfigurationPlatforms) = postSolution
		{78CBD385-B7BC-4281-91DF-AFA92EFABC78}.Ad-Hoc|Any CPU.ActiveCfg = Release|Any CPU
		{78CBD385-B7BC-4281-91DF-AFA92EFABC78}.Ad-Hoc|Any CPU.Build.0 = Release|Any CPU
		{78CBD385-B7BC-4281-91DF-AFA92EFABC78}.Ad-Hoc|Any CPU.Deploy.0 = Release|Any CPU
		{78CBD385-B7BC-4281-91DF-AFA92EFABC78}.Ad-Hoc|ARM.ActiveCfg = Release|Any CPU
		{78CBD385-B7BC-4281-91DF-AFA92EFABC78}.Ad-Hoc|ARM.Build.0 = Release|Any CPU
		{78CBD385-B7BC-4281-91DF-AFA92EFABC78}.Ad-Hoc|ARM.Deploy.0 = Release|Any CPU
		{78CBD385-B7BC-4281-91DF-AFA92EFABC78}.Ad-Hoc|iPhone.ActiveCfg = Release|Any CPU
		{78CBD385-B7BC-4281-91DF-AFA92EFABC78}.Ad-Hoc|iPhone.Build.0 = Release|Any CPU
		{78CBD385-B7BC-4281-91DF-AFA92EFABC78}.Ad-Hoc|iPhone.Deploy.0 = Release|Any CPU
		{78CBD385-B7BC-4281-91DF-AFA92EFABC78}.Ad-Hoc|iPhoneSimulator.ActiveCfg = Release|Any CPU
		{78CBD385-B7BC-4281-91DF-AFA92EFABC78}.Ad-Hoc|iPhoneSimulator.Build.0 = Release|Any CPU
		{78CBD385-B7BC-4281-91DF-AFA92EFABC78}.Ad-Hoc|iPhoneSimulator.Deploy.0 = Release|Any CPU
		{78CBD385-B7BC-4281-91DF-AFA92EFABC78}.Ad-Hoc|x64.ActiveCfg = Release|Any CPU
		{78CBD385-B7BC-4281-91DF-AFA92EFABC78}.Ad-Hoc|x64.Build.0 = Release|Any CPU
		{78CBD385-B7BC-4281-91DF-AFA92EFABC78}.Ad-Hoc|x64.Deploy.0 = Release|Any CPU
		{78CBD385-B7BC-4281-91DF-AFA92EFABC78}.Ad-Hoc|x86.ActiveCfg = Release|Any CPU
		{78CBD385-B7BC-4281-91DF-AFA92EFABC78}.Ad-Hoc|x86.Build.0 = Release|Any CPU
		{78CBD385-B7BC-4281-91DF-AFA92EFABC78}.Ad-Hoc|x86.Deploy.0 = Release|Any CPU
		{78CBD385-B7BC-4281-91DF-AFA92EFABC78}.AppStore|Any CPU.ActiveCfg = Release|Any CPU
		{78CBD385-B7BC-4281-91DF-AFA92EFABC78}.AppStore|Any CPU.Build.0 = Release|Any CPU
		{78CBD385-B7BC-4281-91DF-AFA92EFABC78}.AppStore|Any CPU.Deploy.0 = Release|Any CPU
		{78CBD385-B7BC-4281-91DF-AFA92EFABC78}.AppStore|ARM.ActiveCfg = Release|Any CPU
		{78CBD385-B7BC-4281-91DF-AFA92EFABC78}.AppStore|ARM.Build.0 = Release|Any CPU
		{78CBD385-B7BC-4281-91DF-AFA92EFABC78}.AppStore|ARM.Deploy.0 = Release|Any CPU
		{78CBD385-B7BC-4281-91DF-AFA92EFABC78}.AppStore|iPhone.ActiveCfg = Release|Any CPU
		{78CBD385-B7BC-4281-91DF-AFA92EFABC78}.AppStore|iPhone.Build.0 = Release|Any CPU
		{78CBD385-B7BC-4281-91DF-AFA92EFABC78}.AppStore|iPhone.Deploy.0 = Release|Any CPU
		{78CBD385-B7BC-4281-91DF-AFA92EFABC78}.AppStore|iPhoneSimulator.ActiveCfg = Release|Any CPU
		{78CBD385-B7BC-4281-91DF-AFA92EFABC78}.AppStore|iPhoneSimulator.Build.0 = Release|Any CPU
		{78CBD385-B7BC-4281-91DF-AFA92EFABC78}.AppStore|iPhoneSimulator.Deploy.0 = Release|Any CPU
		{78CBD385-B7BC-4281-91DF-AFA92EFABC78}.AppStore|x64.ActiveCfg = Release|Any CPU
		{78CBD385-B7BC-4281-91DF-AFA92EFABC78}.AppStore|x64.Build.0 = Release|Any CPU
		{78CBD385-B7BC-4281-91DF-AFA92EFABC78}.AppStore|x64.Deploy.0 = Release|Any CPU
		{78CBD385-B7BC-4281-91DF-AFA92EFABC78}.AppStore|x86.ActiveCfg = Release|Any CPU
		{78CBD385-B7BC-4281-91DF-AFA92EFABC78}.AppStore|x86.Build.0 = Release|Any CPU
		{78CBD385-B7BC-4281-91DF-AFA92EFABC78}.AppStore|x86.Deploy.0 = Release|Any CPU
		{78CBD385-B7BC-4281-91DF-AFA92EFABC78}.Debug|Any CPU.ActiveCfg = Debug|Any CPU
		{78CBD385-B7BC-4281-91DF-AFA92EFABC78}.Debug|Any CPU.Build.0 = Debug|Any CPU
		{78CBD385-B7BC-4281-91DF-AFA92EFABC78}.Debug|Any CPU.Deploy.0 = Debug|Any CPU
		{78CBD385-B7BC-4281-91DF-AFA92EFABC78}.Debug|ARM.ActiveCfg = Debug|Any CPU
		{78CBD385-B7BC-4281-91DF-AFA92EFABC78}.Debug|ARM.Build.0 = Debug|Any CPU
		{78CBD385-B7BC-4281-91DF-AFA92EFABC78}.Debug|ARM.Deploy.0 = Debug|Any CPU
		{78CBD385-B7BC-4281-91DF-AFA92EFABC78}.Debug|iPhone.ActiveCfg = Debug|Any CPU
		{78CBD385-B7BC-4281-91DF-AFA92EFABC78}.Debug|iPhone.Build.0 = Debug|Any CPU
		{78CBD385-B7BC-4281-91DF-AFA92EFABC78}.Debug|iPhone.Deploy.0 = Debug|Any CPU
		{78CBD385-B7BC-4281-91DF-AFA92EFABC78}.Debug|iPhoneSimulator.ActiveCfg = Debug|Any CPU
		{78CBD385-B7BC-4281-91DF-AFA92EFABC78}.Debug|iPhoneSimulator.Build.0 = Debug|Any CPU
		{78CBD385-B7BC-4281-91DF-AFA92EFABC78}.Debug|iPhoneSimulator.Deploy.0 = Debug|Any CPU
		{78CBD385-B7BC-4281-91DF-AFA92EFABC78}.Debug|x64.ActiveCfg = Debug|Any CPU
		{78CBD385-B7BC-4281-91DF-AFA92EFABC78}.Debug|x64.Build.0 = Debug|Any CPU
		{78CBD385-B7BC-4281-91DF-AFA92EFABC78}.Debug|x64.Deploy.0 = Debug|Any CPU
		{78CBD385-B7BC-4281-91DF-AFA92EFABC78}.Debug|x86.ActiveCfg = Debug|Any CPU
		{78CBD385-B7BC-4281-91DF-AFA92EFABC78}.Debug|x86.Build.0 = Debug|Any CPU
		{78CBD385-B7BC-4281-91DF-AFA92EFABC78}.Debug|x86.Deploy.0 = Debug|Any CPU
		{78CBD385-B7BC-4281-91DF-AFA92EFABC78}.Release|Any CPU.ActiveCfg = Release|Any CPU
		{78CBD385-B7BC-4281-91DF-AFA92EFABC78}.Release|Any CPU.Build.0 = Release|Any CPU
		{78CBD385-B7BC-4281-91DF-AFA92EFABC78}.Release|Any CPU.Deploy.0 = Release|Any CPU
		{78CBD385-B7BC-4281-91DF-AFA92EFABC78}.Release|ARM.ActiveCfg = Release|Any CPU
		{78CBD385-B7BC-4281-91DF-AFA92EFABC78}.Release|ARM.Build.0 = Release|Any CPU
		{78CBD385-B7BC-4281-91DF-AFA92EFABC78}.Release|ARM.Deploy.0 = Release|Any CPU
		{78CBD385-B7BC-4281-91DF-AFA92EFABC78}.Release|iPhone.ActiveCfg = Release|Any CPU
		{78CBD385-B7BC-4281-91DF-AFA92EFABC78}.Release|iPhone.Build.0 = Release|Any CPU
		{78CBD385-B7BC-4281-91DF-AFA92EFABC78}.Release|iPhone.Deploy.0 = Release|Any CPU
		{78CBD385-B7BC-4281-91DF-AFA92EFABC78}.Release|iPhoneSimulator.ActiveCfg = Release|Any CPU
		{78CBD385-B7BC-4281-91DF-AFA92EFABC78}.Release|iPhoneSimulator.Build.0 = Release|Any CPU
		{78CBD385-B7BC-4281-91DF-AFA92EFABC78}.Release|iPhoneSimulator.Deploy.0 = Release|Any CPU
		{78CBD385-B7BC-4281-91DF-AFA92EFABC78}.Release|x64.ActiveCfg = Release|Any CPU
		{78CBD385-B7BC-4281-91DF-AFA92EFABC78}.Release|x64.Build.0 = Release|Any CPU
		{78CBD385-B7BC-4281-91DF-AFA92EFABC78}.Release|x64.Deploy.0 = Release|Any CPU
		{78CBD385-B7BC-4281-91DF-AFA92EFABC78}.Release|x86.ActiveCfg = Release|Any CPU
		{78CBD385-B7BC-4281-91DF-AFA92EFABC78}.Release|x86.Build.0 = Release|Any CPU
		{78CBD385-B7BC-4281-91DF-AFA92EFABC78}.Release|x86.Deploy.0 = Release|Any CPU
		{36198BC2-4BEA-4455-B623-E2DEC278E5D4}.Ad-Hoc|Any CPU.ActiveCfg = Ad-Hoc|iPhone
		{36198BC2-4BEA-4455-B623-E2DEC278E5D4}.Ad-Hoc|ARM.ActiveCfg = Ad-Hoc|iPhone
		{36198BC2-4BEA-4455-B623-E2DEC278E5D4}.Ad-Hoc|iPhone.ActiveCfg = Ad-Hoc|iPhone
		{36198BC2-4BEA-4455-B623-E2DEC278E5D4}.Ad-Hoc|iPhone.Build.0 = Ad-Hoc|iPhone
		{36198BC2-4BEA-4455-B623-E2DEC278E5D4}.Ad-Hoc|iPhoneSimulator.ActiveCfg = Ad-Hoc|iPhoneSimulator
		{36198BC2-4BEA-4455-B623-E2DEC278E5D4}.Ad-Hoc|iPhoneSimulator.Build.0 = Ad-Hoc|iPhoneSimulator
		{36198BC2-4BEA-4455-B623-E2DEC278E5D4}.Ad-Hoc|x64.ActiveCfg = Ad-Hoc|iPhone
		{36198BC2-4BEA-4455-B623-E2DEC278E5D4}.Ad-Hoc|x86.ActiveCfg = Ad-Hoc|iPhone
		{36198BC2-4BEA-4455-B623-E2DEC278E5D4}.AppStore|Any CPU.ActiveCfg = AppStore|iPhone
		{36198BC2-4BEA-4455-B623-E2DEC278E5D4}.AppStore|ARM.ActiveCfg = AppStore|iPhone
		{36198BC2-4BEA-4455-B623-E2DEC278E5D4}.AppStore|iPhone.ActiveCfg = AppStore|iPhone
		{36198BC2-4BEA-4455-B623-E2DEC278E5D4}.AppStore|iPhone.Build.0 = AppStore|iPhone
		{36198BC2-4BEA-4455-B623-E2DEC278E5D4}.AppStore|iPhoneSimulator.ActiveCfg = AppStore|iPhoneSimulator
		{36198BC2-4BEA-4455-B623-E2DEC278E5D4}.AppStore|iPhoneSimulator.Build.0 = AppStore|iPhoneSimulator
		{36198BC2-4BEA-4455-B623-E2DEC278E5D4}.AppStore|x64.ActiveCfg = AppStore|iPhone
		{36198BC2-4BEA-4455-B623-E2DEC278E5D4}.AppStore|x86.ActiveCfg = AppStore|iPhone
		{36198BC2-4BEA-4455-B623-E2DEC278E5D4}.Debug|Any CPU.ActiveCfg = Debug|iPhone
		{36198BC2-4BEA-4455-B623-E2DEC278E5D4}.Debug|ARM.ActiveCfg = Debug|iPhone
		{36198BC2-4BEA-4455-B623-E2DEC278E5D4}.Debug|iPhone.ActiveCfg = Debug|iPhone
		{36198BC2-4BEA-4455-B623-E2DEC278E5D4}.Debug|iPhone.Build.0 = Debug|iPhone
		{36198BC2-4BEA-4455-B623-E2DEC278E5D4}.Debug|iPhoneSimulator.ActiveCfg = Debug|iPhoneSimulator
		{36198BC2-4BEA-4455-B623-E2DEC278E5D4}.Debug|iPhoneSimulator.Build.0 = Debug|iPhoneSimulator
		{36198BC2-4BEA-4455-B623-E2DEC278E5D4}.Debug|x64.ActiveCfg = Debug|iPhone
		{36198BC2-4BEA-4455-B623-E2DEC278E5D4}.Debug|x86.ActiveCfg = Debug|iPhone
		{36198BC2-4BEA-4455-B623-E2DEC278E5D4}.Release|Any CPU.ActiveCfg = Release|iPhone
		{36198BC2-4BEA-4455-B623-E2DEC278E5D4}.Release|ARM.ActiveCfg = Release|iPhone
		{36198BC2-4BEA-4455-B623-E2DEC278E5D4}.Release|iPhone.ActiveCfg = Release|iPhone
		{36198BC2-4BEA-4455-B623-E2DEC278E5D4}.Release|iPhone.Build.0 = Release|iPhone
		{36198BC2-4BEA-4455-B623-E2DEC278E5D4}.Release|iPhoneSimulator.ActiveCfg = Release|iPhoneSimulator
		{36198BC2-4BEA-4455-B623-E2DEC278E5D4}.Release|iPhoneSimulator.Build.0 = Release|iPhoneSimulator
		{36198BC2-4BEA-4455-B623-E2DEC278E5D4}.Release|x64.ActiveCfg = Release|iPhone
		{36198BC2-4BEA-4455-B623-E2DEC278E5D4}.Release|x86.ActiveCfg = Release|iPhone
		{81510715-A2B2-4C45-ACED-B83E7D1A5503}.Ad-Hoc|Any CPU.ActiveCfg = Release|Any CPU
		{81510715-A2B2-4C45-ACED-B83E7D1A5503}.Ad-Hoc|Any CPU.Build.0 = Release|Any CPU
		{81510715-A2B2-4C45-ACED-B83E7D1A5503}.Ad-Hoc|Any CPU.Deploy.0 = Release|Any CPU
		{81510715-A2B2-4C45-ACED-B83E7D1A5503}.Ad-Hoc|ARM.ActiveCfg = Release|ARM
		{81510715-A2B2-4C45-ACED-B83E7D1A5503}.Ad-Hoc|ARM.Build.0 = Release|ARM
		{81510715-A2B2-4C45-ACED-B83E7D1A5503}.Ad-Hoc|ARM.Deploy.0 = Release|ARM
		{81510715-A2B2-4C45-ACED-B83E7D1A5503}.Ad-Hoc|iPhone.ActiveCfg = Release|Any CPU
		{81510715-A2B2-4C45-ACED-B83E7D1A5503}.Ad-Hoc|iPhone.Build.0 = Release|Any CPU
		{81510715-A2B2-4C45-ACED-B83E7D1A5503}.Ad-Hoc|iPhone.Deploy.0 = Release|Any CPU
		{81510715-A2B2-4C45-ACED-B83E7D1A5503}.Ad-Hoc|iPhoneSimulator.ActiveCfg = Release|Any CPU
		{81510715-A2B2-4C45-ACED-B83E7D1A5503}.Ad-Hoc|iPhoneSimulator.Build.0 = Release|Any CPU
		{81510715-A2B2-4C45-ACED-B83E7D1A5503}.Ad-Hoc|iPhoneSimulator.Deploy.0 = Release|Any CPU
		{81510715-A2B2-4C45-ACED-B83E7D1A5503}.Ad-Hoc|x64.ActiveCfg = Release|Any CPU
		{81510715-A2B2-4C45-ACED-B83E7D1A5503}.Ad-Hoc|x64.Build.0 = Release|Any CPU
		{81510715-A2B2-4C45-ACED-B83E7D1A5503}.Ad-Hoc|x64.Deploy.0 = Release|Any CPU
		{81510715-A2B2-4C45-ACED-B83E7D1A5503}.Ad-Hoc|x86.ActiveCfg = Release|x86
		{81510715-A2B2-4C45-ACED-B83E7D1A5503}.Ad-Hoc|x86.Build.0 = Release|x86
		{81510715-A2B2-4C45-ACED-B83E7D1A5503}.Ad-Hoc|x86.Deploy.0 = Release|x86
		{81510715-A2B2-4C45-ACED-B83E7D1A5503}.AppStore|Any CPU.ActiveCfg = Release|Any CPU
		{81510715-A2B2-4C45-ACED-B83E7D1A5503}.AppStore|Any CPU.Build.0 = Release|Any CPU
		{81510715-A2B2-4C45-ACED-B83E7D1A5503}.AppStore|Any CPU.Deploy.0 = Release|Any CPU
		{81510715-A2B2-4C45-ACED-B83E7D1A5503}.AppStore|ARM.ActiveCfg = Release|ARM
		{81510715-A2B2-4C45-ACED-B83E7D1A5503}.AppStore|ARM.Build.0 = Release|ARM
		{81510715-A2B2-4C45-ACED-B83E7D1A5503}.AppStore|ARM.Deploy.0 = Release|ARM
		{81510715-A2B2-4C45-ACED-B83E7D1A5503}.AppStore|iPhone.ActiveCfg = Release|Any CPU
		{81510715-A2B2-4C45-ACED-B83E7D1A5503}.AppStore|iPhone.Build.0 = Release|Any CPU
		{81510715-A2B2-4C45-ACED-B83E7D1A5503}.AppStore|iPhone.Deploy.0 = Release|Any CPU
		{81510715-A2B2-4C45-ACED-B83E7D1A5503}.AppStore|iPhoneSimulator.ActiveCfg = Release|Any CPU
		{81510715-A2B2-4C45-ACED-B83E7D1A5503}.AppStore|iPhoneSimulator.Build.0 = Release|Any CPU
		{81510715-A2B2-4C45-ACED-B83E7D1A5503}.AppStore|iPhoneSimulator.Deploy.0 = Release|Any CPU
		{81510715-A2B2-4C45-ACED-B83E7D1A5503}.AppStore|x64.ActiveCfg = Release|Any CPU
		{81510715-A2B2-4C45-ACED-B83E7D1A5503}.AppStore|x64.Build.0 = Release|Any CPU
		{81510715-A2B2-4C45-ACED-B83E7D1A5503}.AppStore|x64.Deploy.0 = Release|Any CPU
		{81510715-A2B2-4C45-ACED-B83E7D1A5503}.AppStore|x86.ActiveCfg = Release|x86
		{81510715-A2B2-4C45-ACED-B83E7D1A5503}.AppStore|x86.Build.0 = Release|x86
		{81510715-A2B2-4C45-ACED-B83E7D1A5503}.AppStore|x86.Deploy.0 = Release|x86
		{81510715-A2B2-4C45-ACED-B83E7D1A5503}.Debug|Any CPU.ActiveCfg = Debug|Any CPU
		{81510715-A2B2-4C45-ACED-B83E7D1A5503}.Debug|Any CPU.Build.0 = Debug|Any CPU
		{81510715-A2B2-4C45-ACED-B83E7D1A5503}.Debug|Any CPU.Deploy.0 = Debug|Any CPU
		{81510715-A2B2-4C45-ACED-B83E7D1A5503}.Debug|ARM.ActiveCfg = Debug|ARM
		{81510715-A2B2-4C45-ACED-B83E7D1A5503}.Debug|ARM.Build.0 = Debug|ARM
		{81510715-A2B2-4C45-ACED-B83E7D1A5503}.Debug|ARM.Deploy.0 = Debug|ARM
		{81510715-A2B2-4C45-ACED-B83E7D1A5503}.Debug|iPhone.ActiveCfg = Debug|Any CPU
		{81510715-A2B2-4C45-ACED-B83E7D1A5503}.Debug|iPhone.Build.0 = Debug|Any CPU
		{81510715-A2B2-4C45-ACED-B83E7D1A5503}.Debug|iPhone.Deploy.0 = Debug|Any CPU
		{81510715-A2B2-4C45-ACED-B83E7D1A5503}.Debug|iPhoneSimulator.ActiveCfg = Debug|Any CPU
		{81510715-A2B2-4C45-ACED-B83E7D1A5503}.Debug|iPhoneSimulator.Build.0 = Debug|Any CPU
		{81510715-A2B2-4C45-ACED-B83E7D1A5503}.Debug|iPhoneSimulator.Deploy.0 = Debug|Any CPU
		{81510715-A2B2-4C45-ACED-B83E7D1A5503}.Debug|x64.ActiveCfg = Debug|Any CPU
		{81510715-A2B2-4C45-ACED-B83E7D1A5503}.Debug|x64.Build.0 = Debug|Any CPU
		{81510715-A2B2-4C45-ACED-B83E7D1A5503}.Debug|x64.Deploy.0 = Debug|Any CPU
		{81510715-A2B2-4C45-ACED-B83E7D1A5503}.Debug|x86.ActiveCfg = Debug|x86
		{81510715-A2B2-4C45-ACED-B83E7D1A5503}.Debug|x86.Build.0 = Debug|x86
		{81510715-A2B2-4C45-ACED-B83E7D1A5503}.Debug|x86.Deploy.0 = Debug|x86
		{81510715-A2B2-4C45-ACED-B83E7D1A5503}.Release|Any CPU.ActiveCfg = Release|Any CPU
		{81510715-A2B2-4C45-ACED-B83E7D1A5503}.Release|Any CPU.Build.0 = Release|Any CPU
		{81510715-A2B2-4C45-ACED-B83E7D1A5503}.Release|Any CPU.Deploy.0 = Release|Any CPU
		{81510715-A2B2-4C45-ACED-B83E7D1A5503}.Release|ARM.ActiveCfg = Release|ARM
		{81510715-A2B2-4C45-ACED-B83E7D1A5503}.Release|ARM.Build.0 = Release|ARM
		{81510715-A2B2-4C45-ACED-B83E7D1A5503}.Release|ARM.Deploy.0 = Release|ARM
		{81510715-A2B2-4C45-ACED-B83E7D1A5503}.Release|iPhone.ActiveCfg = Release|Any CPU
		{81510715-A2B2-4C45-ACED-B83E7D1A5503}.Release|iPhone.Build.0 = Release|Any CPU
		{81510715-A2B2-4C45-ACED-B83E7D1A5503}.Release|iPhone.Deploy.0 = Release|Any CPU
		{81510715-A2B2-4C45-ACED-B83E7D1A5503}.Release|iPhoneSimulator.ActiveCfg = Release|Any CPU
		{81510715-A2B2-4C45-ACED-B83E7D1A5503}.Release|iPhoneSimulator.Build.0 = Release|Any CPU
		{81510715-A2B2-4C45-ACED-B83E7D1A5503}.Release|iPhoneSimulator.Deploy.0 = Release|Any CPU
		{81510715-A2B2-4C45-ACED-B83E7D1A5503}.Release|x64.ActiveCfg = Release|Any CPU
		{81510715-A2B2-4C45-ACED-B83E7D1A5503}.Release|x64.Build.0 = Release|Any CPU
		{81510715-A2B2-4C45-ACED-B83E7D1A5503}.Release|x64.Deploy.0 = Release|Any CPU
		{81510715-A2B2-4C45-ACED-B83E7D1A5503}.Release|x86.ActiveCfg = Release|x86
		{81510715-A2B2-4C45-ACED-B83E7D1A5503}.Release|x86.Build.0 = Release|x86
		{81510715-A2B2-4C45-ACED-B83E7D1A5503}.Release|x86.Deploy.0 = Release|x86
		{DE1925A6-BEAD-4A2F-A5DC-B10BC47D383E}.Ad-Hoc|Any CPU.ActiveCfg = Release|Any CPU
		{DE1925A6-BEAD-4A2F-A5DC-B10BC47D383E}.Ad-Hoc|Any CPU.Build.0 = Release|Any CPU
		{DE1925A6-BEAD-4A2F-A5DC-B10BC47D383E}.Ad-Hoc|Any CPU.Deploy.0 = Release|Any CPU
		{DE1925A6-BEAD-4A2F-A5DC-B10BC47D383E}.Ad-Hoc|ARM.ActiveCfg = Release|ARM
		{DE1925A6-BEAD-4A2F-A5DC-B10BC47D383E}.Ad-Hoc|ARM.Build.0 = Release|ARM
		{DE1925A6-BEAD-4A2F-A5DC-B10BC47D383E}.Ad-Hoc|ARM.Deploy.0 = Release|ARM
		{DE1925A6-BEAD-4A2F-A5DC-B10BC47D383E}.Ad-Hoc|iPhone.ActiveCfg = Release|Any CPU
		{DE1925A6-BEAD-4A2F-A5DC-B10BC47D383E}.Ad-Hoc|iPhone.Build.0 = Release|Any CPU
		{DE1925A6-BEAD-4A2F-A5DC-B10BC47D383E}.Ad-Hoc|iPhone.Deploy.0 = Release|Any CPU
		{DE1925A6-BEAD-4A2F-A5DC-B10BC47D383E}.Ad-Hoc|iPhoneSimulator.ActiveCfg = Release|Any CPU
		{DE1925A6-BEAD-4A2F-A5DC-B10BC47D383E}.Ad-Hoc|iPhoneSimulator.Build.0 = Release|Any CPU
		{DE1925A6-BEAD-4A2F-A5DC-B10BC47D383E}.Ad-Hoc|iPhoneSimulator.Deploy.0 = Release|Any CPU
		{DE1925A6-BEAD-4A2F-A5DC-B10BC47D383E}.Ad-Hoc|x64.ActiveCfg = Release|x64
		{DE1925A6-BEAD-4A2F-A5DC-B10BC47D383E}.Ad-Hoc|x64.Build.0 = Release|x64
		{DE1925A6-BEAD-4A2F-A5DC-B10BC47D383E}.Ad-Hoc|x64.Deploy.0 = Release|x64
		{DE1925A6-BEAD-4A2F-A5DC-B10BC47D383E}.Ad-Hoc|x86.ActiveCfg = Release|x86
		{DE1925A6-BEAD-4A2F-A5DC-B10BC47D383E}.Ad-Hoc|x86.Build.0 = Release|x86
		{DE1925A6-BEAD-4A2F-A5DC-B10BC47D383E}.Ad-Hoc|x86.Deploy.0 = Release|x86
		{DE1925A6-BEAD-4A2F-A5DC-B10BC47D383E}.AppStore|Any CPU.ActiveCfg = Release|Any CPU
		{DE1925A6-BEAD-4A2F-A5DC-B10BC47D383E}.AppStore|Any CPU.Build.0 = Release|Any CPU
		{DE1925A6-BEAD-4A2F-A5DC-B10BC47D383E}.AppStore|Any CPU.Deploy.0 = Release|Any CPU
		{DE1925A6-BEAD-4A2F-A5DC-B10BC47D383E}.AppStore|ARM.ActiveCfg = Release|ARM
		{DE1925A6-BEAD-4A2F-A5DC-B10BC47D383E}.AppStore|ARM.Build.0 = Release|ARM
		{DE1925A6-BEAD-4A2F-A5DC-B10BC47D383E}.AppStore|ARM.Deploy.0 = Release|ARM
		{DE1925A6-BEAD-4A2F-A5DC-B10BC47D383E}.AppStore|iPhone.ActiveCfg = Release|Any CPU
		{DE1925A6-BEAD-4A2F-A5DC-B10BC47D383E}.AppStore|iPhone.Build.0 = Release|Any CPU
		{DE1925A6-BEAD-4A2F-A5DC-B10BC47D383E}.AppStore|iPhone.Deploy.0 = Release|Any CPU
		{DE1925A6-BEAD-4A2F-A5DC-B10BC47D383E}.AppStore|iPhoneSimulator.ActiveCfg = Release|Any CPU
		{DE1925A6-BEAD-4A2F-A5DC-B10BC47D383E}.AppStore|iPhoneSimulator.Build.0 = Release|Any CPU
		{DE1925A6-BEAD-4A2F-A5DC-B10BC47D383E}.AppStore|iPhoneSimulator.Deploy.0 = Release|Any CPU
		{DE1925A6-BEAD-4A2F-A5DC-B10BC47D383E}.AppStore|x64.ActiveCfg = Release|x64
		{DE1925A6-BEAD-4A2F-A5DC-B10BC47D383E}.AppStore|x64.Build.0 = Release|x64
		{DE1925A6-BEAD-4A2F-A5DC-B10BC47D383E}.AppStore|x64.Deploy.0 = Release|x64
		{DE1925A6-BEAD-4A2F-A5DC-B10BC47D383E}.AppStore|x86.ActiveCfg = Release|x86
		{DE1925A6-BEAD-4A2F-A5DC-B10BC47D383E}.AppStore|x86.Build.0 = Release|x86
		{DE1925A6-BEAD-4A2F-A5DC-B10BC47D383E}.AppStore|x86.Deploy.0 = Release|x86
		{DE1925A6-BEAD-4A2F-A5DC-B10BC47D383E}.Debug|Any CPU.ActiveCfg = Debug|Any CPU
		{DE1925A6-BEAD-4A2F-A5DC-B10BC47D383E}.Debug|Any CPU.Build.0 = Debug|Any CPU
		{DE1925A6-BEAD-4A2F-A5DC-B10BC47D383E}.Debug|Any CPU.Deploy.0 = Debug|Any CPU
		{DE1925A6-BEAD-4A2F-A5DC-B10BC47D383E}.Debug|ARM.ActiveCfg = Debug|ARM
		{DE1925A6-BEAD-4A2F-A5DC-B10BC47D383E}.Debug|ARM.Build.0 = Debug|ARM
		{DE1925A6-BEAD-4A2F-A5DC-B10BC47D383E}.Debug|ARM.Deploy.0 = Debug|ARM
		{DE1925A6-BEAD-4A2F-A5DC-B10BC47D383E}.Debug|iPhone.ActiveCfg = Debug|Any CPU
		{DE1925A6-BEAD-4A2F-A5DC-B10BC47D383E}.Debug|iPhone.Build.0 = Debug|Any CPU
		{DE1925A6-BEAD-4A2F-A5DC-B10BC47D383E}.Debug|iPhone.Deploy.0 = Debug|Any CPU
		{DE1925A6-BEAD-4A2F-A5DC-B10BC47D383E}.Debug|iPhoneSimulator.ActiveCfg = Debug|Any CPU
		{DE1925A6-BEAD-4A2F-A5DC-B10BC47D383E}.Debug|iPhoneSimulator.Build.0 = Debug|Any CPU
		{DE1925A6-BEAD-4A2F-A5DC-B10BC47D383E}.Debug|iPhoneSimulator.Deploy.0 = Debug|Any CPU
		{DE1925A6-BEAD-4A2F-A5DC-B10BC47D383E}.Debug|x64.ActiveCfg = Debug|x64
		{DE1925A6-BEAD-4A2F-A5DC-B10BC47D383E}.Debug|x64.Build.0 = Debug|x64
		{DE1925A6-BEAD-4A2F-A5DC-B10BC47D383E}.Debug|x64.Deploy.0 = Debug|x64
		{DE1925A6-BEAD-4A2F-A5DC-B10BC47D383E}.Debug|x86.ActiveCfg = Debug|x86
		{DE1925A6-BEAD-4A2F-A5DC-B10BC47D383E}.Debug|x86.Build.0 = Debug|x86
		{DE1925A6-BEAD-4A2F-A5DC-B10BC47D383E}.Debug|x86.Deploy.0 = Debug|x86
		{DE1925A6-BEAD-4A2F-A5DC-B10BC47D383E}.Release|Any CPU.ActiveCfg = Release|Any CPU
		{DE1925A6-BEAD-4A2F-A5DC-B10BC47D383E}.Release|Any CPU.Build.0 = Release|Any CPU
		{DE1925A6-BEAD-4A2F-A5DC-B10BC47D383E}.Release|Any CPU.Deploy.0 = Release|Any CPU
		{DE1925A6-BEAD-4A2F-A5DC-B10BC47D383E}.Release|ARM.ActiveCfg = Release|ARM
		{DE1925A6-BEAD-4A2F-A5DC-B10BC47D383E}.Release|ARM.Build.0 = Release|ARM
		{DE1925A6-BEAD-4A2F-A5DC-B10BC47D383E}.Release|ARM.Deploy.0 = Release|ARM
		{DE1925A6-BEAD-4A2F-A5DC-B10BC47D383E}.Release|iPhone.ActiveCfg = Release|Any CPU
		{DE1925A6-BEAD-4A2F-A5DC-B10BC47D383E}.Release|iPhone.Build.0 = Release|Any CPU
		{DE1925A6-BEAD-4A2F-A5DC-B10BC47D383E}.Release|iPhone.Deploy.0 = Release|Any CPU
		{DE1925A6-BEAD-4A2F-A5DC-B10BC47D383E}.Release|iPhoneSimulator.ActiveCfg = Release|Any CPU
		{DE1925A6-BEAD-4A2F-A5DC-B10BC47D383E}.Release|iPhoneSimulator.Build.0 = Release|Any CPU
		{DE1925A6-BEAD-4A2F-A5DC-B10BC47D383E}.Release|iPhoneSimulator.Deploy.0 = Release|Any CPU
		{DE1925A6-BEAD-4A2F-A5DC-B10BC47D383E}.Release|x64.ActiveCfg = Release|x64
		{DE1925A6-BEAD-4A2F-A5DC-B10BC47D383E}.Release|x64.Build.0 = Release|x64
		{DE1925A6-BEAD-4A2F-A5DC-B10BC47D383E}.Release|x64.Deploy.0 = Release|x64
		{DE1925A6-BEAD-4A2F-A5DC-B10BC47D383E}.Release|x86.ActiveCfg = Release|x86
		{DE1925A6-BEAD-4A2F-A5DC-B10BC47D383E}.Release|x86.Build.0 = Release|x86
		{DE1925A6-BEAD-4A2F-A5DC-B10BC47D383E}.Release|x86.Deploy.0 = Release|x86
		{8480CB88-F10D-484A-932D-EB1B2E60A404}.Ad-Hoc|Any CPU.ActiveCfg = Release|Any CPU
		{8480CB88-F10D-484A-932D-EB1B2E60A404}.Ad-Hoc|Any CPU.Build.0 = Release|Any CPU
		{8480CB88-F10D-484A-932D-EB1B2E60A404}.Ad-Hoc|ARM.ActiveCfg = Release|Any CPU
		{8480CB88-F10D-484A-932D-EB1B2E60A404}.Ad-Hoc|ARM.Build.0 = Release|Any CPU
		{8480CB88-F10D-484A-932D-EB1B2E60A404}.Ad-Hoc|iPhone.ActiveCfg = Release|Any CPU
		{8480CB88-F10D-484A-932D-EB1B2E60A404}.Ad-Hoc|iPhone.Build.0 = Release|Any CPU
		{8480CB88-F10D-484A-932D-EB1B2E60A404}.Ad-Hoc|iPhoneSimulator.ActiveCfg = Release|Any CPU
		{8480CB88-F10D-484A-932D-EB1B2E60A404}.Ad-Hoc|iPhoneSimulator.Build.0 = Release|Any CPU
		{8480CB88-F10D-484A-932D-EB1B2E60A404}.Ad-Hoc|x64.ActiveCfg = Release|Any CPU
		{8480CB88-F10D-484A-932D-EB1B2E60A404}.Ad-Hoc|x64.Build.0 = Release|Any CPU
		{8480CB88-F10D-484A-932D-EB1B2E60A404}.Ad-Hoc|x86.ActiveCfg = Release|Any CPU
		{8480CB88-F10D-484A-932D-EB1B2E60A404}.Ad-Hoc|x86.Build.0 = Release|Any CPU
		{8480CB88-F10D-484A-932D-EB1B2E60A404}.AppStore|Any CPU.ActiveCfg = Release|Any CPU
		{8480CB88-F10D-484A-932D-EB1B2E60A404}.AppStore|Any CPU.Build.0 = Release|Any CPU
		{8480CB88-F10D-484A-932D-EB1B2E60A404}.AppStore|ARM.ActiveCfg = Release|Any CPU
		{8480CB88-F10D-484A-932D-EB1B2E60A404}.AppStore|ARM.Build.0 = Release|Any CPU
		{8480CB88-F10D-484A-932D-EB1B2E60A404}.AppStore|iPhone.ActiveCfg = Release|Any CPU
		{8480CB88-F10D-484A-932D-EB1B2E60A404}.AppStore|iPhone.Build.0 = Release|Any CPU
		{8480CB88-F10D-484A-932D-EB1B2E60A404}.AppStore|iPhoneSimulator.ActiveCfg = Release|Any CPU
		{8480CB88-F10D-484A-932D-EB1B2E60A404}.AppStore|iPhoneSimulator.Build.0 = Release|Any CPU
		{8480CB88-F10D-484A-932D-EB1B2E60A404}.AppStore|x64.ActiveCfg = Release|Any CPU
		{8480CB88-F10D-484A-932D-EB1B2E60A404}.AppStore|x64.Build.0 = Release|Any CPU
		{8480CB88-F10D-484A-932D-EB1B2E60A404}.AppStore|x86.ActiveCfg = Release|Any CPU
		{8480CB88-F10D-484A-932D-EB1B2E60A404}.AppStore|x86.Build.0 = Release|Any CPU
		{8480CB88-F10D-484A-932D-EB1B2E60A404}.Debug|Any CPU.ActiveCfg = Debug|Any CPU
		{8480CB88-F10D-484A-932D-EB1B2E60A404}.Debug|Any CPU.Build.0 = Debug|Any CPU
		{8480CB88-F10D-484A-932D-EB1B2E60A404}.Debug|ARM.ActiveCfg = Debug|Any CPU
		{8480CB88-F10D-484A-932D-EB1B2E60A404}.Debug|ARM.Build.0 = Debug|Any CPU
		{8480CB88-F10D-484A-932D-EB1B2E60A404}.Debug|iPhone.ActiveCfg = Debug|Any CPU
		{8480CB88-F10D-484A-932D-EB1B2E60A404}.Debug|iPhone.Build.0 = Debug|Any CPU
		{8480CB88-F10D-484A-932D-EB1B2E60A404}.Debug|iPhoneSimulator.ActiveCfg = Debug|Any CPU
		{8480CB88-F10D-484A-932D-EB1B2E60A404}.Debug|iPhoneSimulator.Build.0 = Debug|Any CPU
		{8480CB88-F10D-484A-932D-EB1B2E60A404}.Debug|x64.ActiveCfg = Debug|Any CPU
		{8480CB88-F10D-484A-932D-EB1B2E60A404}.Debug|x64.Build.0 = Debug|Any CPU
		{8480CB88-F10D-484A-932D-EB1B2E60A404}.Debug|x86.ActiveCfg = Debug|Any CPU
		{8480CB88-F10D-484A-932D-EB1B2E60A404}.Debug|x86.Build.0 = Debug|Any CPU
		{8480CB88-F10D-484A-932D-EB1B2E60A404}.Release|Any CPU.ActiveCfg = Release|Any CPU
		{8480CB88-F10D-484A-932D-EB1B2E60A404}.Release|Any CPU.Build.0 = Release|Any CPU
		{8480CB88-F10D-484A-932D-EB1B2E60A404}.Release|ARM.ActiveCfg = Release|Any CPU
		{8480CB88-F10D-484A-932D-EB1B2E60A404}.Release|ARM.Build.0 = Release|Any CPU
		{8480CB88-F10D-484A-932D-EB1B2E60A404}.Release|iPhone.ActiveCfg = Release|Any CPU
		{8480CB88-F10D-484A-932D-EB1B2E60A404}.Release|iPhone.Build.0 = Release|Any CPU
		{8480CB88-F10D-484A-932D-EB1B2E60A404}.Release|iPhoneSimulator.ActiveCfg = Release|Any CPU
		{8480CB88-F10D-484A-932D-EB1B2E60A404}.Release|iPhoneSimulator.Build.0 = Release|Any CPU
		{8480CB88-F10D-484A-932D-EB1B2E60A404}.Release|x64.ActiveCfg = Release|Any CPU
		{8480CB88-F10D-484A-932D-EB1B2E60A404}.Release|x64.Build.0 = Release|Any CPU
		{8480CB88-F10D-484A-932D-EB1B2E60A404}.Release|x86.ActiveCfg = Release|Any CPU
		{8480CB88-F10D-484A-932D-EB1B2E60A404}.Release|x86.Build.0 = Release|Any CPU
	EndGlobalSection
	GlobalSection(SolutionProperties) = preSolution
		HideSolutionNode = FALSE
	EndGlobalSection
EndGlobal
